{
  "version": 4,
  "terraform_version": "0.15.3",
  "serial": 85,
  "lineage": "7df9f09b-a75c-4aa6-4def-b945c6c2d6ab",
  "outputs": {
    "endpoint": {
      "value": "https://EEFC35FC2AE00C0B9047227815E978A8.gr7.ap-southeast-2.eks.amazonaws.com",
      "type": "string"
    },
    "kubeconfig-certificate-authority-data": {
      "value": "LS0tLS1CRUdJTiBDRVJUSUZJQ0FURS0tLS0tCk1JSUM1ekNDQWMrZ0F3SUJBZ0lCQURBTkJna3Foa2lHOXcwQkFRc0ZBREFWTVJNd0VRWURWUVFERXdwcmRXSmwKY201bGRHVnpNQjRYRFRJeE1EVXlOekl5TVRreU1Gb1hEVE14TURVeU5USXlNVGt5TUZvd0ZURVRNQkVHQTFVRQpBeE1LYTNWaVpYSnVaWFJsY3pDQ0FTSXdEUVlKS29aSWh2Y05BUUVCQlFBRGdnRVBBRENDQVFvQ2dnRUJBT1lXCk8wYllQZUNoYlhNUVd5S2VZajkzV244OFh6aS9KeldSUC9uelVSVjlLc1ptVnRJUCtFR0NwUTRyMjcySUo5UkcKc3BEQjd1N0lWUEtZNndHdnNpc3FINWprVlF0aVk3eFdwSFVybERVZHNEMXJzcVlzQ0djSnJjek10NGZtdVdUbwpjWUFKOXpXNWZMdnJBYTZubTRMdncrZWluWk90cHNzUG5kVzhNRFVZODdLTjQvS1lOVm9zdWxCRHd1SlJpMiswCktud0xWSXdVMzF3OWhCMElEOGk4a2pqVW54M2tYS3JmL0tnRTVXbzhXM21IQWIvUndLdmpnUmViVXRzUHNCc24KdEE3K0NwNEdJcDdpT3ExWDZkU2FXbXFwOFdFbS9TMUtaaXdrb2t5a1lKNVVlU3hqQnIwWFEzZmhoM1N6S29oRgpoMUpKenNobDFvNFkydExaOTcwQ0F3RUFBYU5DTUVBd0RnWURWUjBQQVFIL0JBUURBZ0trTUE4R0ExVWRFd0VCCi93UUZNQU1CQWY4d0hRWURWUjBPQkJZRUZGeVRjMDZxS2k3WG5aNlpuWWVWVHpTQkI5cnNNQTBHQ1NxR1NJYjMKRFFFQkN3VUFBNElCQVFCc256clp2YnV5VFZtczFFNm16SFpLaFlONkhKTS9adXllL0FGcGF4SGtXZ3Y0VHV2egpNajdwYU1MdDJjelNXY0VmZEVMWk8wNVJTbUNSbXZDUnRabldyWjhKSzROU3Q0Y21VcVUxeEltOWU1aTh0ZWVrCk0vbkUxME91ei9kSktPUEFucTh3VkxTcmRRbWk1RGQyK1lTcituZTlRRHRVUTlzcS8vckVmVXBLdFBmS0ptSWoKQVNqbXhCdGFPdDhlZG1sYTdMcFdqUHNhL3h1ajhXT1M0Uy9ROGY1ZE51UlM0YVNtcmdXbXlwYXdaOUZ3UzlhMgo3ZEs4SC9QdENNVDVwdUJsS1ZlcXc1ejZzTktmbzY3NmtLQ3lDUXEvMUJQb00wb2JWOUEyNnRxVXZ4SnZzRGVaCjU2ZW9ZMWNmV2h4amlVcmhuU1kvVm5tdFFITHk5dTJHTzQ4bwotLS0tLUVORCBDRVJUSUZJQ0FURS0tLS0tCg==",
      "type": "string"
    }
  },
  "resources": [
    {
      "mode": "data",
      "type": "aws_availability_zones",
      "name": "available",
      "provider": "provider[\"registry.terraform.io/hashicorp/aws\"]",
      "instances": [
        {
          "schema_version": 0,
          "attributes": {
            "all_availability_zones": null,
            "exclude_names": null,
            "exclude_zone_ids": null,
            "filter": null,
            "group_names": [
              "ap-southeast-2"
            ],
            "id": "ap-southeast-2",
            "names": [
              "ap-southeast-2a",
              "ap-southeast-2b",
              "ap-southeast-2c"
            ],
            "state": null,
            "zone_ids": [
              "apse2-az1",
              "apse2-az3",
              "apse2-az2"
            ]
          },
          "sensitive_attributes": []
        }
      ]
    },
    {
      "mode": "data",
      "type": "aws_iam_policy_document",
      "name": "elk_assume_role_policy",
      "provider": "provider[\"registry.terraform.io/hashicorp/aws\"]",
      "instances": [
        {
          "schema_version": 0,
          "attributes": {
            "id": "1530583706",
            "json": "{\n  \"Version\": \"2012-10-17\",\n  \"Statement\": [\n    {\n      \"Sid\": \"\",\n      \"Effect\": \"Allow\",\n      \"Action\": \"sts:AssumeRoleWithWebIdentity\",\n      \"Principal\": {\n        \"Federated\": \"arn:aws:iam::115136697128:oidc-provider/oidc.eks.ap-southeast-2.amazonaws.com/id/EEFC35FC2AE00C0B9047227815E978A8\"\n      },\n      \"Condition\": {\n        \"StringEquals\": {\n          \"oidc.eks.ap-southeast-2.amazonaws.com/id/EEFC35FC2AE00C0B9047227815E978A8:sub\": [\n            \"system:serviceaccount:kube-system:aws-node\"\n          ]\n        }\n      }\n    }\n  ]\n}",
            "override_json": null,
            "override_policy_documents": null,
            "policy_id": null,
            "source_json": null,
            "source_policy_documents": null,
            "statement": [
              {
                "actions": [
                  "sts:AssumeRoleWithWebIdentity"
                ],
                "condition": [
                  {
                    "test": "StringEquals",
                    "values": [
                      "system:serviceaccount:kube-system:aws-node"
                    ],
                    "variable": "oidc.eks.ap-southeast-2.amazonaws.com/id/EEFC35FC2AE00C0B9047227815E978A8:sub"
                  }
                ],
                "effect": "Allow",
                "not_actions": [],
                "not_principals": [],
                "not_resources": [],
                "principals": [
                  {
                    "identifiers": [
                      "arn:aws:iam::115136697128:oidc-provider/oidc.eks.ap-southeast-2.amazonaws.com/id/EEFC35FC2AE00C0B9047227815E978A8"
                    ],
                    "type": "Federated"
                  }
                ],
                "resources": [],
                "sid": ""
              }
            ],
            "version": "2012-10-17"
          },
          "sensitive_attributes": []
        }
      ]
    },
    {
      "mode": "data",
      "type": "tls_certificate",
      "name": "elk",
      "provider": "provider[\"registry.terraform.io/hashicorp/tls\"]",
      "instances": [
        {
          "schema_version": 0,
          "attributes": {
            "certificates": [
              {
                "is_ca": true,
                "issuer": "OU=Starfield Class 2 Certification Authority,O=Starfield Technologies\\, Inc.,C=US",
                "not_after": "2034-06-28T17:39:16Z",
                "not_before": "2009-09-02T00:00:00Z",
                "public_key_algorithm": "RSA",
                "serial_number": "12037640545166866303",
                "sha1_fingerprint": "9e99a48a9960b14926bb7f3b02e22da2b0ab7280",
                "signature_algorithm": "SHA256-RSA",
                "subject": "CN=Starfield Services Root Certificate Authority - G2,O=Starfield Technologies\\, Inc.,L=Scottsdale,ST=Arizona,C=US",
                "version": 3
              },
              {
                "is_ca": true,
                "issuer": "CN=Starfield Services Root Certificate Authority - G2,O=Starfield Technologies\\, Inc.,L=Scottsdale,ST=Arizona,C=US",
                "not_after": "2037-12-31T01:00:00Z",
                "not_before": "2015-05-25T12:00:00Z",
                "public_key_algorithm": "RSA",
                "serial_number": "144918191876577076464031512351042010504348870",
                "sha1_fingerprint": "06b25927c42a721631c1efd9431e648fa62e1e39",
                "signature_algorithm": "SHA256-RSA",
                "subject": "CN=Amazon Root CA 1,O=Amazon,C=US",
                "version": 3
              },
              {
                "is_ca": true,
                "issuer": "CN=Amazon Root CA 1,O=Amazon,C=US",
                "not_after": "2025-10-19T00:00:00Z",
                "not_before": "2015-10-22T00:00:00Z",
                "public_key_algorithm": "RSA",
                "serial_number": "144918209630989264145272943054026349679957517",
                "sha1_fingerprint": "917e732d330f9a12404f73d8bea36948b929dffc",
                "signature_algorithm": "SHA256-RSA",
                "subject": "CN=Amazon,OU=Server CA 1B,O=Amazon,C=US",
                "version": 3
              },
              {
                "is_ca": false,
                "issuer": "CN=Amazon,OU=Server CA 1B,O=Amazon,C=US",
                "not_after": "2021-08-11T12:00:00Z",
                "not_before": "2020-07-11T00:00:00Z",
                "public_key_algorithm": "RSA",
                "serial_number": "13355187935834988831149832931896596353",
                "sha1_fingerprint": "33db8f260b90759d648f549e5f8ed56be2f1ad25",
                "signature_algorithm": "SHA256-RSA",
                "subject": "CN=oidc.eks.ap-southeast-2.amazonaws.com",
                "version": 3
              }
            ],
            "id": "2021-06-01 06:01:29.237364 +0000 UTC",
            "url": "https://oidc.eks.ap-southeast-2.amazonaws.com/id/EEFC35FC2AE00C0B9047227815E978A8",
            "verify_chain": true
          },
          "sensitive_attributes": []
        }
      ]
    },
    {
      "mode": "managed",
      "type": "aws_eks_cluster",
      "name": "elk",
      "provider": "provider[\"registry.terraform.io/hashicorp/aws\"]",
      "instances": [
        {
          "schema_version": 0,
          "attributes": {
            "arn": "arn:aws:eks:ap-southeast-2:115136697128:cluster/elk",
            "certificate_authority": [
              {
                "data": "LS0tLS1CRUdJTiBDRVJUSUZJQ0FURS0tLS0tCk1JSUM1ekNDQWMrZ0F3SUJBZ0lCQURBTkJna3Foa2lHOXcwQkFRc0ZBREFWTVJNd0VRWURWUVFERXdwcmRXSmwKY201bGRHVnpNQjRYRFRJeE1EVXlOekl5TVRreU1Gb1hEVE14TURVeU5USXlNVGt5TUZvd0ZURVRNQkVHQTFVRQpBeE1LYTNWaVpYSnVaWFJsY3pDQ0FTSXdEUVlKS29aSWh2Y05BUUVCQlFBRGdnRVBBRENDQVFvQ2dnRUJBT1lXCk8wYllQZUNoYlhNUVd5S2VZajkzV244OFh6aS9KeldSUC9uelVSVjlLc1ptVnRJUCtFR0NwUTRyMjcySUo5UkcKc3BEQjd1N0lWUEtZNndHdnNpc3FINWprVlF0aVk3eFdwSFVybERVZHNEMXJzcVlzQ0djSnJjek10NGZtdVdUbwpjWUFKOXpXNWZMdnJBYTZubTRMdncrZWluWk90cHNzUG5kVzhNRFVZODdLTjQvS1lOVm9zdWxCRHd1SlJpMiswCktud0xWSXdVMzF3OWhCMElEOGk4a2pqVW54M2tYS3JmL0tnRTVXbzhXM21IQWIvUndLdmpnUmViVXRzUHNCc24KdEE3K0NwNEdJcDdpT3ExWDZkU2FXbXFwOFdFbS9TMUtaaXdrb2t5a1lKNVVlU3hqQnIwWFEzZmhoM1N6S29oRgpoMUpKenNobDFvNFkydExaOTcwQ0F3RUFBYU5DTUVBd0RnWURWUjBQQVFIL0JBUURBZ0trTUE4R0ExVWRFd0VCCi93UUZNQU1CQWY4d0hRWURWUjBPQkJZRUZGeVRjMDZxS2k3WG5aNlpuWWVWVHpTQkI5cnNNQTBHQ1NxR1NJYjMKRFFFQkN3VUFBNElCQVFCc256clp2YnV5VFZtczFFNm16SFpLaFlONkhKTS9adXllL0FGcGF4SGtXZ3Y0VHV2egpNajdwYU1MdDJjelNXY0VmZEVMWk8wNVJTbUNSbXZDUnRabldyWjhKSzROU3Q0Y21VcVUxeEltOWU1aTh0ZWVrCk0vbkUxME91ei9kSktPUEFucTh3VkxTcmRRbWk1RGQyK1lTcituZTlRRHRVUTlzcS8vckVmVXBLdFBmS0ptSWoKQVNqbXhCdGFPdDhlZG1sYTdMcFdqUHNhL3h1ajhXT1M0Uy9ROGY1ZE51UlM0YVNtcmdXbXlwYXdaOUZ3UzlhMgo3ZEs4SC9QdENNVDVwdUJsS1ZlcXc1ejZzTktmbzY3NmtLQ3lDUXEvMUJQb00wb2JWOUEyNnRxVXZ4SnZzRGVaCjU2ZW9ZMWNmV2h4amlVcmhuU1kvVm5tdFFITHk5dTJHTzQ4bwotLS0tLUVORCBDRVJUSUZJQ0FURS0tLS0tCg=="
              }
            ],
            "created_at": "2021-05-27 22:14:11.47 +0000 UTC",
            "enabled_cluster_log_types": [],
            "encryption_config": [],
            "endpoint": "https://EEFC35FC2AE00C0B9047227815E978A8.gr7.ap-southeast-2.eks.amazonaws.com",
            "id": "elk",
            "identity": [
              {
                "oidc": [
                  {
                    "issuer": "https://oidc.eks.ap-southeast-2.amazonaws.com/id/EEFC35FC2AE00C0B9047227815E978A8"
                  }
                ]
              }
            ],
            "kubernetes_network_config": [
              {
                "service_ipv4_cidr": "172.20.0.0/16"
              }
            ],
            "name": "elk",
            "platform_version": "eks.4",
            "role_arn": "arn:aws:iam::115136697128:role/eks-cluster-elk",
            "status": "ACTIVE",
            "tags": {
              "COMPONENT_NAME": "elk"
            },
            "tags_all": {
              "COMPONENT_NAME": "elk"
            },
            "timeouts": null,
            "version": "1.19",
            "vpc_config": [
              {
                "cluster_security_group_id": "sg-0a49d70c0fff411cd",
                "endpoint_private_access": false,
                "endpoint_public_access": true,
                "public_access_cidrs": [
                  "0.0.0.0/0"
                ],
                "security_group_ids": [],
                "subnet_ids": [
                  "subnet-047f61cfada48fc32",
                  "subnet-070c6840a79bc6f30"
                ],
                "vpc_id": "vpc-01a4229925460144f"
              }
            ]
          },
          "sensitive_attributes": [],
          "private": "eyJlMmJmYjczMC1lY2FhLTExZTYtOGY4OC0zNDM2M2JjN2M0YzAiOnsiY3JlYXRlIjoxODAwMDAwMDAwMDAwLCJkZWxldGUiOjkwMDAwMDAwMDAwMCwidXBkYXRlIjozNjAwMDAwMDAwMDAwfX0=",
          "dependencies": [
            "aws_iam_role_policy_attachment.elk-AmazonEKSVPCResourceController",
            "data.aws_availability_zones.available",
            "module.vpc.aws_subnet.private",
            "module.vpc.aws_vpc.this",
            "module.vpc.aws_vpc_ipv4_cidr_block_association.this",
            "random_string.suffix",
            "aws_iam_role.elk",
            "aws_iam_role_policy_attachment.elk-AmazonEKSClusterPolicy"
          ]
        }
      ]
    },
    {
      "mode": "managed",
      "type": "aws_eks_fargate_profile",
      "name": "cert_manager",
      "provider": "provider[\"registry.terraform.io/hashicorp/aws\"]",
      "instances": [
        {
          "schema_version": 0,
          "attributes": {
            "arn": "arn:aws:eks:ap-southeast-2:115136697128:fargateprofile/elk/cert_manager_profile/74bce111-0045-10e6-7a7b-1a9f3a8dbea5",
            "cluster_name": "elk",
            "fargate_profile_name": "cert_manager_profile",
            "id": "elk:cert_manager_profile",
            "pod_execution_role_arn": "arn:aws:iam::115136697128:role/eks-fargate-profile",
            "selector": [
              {
                "labels": {},
                "namespace": "cert-manager"
              }
            ],
            "status": "ACTIVE",
            "subnet_ids": [
              "subnet-047f61cfada48fc32",
              "subnet-070c6840a79bc6f30"
            ],
            "tags": {
              "COMPONENT_NAME": "elk"
            },
            "tags_all": {
              "COMPONENT_NAME": "elk"
            },
            "timeouts": null
          },
          "sensitive_attributes": [],
          "private": "eyJlMmJmYjczMC1lY2FhLTExZTYtOGY4OC0zNDM2M2JjN2M0YzAiOnsiY3JlYXRlIjo2MDAwMDAwMDAwMDAsImRlbGV0ZSI6NjAwMDAwMDAwMDAwfX0=",
          "dependencies": [
            "aws_eks_cluster.elk",
            "aws_iam_role.fargate_profile",
            "aws_iam_role_policy_attachment.elk-AmazonEKSClusterPolicy",
            "aws_iam_role_policy_attachment.elk-AmazonEKSVPCResourceController",
            "data.aws_availability_zones.available",
            "module.vpc.aws_subnet.private",
            "module.vpc.aws_vpc.this",
            "module.vpc.aws_vpc_ipv4_cidr_block_association.this",
            "random_string.suffix",
            "aws_iam_role.elk"
          ]
        }
      ]
    },
    {
      "mode": "managed",
      "type": "aws_eks_fargate_profile",
      "name": "elk",
      "provider": "provider[\"registry.terraform.io/hashicorp/aws\"]",
      "instances": [
        {
          "schema_version": 0,
          "attributes": {
            "arn": "arn:aws:eks:ap-southeast-2:115136697128:fargateprofile/elk/elk_profile/34bcd899-ac1c-32af-1544-001ab5214d61",
            "cluster_name": "elk",
            "fargate_profile_name": "elk_profile",
            "id": "elk:elk_profile",
            "pod_execution_role_arn": "arn:aws:iam::115136697128:role/eks-fargate-profile",
            "selector": [
              {
                "labels": {},
                "namespace": "default"
              }
            ],
            "status": "ACTIVE",
            "subnet_ids": [
              "subnet-047f61cfada48fc32",
              "subnet-070c6840a79bc6f30"
            ],
            "tags": {
              "COMPONENT_NAME": "elk"
            },
            "tags_all": {
              "COMPONENT_NAME": "elk"
            },
            "timeouts": null
          },
          "sensitive_attributes": [],
          "private": "eyJlMmJmYjczMC1lY2FhLTExZTYtOGY4OC0zNDM2M2JjN2M0YzAiOnsiY3JlYXRlIjo2MDAwMDAwMDAwMDAsImRlbGV0ZSI6NjAwMDAwMDAwMDAwfX0=",
          "dependencies": [
            "aws_eks_cluster.elk",
            "aws_iam_role.elk",
            "aws_iam_role.fargate_profile",
            "aws_iam_role_policy_attachment.elk-AmazonEKSClusterPolicy",
            "data.aws_availability_zones.available",
            "module.vpc.aws_subnet.private",
            "module.vpc.aws_vpc.this",
            "random_string.suffix",
            "aws_iam_role_policy_attachment.elk-AmazonEKSVPCResourceController",
            "module.vpc.aws_vpc_ipv4_cidr_block_association.this"
          ]
        }
      ]
    },
    {
      "mode": "managed",
      "type": "aws_eks_fargate_profile",
      "name": "kube_system",
      "provider": "provider[\"registry.terraform.io/hashicorp/aws\"]",
      "instances": [
        {
          "schema_version": 0,
          "attributes": {
            "arn": "arn:aws:eks:ap-southeast-2:115136697128:fargateprofile/elk/kube_system_profile/f4bcd898-662b-08eb-a76c-82a7a09a0930",
            "cluster_name": "elk",
            "fargate_profile_name": "kube_system_profile",
            "id": "elk:kube_system_profile",
            "pod_execution_role_arn": "arn:aws:iam::115136697128:role/eks-fargate-profile",
            "selector": [
              {
                "labels": {},
                "namespace": "kube-system"
              }
            ],
            "status": "ACTIVE",
            "subnet_ids": [
              "subnet-047f61cfada48fc32",
              "subnet-070c6840a79bc6f30"
            ],
            "tags": {
              "COMPONENT_NAME": "elk"
            },
            "tags_all": {
              "COMPONENT_NAME": "elk"
            },
            "timeouts": null
          },
          "sensitive_attributes": [],
          "private": "eyJlMmJmYjczMC1lY2FhLTExZTYtOGY4OC0zNDM2M2JjN2M0YzAiOnsiY3JlYXRlIjo2MDAwMDAwMDAwMDAsImRlbGV0ZSI6NjAwMDAwMDAwMDAwfX0=",
          "dependencies": [
            "aws_iam_role.fargate_profile",
            "aws_iam_role_policy_attachment.elk-AmazonEKSClusterPolicy",
            "module.vpc.aws_subnet.private",
            "module.vpc.aws_vpc_ipv4_cidr_block_association.this",
            "random_string.suffix",
            "aws_eks_cluster.elk",
            "aws_iam_role_policy_attachment.elk-AmazonEKSVPCResourceController",
            "data.aws_availability_zones.available",
            "module.vpc.aws_vpc.this",
            "aws_iam_role.elk"
          ]
        }
      ]
    },
    {
      "mode": "managed",
      "type": "aws_iam_openid_connect_provider",
      "name": "elk",
      "provider": "provider[\"registry.terraform.io/hashicorp/aws\"]",
      "instances": [
        {
          "schema_version": 0,
          "attributes": {
            "arn": "arn:aws:iam::115136697128:oidc-provider/oidc.eks.ap-southeast-2.amazonaws.com/id/EEFC35FC2AE00C0B9047227815E978A8",
            "client_id_list": [
              "sts.amazonaws.com"
            ],
            "id": "arn:aws:iam::115136697128:oidc-provider/oidc.eks.ap-southeast-2.amazonaws.com/id/EEFC35FC2AE00C0B9047227815E978A8",
            "tags": {
              "COMPONENT_NAME": "elk"
            },
            "tags_all": {
              "COMPONENT_NAME": "elk"
            },
            "thumbprint_list": [
              "9e99a48a9960b14926bb7f3b02e22da2b0ab7280"
            ],
            "url": "oidc.eks.ap-southeast-2.amazonaws.com/id/EEFC35FC2AE00C0B9047227815E978A8"
          },
          "sensitive_attributes": [],
          "private": "bnVsbA==",
          "dependencies": [
            "aws_iam_role_policy_attachment.elk-AmazonEKSVPCResourceController",
            "data.tls_certificate.elk",
            "module.vpc.aws_subnet.private",
            "module.vpc.aws_vpc_ipv4_cidr_block_association.this",
            "random_string.suffix",
            "aws_eks_cluster.elk",
            "aws_iam_role.elk",
            "aws_iam_role_policy_attachment.elk-AmazonEKSClusterPolicy",
            "data.aws_availability_zones.available",
            "module.vpc.aws_vpc.this"
          ]
        }
      ]
    },
    {
      "mode": "managed",
      "type": "aws_iam_policy",
      "name": "policy",
      "provider": "provider[\"registry.terraform.io/hashicorp/aws\"]",
      "instances": [
        {
          "schema_version": 0,
          "attributes": {
            "arn": "arn:aws:iam::115136697128:policy/AWSLoadBalancerControllerIAMPolicy-elk",
            "description": "AWSLoadBalancerControllerIAMPolicy",
            "id": "arn:aws:iam::115136697128:policy/AWSLoadBalancerControllerIAMPolicy-elk",
            "name": "AWSLoadBalancerControllerIAMPolicy-elk",
            "name_prefix": null,
            "path": "/",
            "policy": "{\"Statement\":[{\"Action\":[\"log:*\",\"ec2:*\",\"iam:*\",\"elasticloadbalancing:*\",\"cognito-idp:*\",\"acm:*\",\"waf:*\",\"wafv2:*\",\"waf-regional:*\",\"shield:*\",\"tag:*\"],\"Effect\":\"Allow\",\"Resource\":\"*\"}],\"Version\":\"2012-10-17\"}",
            "policy_id": "ANPARVTVOSMUL3K47PWSP",
            "tags": {},
            "tags_all": {}
          },
          "sensitive_attributes": [],
          "private": "bnVsbA=="
        }
      ]
    },
    {
      "mode": "managed",
      "type": "aws_iam_role",
      "name": "elk",
      "provider": "provider[\"registry.terraform.io/hashicorp/aws\"]",
      "instances": [
        {
          "schema_version": 0,
          "attributes": {
            "arn": "arn:aws:iam::115136697128:role/eks-cluster-elk",
            "assume_role_policy": "{\"Version\":\"2012-10-17\",\"Statement\":[{\"Effect\":\"Allow\",\"Principal\":{\"Service\":\"eks.amazonaws.com\"},\"Action\":\"sts:AssumeRole\"}]}",
            "create_date": "2021-05-27T22:13:56Z",
            "description": "",
            "force_detach_policies": false,
            "id": "eks-cluster-elk",
            "inline_policy": [
              {
                "name": "",
                "policy": ""
              }
            ],
            "managed_policy_arns": [
              "arn:aws:iam::aws:policy/AmazonEKSClusterPolicy",
              "arn:aws:iam::aws:policy/AmazonEKSVPCResourceController"
            ],
            "max_session_duration": 3600,
            "name": "eks-cluster-elk",
            "name_prefix": null,
            "path": "/",
            "permissions_boundary": null,
            "tags": {
              "COMPONENT_NAME": "elk"
            },
            "tags_all": {
              "COMPONENT_NAME": "elk"
            },
            "unique_id": "AROARVTVOSMUF5VCFKMYI"
          },
          "sensitive_attributes": [],
          "private": "bnVsbA=="
        }
      ]
    },
    {
      "mode": "managed",
      "type": "aws_iam_role",
      "name": "fargate_profile",
      "provider": "provider[\"registry.terraform.io/hashicorp/aws\"]",
      "instances": [
        {
          "schema_version": 0,
          "attributes": {
            "arn": "arn:aws:iam::115136697128:role/eks-fargate-profile",
            "assume_role_policy": "{\"Version\":\"2012-10-17\",\"Statement\":[{\"Effect\":\"Allow\",\"Principal\":{\"Service\":\"eks-fargate-pods.amazonaws.com\"},\"Action\":\"sts:AssumeRole\"}]}",
            "create_date": "2021-05-27T22:13:56Z",
            "description": "",
            "force_detach_policies": false,
            "id": "eks-fargate-profile",
            "inline_policy": [
              {
                "name": "logging_policy",
                "policy": "{\"Statement\":[{\"Action\":[\"log:*\",\"ec2:*\",\"iam:*\",\"elasticloadbalancing:*\",\"cognito-idp:*\",\"acm:*\"],\"Effect\":\"Allow\",\"Resource\":\"*\"}],\"Version\":\"2012-10-17\"}"
              }
            ],
            "managed_policy_arns": [
              "arn:aws:iam::aws:policy/AmazonEKSFargatePodExecutionRolePolicy"
            ],
            "max_session_duration": 3600,
            "name": "eks-fargate-profile",
            "name_prefix": null,
            "path": "/",
            "permissions_boundary": null,
            "tags": {
              "COMPONENT_NAME": "elk"
            },
            "tags_all": {
              "COMPONENT_NAME": "elk"
            },
            "unique_id": "AROARVTVOSMULSVJ6B5BM"
          },
          "sensitive_attributes": [],
          "private": "bnVsbA=="
        }
      ]
    },
    {
      "mode": "managed",
      "type": "aws_iam_role_policy_attachment",
      "name": "AmazonEKSFargatePodExecutionRolePolicy",
      "provider": "provider[\"registry.terraform.io/hashicorp/aws\"]",
      "instances": [
        {
          "schema_version": 0,
          "attributes": {
            "id": "eks-fargate-profile-20210527221400699600000002",
            "policy_arn": "arn:aws:iam::aws:policy/AmazonEKSFargatePodExecutionRolePolicy",
            "role": "eks-fargate-profile"
          },
          "sensitive_attributes": [],
          "private": "bnVsbA==",
          "dependencies": [
            "aws_iam_role.fargate_profile"
          ]
        }
      ]
    },
    {
      "mode": "managed",
      "type": "aws_iam_role_policy_attachment",
      "name": "elk-AmazonEKSClusterPolicy",
      "provider": "provider[\"registry.terraform.io/hashicorp/aws\"]",
      "instances": [
        {
          "schema_version": 0,
          "attributes": {
            "id": "eks-cluster-elk-20210527221400696400000001",
            "policy_arn": "arn:aws:iam::aws:policy/AmazonEKSClusterPolicy",
            "role": "eks-cluster-elk"
          },
          "sensitive_attributes": [],
          "private": "bnVsbA==",
          "dependencies": [
            "aws_iam_role.elk"
          ]
        }
      ]
    },
    {
      "mode": "managed",
      "type": "aws_iam_role_policy_attachment",
      "name": "elk-AmazonEKSVPCResourceController",
      "provider": "provider[\"registry.terraform.io/hashicorp/aws\"]",
      "instances": [
        {
          "schema_version": 0,
          "attributes": {
            "id": "eks-cluster-elk-20210527221400707800000003",
            "policy_arn": "arn:aws:iam::aws:policy/AmazonEKSVPCResourceController",
            "role": "eks-cluster-elk"
          },
          "sensitive_attributes": [],
          "private": "bnVsbA==",
          "dependencies": [
            "aws_iam_role.elk"
          ]
        }
      ]
    },
    {
      "mode": "managed",
      "type": "aws_security_group",
      "name": "all_worker_mgmt",
      "provider": "provider[\"registry.terraform.io/hashicorp/aws\"]",
      "instances": [
        {
          "schema_version": 1,
          "attributes": {
            "arn": "arn:aws:ec2:ap-southeast-2:115136697128:security-group/sg-09a56fefd84f5131f",
            "description": "Managed by Terraform",
            "egress": [],
            "id": "sg-09a56fefd84f5131f",
            "ingress": [
              {
                "cidr_blocks": [
                  "10.0.0.0/8",
                  "172.16.0.0/12",
                  "192.168.0.0/16"
                ],
                "description": "",
                "from_port": 22,
                "ipv6_cidr_blocks": [],
                "prefix_list_ids": [],
                "protocol": "tcp",
                "security_groups": [],
                "self": false,
                "to_port": 22
              }
            ],
            "name": "all_worker_management20210527221407797300000004",
            "name_prefix": "all_worker_management",
            "owner_id": "115136697128",
            "revoke_rules_on_delete": false,
            "tags": {},
            "tags_all": {},
            "timeouts": null,
            "vpc_id": "vpc-01a4229925460144f"
          },
          "sensitive_attributes": [],
          "private": "eyJlMmJmYjczMC1lY2FhLTExZTYtOGY4OC0zNDM2M2JjN2M0YzAiOnsiY3JlYXRlIjo2MDAwMDAwMDAwMDAsImRlbGV0ZSI6OTAwMDAwMDAwMDAwfSwic2NoZW1hX3ZlcnNpb24iOiIxIn0=",
          "dependencies": [
            "module.vpc.aws_vpc.this",
            "random_string.suffix"
          ]
        }
      ]
    },
    {
      "mode": "managed",
      "type": "aws_security_group",
      "name": "worker_group_mgmt_one",
      "provider": "provider[\"registry.terraform.io/hashicorp/aws\"]",
      "instances": [
        {
          "schema_version": 1,
          "attributes": {
            "arn": "arn:aws:ec2:ap-southeast-2:115136697128:security-group/sg-0b064439b3d110f2b",
            "description": "Managed by Terraform",
            "egress": [],
            "id": "sg-0b064439b3d110f2b",
            "ingress": [
              {
                "cidr_blocks": [
                  "10.0.0.0/8"
                ],
                "description": "",
                "from_port": 22,
                "ipv6_cidr_blocks": [],
                "prefix_list_ids": [],
                "protocol": "tcp",
                "security_groups": [],
                "self": false,
                "to_port": 22
              }
            ],
            "name": "worker_group_mgmt_one20210527221407797500000005",
            "name_prefix": "worker_group_mgmt_one",
            "owner_id": "115136697128",
            "revoke_rules_on_delete": false,
            "tags": {},
            "tags_all": {},
            "timeouts": null,
            "vpc_id": "vpc-01a4229925460144f"
          },
          "sensitive_attributes": [],
          "private": "eyJlMmJmYjczMC1lY2FhLTExZTYtOGY4OC0zNDM2M2JjN2M0YzAiOnsiY3JlYXRlIjo2MDAwMDAwMDAwMDAsImRlbGV0ZSI6OTAwMDAwMDAwMDAwfSwic2NoZW1hX3ZlcnNpb24iOiIxIn0=",
          "dependencies": [
            "random_string.suffix",
            "module.vpc.aws_vpc.this"
          ]
        }
      ]
    },
    {
      "mode": "managed",
      "type": "aws_security_group",
      "name": "worker_group_mgmt_two",
      "provider": "provider[\"registry.terraform.io/hashicorp/aws\"]",
      "instances": [
        {
          "schema_version": 1,
          "attributes": {
            "arn": "arn:aws:ec2:ap-southeast-2:115136697128:security-group/sg-08f841a218820d189",
            "description": "Managed by Terraform",
            "egress": [],
            "id": "sg-08f841a218820d189",
            "ingress": [
              {
                "cidr_blocks": [
                  "192.168.0.0/16"
                ],
                "description": "",
                "from_port": 22,
                "ipv6_cidr_blocks": [],
                "prefix_list_ids": [],
                "protocol": "tcp",
                "security_groups": [],
                "self": false,
                "to_port": 22
              }
            ],
            "name": "worker_group_mgmt_two20210527221407798500000006",
            "name_prefix": "worker_group_mgmt_two",
            "owner_id": "115136697128",
            "revoke_rules_on_delete": false,
            "tags": {},
            "tags_all": {},
            "timeouts": null,
            "vpc_id": "vpc-01a4229925460144f"
          },
          "sensitive_attributes": [],
          "private": "eyJlMmJmYjczMC1lY2FhLTExZTYtOGY4OC0zNDM2M2JjN2M0YzAiOnsiY3JlYXRlIjo2MDAwMDAwMDAwMDAsImRlbGV0ZSI6OTAwMDAwMDAwMDAwfSwic2NoZW1hX3ZlcnNpb24iOiIxIn0=",
          "dependencies": [
            "module.vpc.aws_vpc.this",
            "random_string.suffix"
          ]
        }
      ]
    },
    {
      "mode": "managed",
      "type": "random_string",
      "name": "suffix",
      "provider": "provider[\"registry.terraform.io/hashicorp/random\"]",
      "instances": [
        {
          "schema_version": 1,
          "attributes": {
            "id": "W60aoWhn",
            "keepers": null,
            "length": 8,
            "lower": true,
            "min_lower": 0,
            "min_numeric": 0,
            "min_special": 0,
            "min_upper": 0,
            "number": true,
            "override_special": null,
            "result": "W60aoWhn",
            "special": false,
            "upper": true
          },
          "sensitive_attributes": [],
          "private": "eyJzY2hlbWFfdmVyc2lvbiI6IjEifQ=="
        }
      ]
    },
    {
      "module": "module.vpc",
      "mode": "managed",
      "type": "aws_eip",
      "name": "nat",
      "provider": "provider[\"registry.terraform.io/hashicorp/aws\"]",
      "instances": [
        {
          "index_key": 0,
          "schema_version": 0,
          "attributes": {
            "address": null,
            "allocation_id": null,
            "associate_with_private_ip": null,
            "association_id": "eipassoc-07e4eb2cfbb10c859",
            "carrier_ip": "",
            "customer_owned_ip": "",
            "customer_owned_ipv4_pool": "",
            "domain": "vpc",
            "id": "eipalloc-06e9d603d2fd536ed",
            "instance": "",
            "network_border_group": "ap-southeast-2",
            "network_interface": "eni-0457694a71a6bd47f",
            "private_dns": "ip-10-0-4-6.ap-southeast-2.compute.internal",
            "private_ip": "10.0.4.6",
            "public_dns": "ec2-13-211-110-156.ap-southeast-2.compute.amazonaws.com",
            "public_ip": "13.211.110.156",
            "public_ipv4_pool": "amazon",
            "tags": {
              "COMPONENT_NAME": "elk",
              "Name": "elk-vpc-ap-southeast-2a",
              "kubernetes.io/cluster/education-eks-W60aoWhn": "shared"
            },
            "tags_all": {
              "COMPONENT_NAME": "elk",
              "Name": "elk-vpc-ap-southeast-2a",
              "kubernetes.io/cluster/education-eks-W60aoWhn": "shared"
            },
            "timeouts": null,
            "vpc": true
          },
          "sensitive_attributes": [],
          "private": "eyJlMmJmYjczMC1lY2FhLTExZTYtOGY4OC0zNDM2M2JjN2M0YzAiOnsiZGVsZXRlIjoxODAwMDAwMDAwMDAsInJlYWQiOjkwMDAwMDAwMDAwMCwidXBkYXRlIjozMDAwMDAwMDAwMDB9fQ==",
          "dependencies": [
            "data.aws_availability_zones.available",
            "random_string.suffix"
          ]
        }
      ]
    },
    {
      "module": "module.vpc",
      "mode": "managed",
      "type": "aws_internet_gateway",
      "name": "this",
      "provider": "provider[\"registry.terraform.io/hashicorp/aws\"]",
      "instances": [
        {
          "index_key": 0,
          "schema_version": 0,
          "attributes": {
            "arn": "arn:aws:ec2:ap-southeast-2:115136697128:internet-gateway/igw-0c91911dbae86808f",
            "id": "igw-0c91911dbae86808f",
            "owner_id": "115136697128",
            "tags": {
              "COMPONENT_NAME": "elk",
              "Name": "elk-vpc",
              "kubernetes.io/cluster/education-eks-W60aoWhn": "shared"
            },
            "tags_all": {
              "COMPONENT_NAME": "elk",
              "Name": "elk-vpc",
              "kubernetes.io/cluster/education-eks-W60aoWhn": "shared"
            },
            "vpc_id": "vpc-01a4229925460144f"
          },
          "sensitive_attributes": [],
          "private": "bnVsbA==",
          "dependencies": [
            "module.vpc.aws_vpc.this",
            "module.vpc.aws_vpc_ipv4_cidr_block_association.this",
            "random_string.suffix"
          ]
        }
      ]
    },
    {
      "module": "module.vpc",
      "mode": "managed",
      "type": "aws_nat_gateway",
      "name": "this",
      "provider": "provider[\"registry.terraform.io/hashicorp/aws\"]",
      "instances": [
        {
          "index_key": 0,
          "schema_version": 0,
          "attributes": {
            "allocation_id": "eipalloc-06e9d603d2fd536ed",
            "id": "nat-06056a9699b3f821c",
            "network_interface_id": "eni-0457694a71a6bd47f",
            "private_ip": "10.0.4.6",
            "public_ip": "13.211.110.156",
            "subnet_id": "subnet-04ed5b345db0df9ce",
            "tags": {
              "COMPONENT_NAME": "elk",
              "Name": "elk-vpc-ap-southeast-2a",
              "kubernetes.io/cluster/education-eks-W60aoWhn": "shared"
            },
            "tags_all": {
              "COMPONENT_NAME": "elk",
              "Name": "elk-vpc-ap-southeast-2a",
              "kubernetes.io/cluster/education-eks-W60aoWhn": "shared"
            }
          },
          "sensitive_attributes": [],
          "private": "bnVsbA==",
          "dependencies": [
            "data.aws_availability_zones.available",
            "module.vpc.aws_eip.nat",
            "module.vpc.aws_internet_gateway.this",
            "module.vpc.aws_subnet.public",
            "module.vpc.aws_vpc.this",
            "module.vpc.aws_vpc_ipv4_cidr_block_association.this",
            "random_string.suffix"
          ]
        }
      ]
    },
    {
      "module": "module.vpc",
      "mode": "managed",
      "type": "aws_route",
      "name": "private_nat_gateway",
      "provider": "provider[\"registry.terraform.io/hashicorp/aws\"]",
      "instances": [
        {
          "index_key": 0,
          "schema_version": 0,
          "attributes": {
            "carrier_gateway_id": "",
            "destination_cidr_block": "0.0.0.0/0",
            "destination_ipv6_cidr_block": "",
            "destination_prefix_list_id": "",
            "egress_only_gateway_id": "",
            "gateway_id": "",
            "id": "r-rtb-04f5936d2c86c80761080289494",
            "instance_id": "",
            "instance_owner_id": "",
            "local_gateway_id": "",
            "nat_gateway_id": "nat-06056a9699b3f821c",
            "network_interface_id": "",
            "origin": "CreateRoute",
            "route_table_id": "rtb-04f5936d2c86c8076",
            "state": "active",
            "timeouts": {
              "create": "5m",
              "delete": null
            },
            "transit_gateway_id": "",
            "vpc_endpoint_id": "",
            "vpc_peering_connection_id": ""
          },
          "sensitive_attributes": [],
          "private": "eyJlMmJmYjczMC1lY2FhLTExZTYtOGY4OC0zNDM2M2JjN2M0YzAiOnsiY3JlYXRlIjozMDAwMDAwMDAwMDAsImRlbGV0ZSI6MzAwMDAwMDAwMDAwfX0=",
          "dependencies": [
            "module.vpc.aws_vpc_ipv4_cidr_block_association.this",
            "random_string.suffix",
            "module.vpc.aws_eip.nat",
            "module.vpc.aws_internet_gateway.this",
            "module.vpc.aws_nat_gateway.this",
            "module.vpc.aws_vpc.this",
            "data.aws_availability_zones.available",
            "module.vpc.aws_route_table.private",
            "module.vpc.aws_subnet.public"
          ]
        }
      ]
    },
    {
      "module": "module.vpc",
      "mode": "managed",
      "type": "aws_route",
      "name": "public_internet_gateway",
      "provider": "provider[\"registry.terraform.io/hashicorp/aws\"]",
      "instances": [
        {
          "index_key": 0,
          "schema_version": 0,
          "attributes": {
            "carrier_gateway_id": "",
            "destination_cidr_block": "0.0.0.0/0",
            "destination_ipv6_cidr_block": "",
            "destination_prefix_list_id": "",
            "egress_only_gateway_id": "",
            "gateway_id": "igw-0c91911dbae86808f",
            "id": "r-rtb-0eea4b3bcdad9d2481080289494",
            "instance_id": "",
            "instance_owner_id": "",
            "local_gateway_id": "",
            "nat_gateway_id": "",
            "network_interface_id": "",
            "origin": "CreateRoute",
            "route_table_id": "rtb-0eea4b3bcdad9d248",
            "state": "active",
            "timeouts": {
              "create": "5m",
              "delete": null
            },
            "transit_gateway_id": "",
            "vpc_endpoint_id": "",
            "vpc_peering_connection_id": ""
          },
          "sensitive_attributes": [],
          "private": "eyJlMmJmYjczMC1lY2FhLTExZTYtOGY4OC0zNDM2M2JjN2M0YzAiOnsiY3JlYXRlIjozMDAwMDAwMDAwMDAsImRlbGV0ZSI6MzAwMDAwMDAwMDAwfX0=",
          "dependencies": [
            "module.vpc.aws_vpc.this",
            "module.vpc.aws_vpc_ipv4_cidr_block_association.this",
            "random_string.suffix",
            "module.vpc.aws_internet_gateway.this",
            "module.vpc.aws_route_table.public"
          ]
        }
      ]
    },
    {
      "module": "module.vpc",
      "mode": "managed",
      "type": "aws_route_table",
      "name": "private",
      "provider": "provider[\"registry.terraform.io/hashicorp/aws\"]",
      "instances": [
        {
          "index_key": 0,
          "schema_version": 0,
          "attributes": {
            "arn": "arn:aws:ec2:ap-southeast-2:115136697128:route-table/rtb-04f5936d2c86c8076",
            "id": "rtb-04f5936d2c86c8076",
            "owner_id": "115136697128",
            "propagating_vgws": [],
            "route": [
              {
                "carrier_gateway_id": "",
                "cidr_block": "0.0.0.0/0",
                "destination_prefix_list_id": "",
                "egress_only_gateway_id": "",
                "gateway_id": "",
                "instance_id": "",
                "ipv6_cidr_block": "",
                "local_gateway_id": "",
                "nat_gateway_id": "nat-06056a9699b3f821c",
                "network_interface_id": "",
                "transit_gateway_id": "",
                "vpc_endpoint_id": "",
                "vpc_peering_connection_id": ""
              }
            ],
            "tags": {
              "COMPONENT_NAME": "elk",
              "Name": "elk-vpc-private",
              "kubernetes.io/cluster/education-eks-W60aoWhn": "shared"
            },
            "tags_all": {
              "COMPONENT_NAME": "elk",
              "Name": "elk-vpc-private",
              "kubernetes.io/cluster/education-eks-W60aoWhn": "shared"
            },
            "vpc_id": "vpc-01a4229925460144f"
          },
          "sensitive_attributes": [],
          "private": "bnVsbA==",
          "dependencies": [
            "data.aws_availability_zones.available",
            "module.vpc.aws_vpc.this",
            "module.vpc.aws_vpc_ipv4_cidr_block_association.this",
            "random_string.suffix"
          ]
        }
      ]
    },
    {
      "module": "module.vpc",
      "mode": "managed",
      "type": "aws_route_table",
      "name": "public",
      "provider": "provider[\"registry.terraform.io/hashicorp/aws\"]",
      "instances": [
        {
          "index_key": 0,
          "schema_version": 0,
          "attributes": {
            "arn": "arn:aws:ec2:ap-southeast-2:115136697128:route-table/rtb-0eea4b3bcdad9d248",
            "id": "rtb-0eea4b3bcdad9d248",
            "owner_id": "115136697128",
            "propagating_vgws": [],
            "route": [
              {
                "carrier_gateway_id": "",
                "cidr_block": "0.0.0.0/0",
                "destination_prefix_list_id": "",
                "egress_only_gateway_id": "",
                "gateway_id": "igw-0c91911dbae86808f",
                "instance_id": "",
                "ipv6_cidr_block": "",
                "local_gateway_id": "",
                "nat_gateway_id": "",
                "network_interface_id": "",
                "transit_gateway_id": "",
                "vpc_endpoint_id": "",
                "vpc_peering_connection_id": ""
              }
            ],
            "tags": {
              "COMPONENT_NAME": "elk",
              "Name": "elk-vpc-public",
              "kubernetes.io/cluster/education-eks-W60aoWhn": "shared"
            },
            "tags_all": {
              "COMPONENT_NAME": "elk",
              "Name": "elk-vpc-public",
              "kubernetes.io/cluster/education-eks-W60aoWhn": "shared"
            },
            "vpc_id": "vpc-01a4229925460144f"
          },
          "sensitive_attributes": [],
          "private": "bnVsbA==",
          "dependencies": [
            "module.vpc.aws_vpc.this",
            "module.vpc.aws_vpc_ipv4_cidr_block_association.this",
            "random_string.suffix"
          ]
        }
      ]
    },
    {
      "module": "module.vpc",
      "mode": "managed",
      "type": "aws_route_table_association",
      "name": "private",
      "provider": "provider[\"registry.terraform.io/hashicorp/aws\"]",
      "instances": [
        {
          "index_key": 0,
          "schema_version": 0,
          "attributes": {
            "gateway_id": null,
            "id": "rtbassoc-01fc70f043aa8c85d",
            "route_table_id": "rtb-04f5936d2c86c8076",
            "subnet_id": "subnet-070c6840a79bc6f30"
          },
          "sensitive_attributes": [],
          "private": "bnVsbA==",
          "dependencies": [
            "module.vpc.aws_route_table.private",
            "module.vpc.aws_subnet.private",
            "module.vpc.aws_vpc.this",
            "module.vpc.aws_vpc_ipv4_cidr_block_association.this",
            "random_string.suffix",
            "data.aws_availability_zones.available"
          ]
        },
        {
          "index_key": 1,
          "schema_version": 0,
          "attributes": {
            "gateway_id": null,
            "id": "rtbassoc-04d0617ef1127e963",
            "route_table_id": "rtb-04f5936d2c86c8076",
            "subnet_id": "subnet-047f61cfada48fc32"
          },
          "sensitive_attributes": [],
          "private": "bnVsbA==",
          "dependencies": [
            "module.vpc.aws_subnet.private",
            "module.vpc.aws_vpc.this",
            "module.vpc.aws_vpc_ipv4_cidr_block_association.this",
            "random_string.suffix",
            "data.aws_availability_zones.available",
            "module.vpc.aws_route_table.private"
          ]
        },
        {
          "index_key": 2,
          "schema_version": 0,
          "attributes": {
            "gateway_id": null,
            "id": "rtbassoc-02da59df35b604e31",
            "route_table_id": "rtb-04f5936d2c86c8076",
            "subnet_id": "subnet-0c88dd28d886e89ec"
          },
          "sensitive_attributes": [],
          "private": "bnVsbA==",
          "dependencies": [
            "module.vpc.aws_vpc.this",
            "module.vpc.aws_vpc_ipv4_cidr_block_association.this",
            "random_string.suffix",
            "data.aws_availability_zones.available",
            "module.vpc.aws_route_table.private",
            "module.vpc.aws_subnet.private"
          ]
        }
      ]
    },
    {
      "module": "module.vpc",
      "mode": "managed",
      "type": "aws_route_table_association",
      "name": "public",
      "provider": "provider[\"registry.terraform.io/hashicorp/aws\"]",
      "instances": [
        {
          "index_key": 0,
          "schema_version": 0,
          "attributes": {
            "gateway_id": null,
            "id": "rtbassoc-0a25659ebd21c1da7",
            "route_table_id": "rtb-0eea4b3bcdad9d248",
            "subnet_id": "subnet-04ed5b345db0df9ce"
          },
          "sensitive_attributes": [],
          "private": "bnVsbA==",
          "dependencies": [
            "module.vpc.aws_vpc.this",
            "module.vpc.aws_vpc_ipv4_cidr_block_association.this",
            "random_string.suffix",
            "data.aws_availability_zones.available",
            "module.vpc.aws_route_table.public",
            "module.vpc.aws_subnet.public"
          ]
        },
        {
          "index_key": 1,
          "schema_version": 0,
          "attributes": {
            "gateway_id": null,
            "id": "rtbassoc-00624b11836234948",
            "route_table_id": "rtb-0eea4b3bcdad9d248",
            "subnet_id": "subnet-07a971772866c94a8"
          },
          "sensitive_attributes": [],
          "private": "bnVsbA==",
          "dependencies": [
            "module.vpc.aws_route_table.public",
            "module.vpc.aws_subnet.public",
            "module.vpc.aws_vpc.this",
            "module.vpc.aws_vpc_ipv4_cidr_block_association.this",
            "random_string.suffix",
            "data.aws_availability_zones.available"
          ]
        },
        {
          "index_key": 2,
          "schema_version": 0,
          "attributes": {
            "gateway_id": null,
            "id": "rtbassoc-04cec6e3d5932f5e9",
            "route_table_id": "rtb-0eea4b3bcdad9d248",
            "subnet_id": "subnet-0ab3c8905cf2c2a84"
          },
          "sensitive_attributes": [],
          "private": "bnVsbA==",
          "dependencies": [
            "data.aws_availability_zones.available",
            "module.vpc.aws_route_table.public",
            "module.vpc.aws_subnet.public",
            "module.vpc.aws_vpc.this",
            "module.vpc.aws_vpc_ipv4_cidr_block_association.this",
            "random_string.suffix"
          ]
        }
      ]
    },
    {
      "module": "module.vpc",
      "mode": "managed",
      "type": "aws_subnet",
      "name": "private",
      "provider": "provider[\"registry.terraform.io/hashicorp/aws\"]",
      "instances": [
        {
          "index_key": 0,
          "schema_version": 1,
          "attributes": {
            "arn": "arn:aws:ec2:ap-southeast-2:115136697128:subnet/subnet-070c6840a79bc6f30",
            "assign_ipv6_address_on_creation": false,
            "availability_zone": "ap-southeast-2a",
            "availability_zone_id": "apse2-az1",
            "cidr_block": "10.0.1.0/24",
            "customer_owned_ipv4_pool": "",
            "id": "subnet-070c6840a79bc6f30",
            "ipv6_cidr_block": "",
            "ipv6_cidr_block_association_id": "",
            "map_customer_owned_ip_on_launch": false,
            "map_public_ip_on_launch": false,
            "outpost_arn": "",
            "owner_id": "115136697128",
            "tags": {
              "COMPONENT_NAME": "elk",
              "Name": "elk-vpc-private-ap-southeast-2a",
              "kubernetes.io/cluster/education-eks-W60aoWhn": "shared",
              "kubernetes.io/role/internal-elb": "1"
            },
            "tags_all": {
              "COMPONENT_NAME": "elk",
              "Name": "elk-vpc-private-ap-southeast-2a",
              "kubernetes.io/cluster/education-eks-W60aoWhn": "shared",
              "kubernetes.io/role/internal-elb": "1"
            },
            "timeouts": null,
            "vpc_id": "vpc-01a4229925460144f"
          },
          "sensitive_attributes": [],
          "private": "eyJlMmJmYjczMC1lY2FhLTExZTYtOGY4OC0zNDM2M2JjN2M0YzAiOnsiY3JlYXRlIjo2MDAwMDAwMDAwMDAsImRlbGV0ZSI6MTIwMDAwMDAwMDAwMH0sInNjaGVtYV92ZXJzaW9uIjoiMSJ9",
          "dependencies": [
            "data.aws_availability_zones.available",
            "module.vpc.aws_vpc.this",
            "module.vpc.aws_vpc_ipv4_cidr_block_association.this",
            "random_string.suffix"
          ]
        },
        {
          "index_key": 1,
          "schema_version": 1,
          "attributes": {
            "arn": "arn:aws:ec2:ap-southeast-2:115136697128:subnet/subnet-047f61cfada48fc32",
            "assign_ipv6_address_on_creation": false,
            "availability_zone": "ap-southeast-2b",
            "availability_zone_id": "apse2-az3",
            "cidr_block": "10.0.2.0/24",
            "customer_owned_ipv4_pool": "",
            "id": "subnet-047f61cfada48fc32",
            "ipv6_cidr_block": "",
            "ipv6_cidr_block_association_id": "",
            "map_customer_owned_ip_on_launch": false,
            "map_public_ip_on_launch": false,
            "outpost_arn": "",
            "owner_id": "115136697128",
            "tags": {
              "COMPONENT_NAME": "elk",
              "Name": "elk-vpc-private-ap-southeast-2b",
              "kubernetes.io/cluster/education-eks-W60aoWhn": "shared",
              "kubernetes.io/role/internal-elb": "1"
            },
            "tags_all": {
              "COMPONENT_NAME": "elk",
              "Name": "elk-vpc-private-ap-southeast-2b",
              "kubernetes.io/cluster/education-eks-W60aoWhn": "shared",
              "kubernetes.io/role/internal-elb": "1"
            },
            "timeouts": null,
            "vpc_id": "vpc-01a4229925460144f"
          },
          "sensitive_attributes": [],
          "private": "eyJlMmJmYjczMC1lY2FhLTExZTYtOGY4OC0zNDM2M2JjN2M0YzAiOnsiY3JlYXRlIjo2MDAwMDAwMDAwMDAsImRlbGV0ZSI6MTIwMDAwMDAwMDAwMH0sInNjaGVtYV92ZXJzaW9uIjoiMSJ9",
          "dependencies": [
            "data.aws_availability_zones.available",
            "module.vpc.aws_vpc.this",
            "module.vpc.aws_vpc_ipv4_cidr_block_association.this",
            "random_string.suffix"
          ]
        },
        {
          "index_key": 2,
          "schema_version": 1,
          "attributes": {
            "arn": "arn:aws:ec2:ap-southeast-2:115136697128:subnet/subnet-0c88dd28d886e89ec",
            "assign_ipv6_address_on_creation": false,
            "availability_zone": "ap-southeast-2c",
            "availability_zone_id": "apse2-az2",
            "cidr_block": "10.0.3.0/24",
            "customer_owned_ipv4_pool": "",
            "id": "subnet-0c88dd28d886e89ec",
            "ipv6_cidr_block": "",
            "ipv6_cidr_block_association_id": "",
            "map_customer_owned_ip_on_launch": false,
            "map_public_ip_on_launch": false,
            "outpost_arn": "",
            "owner_id": "115136697128",
            "tags": {
              "COMPONENT_NAME": "elk",
              "Name": "elk-vpc-private-ap-southeast-2c",
              "kubernetes.io/cluster/education-eks-W60aoWhn": "shared",
              "kubernetes.io/role/internal-elb": "1"
            },
            "tags_all": {
              "COMPONENT_NAME": "elk",
              "Name": "elk-vpc-private-ap-southeast-2c",
              "kubernetes.io/cluster/education-eks-W60aoWhn": "shared",
              "kubernetes.io/role/internal-elb": "1"
            },
            "timeouts": null,
            "vpc_id": "vpc-01a4229925460144f"
          },
          "sensitive_attributes": [],
          "private": "eyJlMmJmYjczMC1lY2FhLTExZTYtOGY4OC0zNDM2M2JjN2M0YzAiOnsiY3JlYXRlIjo2MDAwMDAwMDAwMDAsImRlbGV0ZSI6MTIwMDAwMDAwMDAwMH0sInNjaGVtYV92ZXJzaW9uIjoiMSJ9",
          "dependencies": [
            "data.aws_availability_zones.available",
            "module.vpc.aws_vpc.this",
            "module.vpc.aws_vpc_ipv4_cidr_block_association.this",
            "random_string.suffix"
          ]
        }
      ]
    },
    {
      "module": "module.vpc",
      "mode": "managed",
      "type": "aws_subnet",
      "name": "public",
      "provider": "provider[\"registry.terraform.io/hashicorp/aws\"]",
      "instances": [
        {
          "index_key": 0,
          "schema_version": 1,
          "attributes": {
            "arn": "arn:aws:ec2:ap-southeast-2:115136697128:subnet/subnet-04ed5b345db0df9ce",
            "assign_ipv6_address_on_creation": false,
            "availability_zone": "ap-southeast-2a",
            "availability_zone_id": "apse2-az1",
            "cidr_block": "10.0.4.0/24",
            "customer_owned_ipv4_pool": "",
            "id": "subnet-04ed5b345db0df9ce",
            "ipv6_cidr_block": "",
            "ipv6_cidr_block_association_id": "",
            "map_customer_owned_ip_on_launch": false,
            "map_public_ip_on_launch": true,
            "outpost_arn": "",
            "owner_id": "115136697128",
            "tags": {
              "COMPONENT_NAME": "elk",
              "Name": "elk-vpc-public-ap-southeast-2a",
              "kubernetes.io/cluster/education-eks-W60aoWhn": "shared",
              "kubernetes.io/role/elb": "1"
            },
            "tags_all": {
              "COMPONENT_NAME": "elk",
              "Name": "elk-vpc-public-ap-southeast-2a",
              "kubernetes.io/cluster/education-eks-W60aoWhn": "shared",
              "kubernetes.io/role/elb": "1"
            },
            "timeouts": null,
            "vpc_id": "vpc-01a4229925460144f"
          },
          "sensitive_attributes": [],
          "private": "eyJlMmJmYjczMC1lY2FhLTExZTYtOGY4OC0zNDM2M2JjN2M0YzAiOnsiY3JlYXRlIjo2MDAwMDAwMDAwMDAsImRlbGV0ZSI6MTIwMDAwMDAwMDAwMH0sInNjaGVtYV92ZXJzaW9uIjoiMSJ9",
          "dependencies": [
            "data.aws_availability_zones.available",
            "module.vpc.aws_vpc.this",
            "module.vpc.aws_vpc_ipv4_cidr_block_association.this",
            "random_string.suffix"
          ]
        },
        {
          "index_key": 1,
          "schema_version": 1,
          "attributes": {
            "arn": "arn:aws:ec2:ap-southeast-2:115136697128:subnet/subnet-07a971772866c94a8",
            "assign_ipv6_address_on_creation": false,
            "availability_zone": "ap-southeast-2b",
            "availability_zone_id": "apse2-az3",
            "cidr_block": "10.0.5.0/24",
            "customer_owned_ipv4_pool": "",
            "id": "subnet-07a971772866c94a8",
            "ipv6_cidr_block": "",
            "ipv6_cidr_block_association_id": "",
            "map_customer_owned_ip_on_launch": false,
            "map_public_ip_on_launch": true,
            "outpost_arn": "",
            "owner_id": "115136697128",
            "tags": {
              "COMPONENT_NAME": "elk",
              "Name": "elk-vpc-public-ap-southeast-2b",
              "kubernetes.io/cluster/education-eks-W60aoWhn": "shared",
              "kubernetes.io/role/elb": "1"
            },
            "tags_all": {
              "COMPONENT_NAME": "elk",
              "Name": "elk-vpc-public-ap-southeast-2b",
              "kubernetes.io/cluster/education-eks-W60aoWhn": "shared",
              "kubernetes.io/role/elb": "1"
            },
            "timeouts": null,
            "vpc_id": "vpc-01a4229925460144f"
          },
          "sensitive_attributes": [],
          "private": "eyJlMmJmYjczMC1lY2FhLTExZTYtOGY4OC0zNDM2M2JjN2M0YzAiOnsiY3JlYXRlIjo2MDAwMDAwMDAwMDAsImRlbGV0ZSI6MTIwMDAwMDAwMDAwMH0sInNjaGVtYV92ZXJzaW9uIjoiMSJ9",
          "dependencies": [
            "data.aws_availability_zones.available",
            "module.vpc.aws_vpc.this",
            "module.vpc.aws_vpc_ipv4_cidr_block_association.this",
            "random_string.suffix"
          ]
        },
        {
          "index_key": 2,
          "schema_version": 1,
          "attributes": {
            "arn": "arn:aws:ec2:ap-southeast-2:115136697128:subnet/subnet-0ab3c8905cf2c2a84",
            "assign_ipv6_address_on_creation": false,
            "availability_zone": "ap-southeast-2c",
            "availability_zone_id": "apse2-az2",
            "cidr_block": "10.0.6.0/24",
            "customer_owned_ipv4_pool": "",
            "id": "subnet-0ab3c8905cf2c2a84",
            "ipv6_cidr_block": "",
            "ipv6_cidr_block_association_id": "",
            "map_customer_owned_ip_on_launch": false,
            "map_public_ip_on_launch": true,
            "outpost_arn": "",
            "owner_id": "115136697128",
            "tags": {
              "COMPONENT_NAME": "elk",
              "Name": "elk-vpc-public-ap-southeast-2c",
              "kubernetes.io/cluster/education-eks-W60aoWhn": "shared",
              "kubernetes.io/role/elb": "1"
            },
            "tags_all": {
              "COMPONENT_NAME": "elk",
              "Name": "elk-vpc-public-ap-southeast-2c",
              "kubernetes.io/cluster/education-eks-W60aoWhn": "shared",
              "kubernetes.io/role/elb": "1"
            },
            "timeouts": null,
            "vpc_id": "vpc-01a4229925460144f"
          },
          "sensitive_attributes": [],
          "private": "eyJlMmJmYjczMC1lY2FhLTExZTYtOGY4OC0zNDM2M2JjN2M0YzAiOnsiY3JlYXRlIjo2MDAwMDAwMDAwMDAsImRlbGV0ZSI6MTIwMDAwMDAwMDAwMH0sInNjaGVtYV92ZXJzaW9uIjoiMSJ9",
          "dependencies": [
            "data.aws_availability_zones.available",
            "module.vpc.aws_vpc.this",
            "module.vpc.aws_vpc_ipv4_cidr_block_association.this",
            "random_string.suffix"
          ]
        }
      ]
    },
    {
      "module": "module.vpc",
      "mode": "managed",
      "type": "aws_vpc",
      "name": "this",
      "provider": "provider[\"registry.terraform.io/hashicorp/aws\"]",
      "instances": [
        {
          "index_key": 0,
          "schema_version": 1,
          "attributes": {
            "arn": "arn:aws:ec2:ap-southeast-2:115136697128:vpc/vpc-01a4229925460144f",
            "assign_generated_ipv6_cidr_block": false,
            "cidr_block": "10.0.0.0/16",
            "default_network_acl_id": "acl-0bc19b41023f0cbc8",
            "default_route_table_id": "rtb-0d7b882abdf3be018",
            "default_security_group_id": "sg-0e2c68f35d7b4d00a",
            "dhcp_options_id": "dopt-30c0e857",
            "enable_classiclink": false,
            "enable_classiclink_dns_support": false,
            "enable_dns_hostnames": true,
            "enable_dns_support": true,
            "id": "vpc-01a4229925460144f",
            "instance_tenancy": "default",
            "ipv6_association_id": "",
            "ipv6_cidr_block": "",
            "main_route_table_id": "rtb-0d7b882abdf3be018",
            "owner_id": "115136697128",
            "tags": {
              "COMPONENT_NAME": "elk",
              "Name": "elk-vpc",
              "kubernetes.io/cluster/education-eks-W60aoWhn": "shared"
            },
            "tags_all": {
              "COMPONENT_NAME": "elk",
              "Name": "elk-vpc",
              "kubernetes.io/cluster/education-eks-W60aoWhn": "shared"
            }
          },
          "sensitive_attributes": [],
          "private": "eyJzY2hlbWFfdmVyc2lvbiI6IjEifQ==",
          "dependencies": [
            "random_string.suffix"
          ]
        }
      ]
    }
  ]
}
