{
  "version": 4,
  "terraform_version": "0.15.3",
  "serial": 526,
  "lineage": "7df9f09b-a75c-4aa6-4def-b945c6c2d6ab",
  "outputs": {
    "cognito_user_pool_arn": {
      "value": "arn:aws:cognito-idp:ap-southeast-2:264100014405:userpool/ap-southeast-2_ph6pBCB2q",
      "type": "string"
    },
    "cognito_user_pool_clientid": {
      "value": "2o3te4j1abon1ncp1mj8tvm827",
      "type": "string"
    },
    "cognito_user_pool_domain": {
      "value": "kibana-elk",
      "type": "string"
    },
    "cognito_user_pool_endpoint": {
      "value": "cognito-idp.ap-southeast-2.amazonaws.com/ap-southeast-2_ph6pBCB2q",
      "type": "string"
    },
    "cognito_user_pool_id": {
      "value": "ap-southeast-2_ph6pBCB2q",
      "type": "string"
    },
    "endpoint": {
      "value": "https://79E1E106F96D7D2D181520FEAAA140B7.gr7.ap-southeast-2.eks.amazonaws.com",
      "type": "string"
    },
    "kubeconfig-certificate-authority-data": {
      "value": "LS0tLS1CRUdJTiBDRVJUSUZJQ0FURS0tLS0tCk1JSUM1ekNDQWMrZ0F3SUJBZ0lCQURBTkJna3Foa2lHOXcwQkFRc0ZBREFWTVJNd0VRWURWUVFERXdwcmRXSmwKY201bGRHVnpNQjRYRFRJeE1EWXhOREV4TkRNek5Gb1hEVE14TURZeE1qRXhORE16TkZvd0ZURVRNQkVHQTFVRQpBeE1LYTNWaVpYSnVaWFJsY3pDQ0FTSXdEUVlKS29aSWh2Y05BUUVCQlFBRGdnRVBBRENDQVFvQ2dnRUJBT0tpCmtoRVg3c3c5M001blh2UEl2SklRRXpKTWZDemdhRjBaYU5adEFPbkxmRGg1RThoblFyMXNBbnpvZjFjYWV6TG4KYTdYTHkyeHNnZW9ZcldmZmxDUE04azNKZFNqOUxVdSsreDRoVEM0ZkRBcGx1dzBwendxTXMxUWNWZEtaNFRsZgo4MjUreXByRUtiRDBlODdDeHA2WmRleXlmbjl6WFFMUGhoeXRtdmYwZ0xzamlSWEdkdTZmUUZwNHdUQWJDOEJCClgvSWJISzEzRjJmbmtEK1FHMXJNNUl6TDQvZ2pTbXUvUFNKcXp2aDJ0UEdnU3VQbFRzRm9obENLeUhlZW83RVkKTUVYQUo2TzdZaHd4a2xtYU9pTnIrcnhJQTlQTlZvQjFjVXVONmNGTmtHVTREVTdSSmluOHBnT05xQVd2cm0wNgpxSXhsMjB4WHhQeGJ3bkJjYndzQ0F3RUFBYU5DTUVBd0RnWURWUjBQQVFIL0JBUURBZ0trTUE4R0ExVWRFd0VCCi93UUZNQU1CQWY4d0hRWURWUjBPQkJZRUZCMVpsTW9GWmdxWjdhUVZNekJSUnNiNEpvampNQTBHQ1NxR1NJYjMKRFFFQkN3VUFBNElCQVFBWnlEQk5rN01yMjBlaEZVTVhsSVFJVHp4RTdnZUhzcUdQWjFPbkJnWUFmUE5Ua1JzQwovd0Q2dGU2b2NyN0xOTCtSYjhaSGhBTTBNZHlJa1dQYmRUaEpodEFhc1k0b1dmb0NWK3VzOWVldFZLS3BDYnQwClpFS1gzSWg3ME51RFVwQnlsem9nQ2dEaXRVOVBqMFBlU1JQR2FzT1FEeWhRK0NnMk41S3luZjhZSndpaU9wZTQKRnp2SWlhRzdRMWl6Z3NlQSt0R2RHRU1Jc1grY25rY0VsOXk0Y3B6K3pCaXljNk1DVWtyV016VFpBYjc0dTFkNQpCNDZTeGMrUjdWejZQaHcvNllqSERsYVVZU0xLVUw2U0l1ZEo1dU9DMzVlZWpxMjEwU2ZDUGtaeHNpZUQyUjI2Ck9vQ0hmWHRZOHoxVjFpc2NIbGtkRXRkUzRVK0FOanZnQS9UOAotLS0tLUVORCBDRVJUSUZJQ0FURS0tLS0tCg==",
      "type": "string"
    }
  },
  "resources": [
    {
      "mode": "data",
      "type": "aws_availability_zones",
      "name": "available",
      "provider": "provider[\"registry.terraform.io/hashicorp/aws\"]",
      "instances": [
        {
          "schema_version": 0,
          "attributes": {
            "all_availability_zones": null,
            "exclude_names": null,
            "exclude_zone_ids": null,
            "filter": null,
            "group_names": [
              "ap-southeast-2"
            ],
            "id": "ap-southeast-2",
            "names": [
              "ap-southeast-2a",
              "ap-southeast-2b",
              "ap-southeast-2c"
            ],
            "state": null,
            "zone_ids": [
              "apse2-az1",
              "apse2-az3",
              "apse2-az2"
            ]
          },
          "sensitive_attributes": []
        }
      ]
    },
    {
      "mode": "data",
      "type": "aws_iam_policy_document",
      "name": "elk_alb_sa",
      "provider": "provider[\"registry.terraform.io/hashicorp/aws\"]",
      "instances": [
        {
          "schema_version": 0,
          "attributes": {
            "id": "1234444168",
            "json": "{\n  \"Version\": \"2012-10-17\",\n  \"Statement\": [\n    {\n      \"Sid\": \"\",\n      \"Effect\": \"Allow\",\n      \"Action\": \"sts:AssumeRoleWithWebIdentity\",\n      \"Principal\": {\n        \"Federated\": \"arn:aws:iam::264100014405:oidc-provider/oidc.eks.ap-southeast-2.amazonaws.com/id/79E1E106F96D7D2D181520FEAAA140B7\"\n      }\n    }\n  ]\n}",
            "override_json": null,
            "override_policy_documents": null,
            "policy_id": null,
            "source_json": null,
            "source_policy_documents": null,
            "statement": [
              {
                "actions": [
                  "sts:AssumeRoleWithWebIdentity"
                ],
                "condition": [],
                "effect": "Allow",
                "not_actions": [],
                "not_principals": [],
                "not_resources": [],
                "principals": [
                  {
                    "identifiers": [
                      "arn:aws:iam::264100014405:oidc-provider/oidc.eks.ap-southeast-2.amazonaws.com/id/79E1E106F96D7D2D181520FEAAA140B7"
                    ],
                    "type": "Federated"
                  }
                ],
                "resources": [],
                "sid": ""
              }
            ],
            "version": "2012-10-17"
          },
          "sensitive_attributes": []
        }
      ]
    },
    {
      "mode": "data",
      "type": "tls_certificate",
      "name": "elk",
      "provider": "provider[\"registry.terraform.io/hashicorp/tls\"]",
      "instances": [
        {
          "schema_version": 0,
          "attributes": {
            "certificates": [
              {
                "is_ca": true,
                "issuer": "OU=Starfield Class 2 Certification Authority,O=Starfield Technologies\\, Inc.,C=US",
                "not_after": "2034-06-28T17:39:16Z",
                "not_before": "2009-09-02T00:00:00Z",
                "public_key_algorithm": "RSA",
                "serial_number": "12037640545166866303",
                "sha1_fingerprint": "9e99a48a9960b14926bb7f3b02e22da2b0ab7280",
                "signature_algorithm": "SHA256-RSA",
                "subject": "CN=Starfield Services Root Certificate Authority - G2,O=Starfield Technologies\\, Inc.,L=Scottsdale,ST=Arizona,C=US",
                "version": 3
              },
              {
                "is_ca": true,
                "issuer": "CN=Starfield Services Root Certificate Authority - G2,O=Starfield Technologies\\, Inc.,L=Scottsdale,ST=Arizona,C=US",
                "not_after": "2037-12-31T01:00:00Z",
                "not_before": "2015-05-25T12:00:00Z",
                "public_key_algorithm": "RSA",
                "serial_number": "144918191876577076464031512351042010504348870",
                "sha1_fingerprint": "06b25927c42a721631c1efd9431e648fa62e1e39",
                "signature_algorithm": "SHA256-RSA",
                "subject": "CN=Amazon Root CA 1,O=Amazon,C=US",
                "version": 3
              },
              {
                "is_ca": true,
                "issuer": "CN=Amazon Root CA 1,O=Amazon,C=US",
                "not_after": "2025-10-19T00:00:00Z",
                "not_before": "2015-10-22T00:00:00Z",
                "public_key_algorithm": "RSA",
                "serial_number": "144918209630989264145272943054026349679957517",
                "sha1_fingerprint": "917e732d330f9a12404f73d8bea36948b929dffc",
                "signature_algorithm": "SHA256-RSA",
                "subject": "CN=Amazon,OU=Server CA 1B,O=Amazon,C=US",
                "version": 3
              },
              {
                "is_ca": false,
                "issuer": "CN=Amazon,OU=Server CA 1B,O=Amazon,C=US",
                "not_after": "2022-07-12T23:59:59Z",
                "not_before": "2021-06-13T00:00:00Z",
                "public_key_algorithm": "RSA",
                "serial_number": "1340443347870727548993106443420065566",
                "sha1_fingerprint": "0f8d6c0b56f414956769088c48cc596fafce3908",
                "signature_algorithm": "SHA256-RSA",
                "subject": "CN=oidc.eks.ap-southeast-2.amazonaws.com",
                "version": 3
              }
            ],
            "id": "2021-06-16 00:34:31.13298 +0000 UTC",
            "url": "https://oidc.eks.ap-southeast-2.amazonaws.com/id/79E1E106F96D7D2D181520FEAAA140B7",
            "verify_chain": true
          },
          "sensitive_attributes": []
        }
      ]
    },
    {
      "mode": "managed",
      "type": "aws_cognito_user_pool",
      "name": "kibana",
      "provider": "provider[\"registry.terraform.io/hashicorp/aws\"]",
      "instances": [
        {
          "schema_version": 0,
          "attributes": {
            "account_recovery_setting": [],
            "admin_create_user_config": [
              {
                "allow_admin_create_user_only": false,
                "invite_message_template": []
              }
            ],
            "alias_attributes": null,
            "arn": "arn:aws:cognito-idp:ap-southeast-2:264100014405:userpool/ap-southeast-2_ph6pBCB2q",
            "auto_verified_attributes": [],
            "creation_date": "2021-06-16T00:26:34Z",
            "device_configuration": [],
            "email_configuration": [
              {
                "configuration_set": "",
                "email_sending_account": "COGNITO_DEFAULT",
                "from_email_address": "",
                "reply_to_email_address": "",
                "source_arn": ""
              }
            ],
            "email_verification_message": null,
            "email_verification_subject": null,
            "endpoint": "cognito-idp.ap-southeast-2.amazonaws.com/ap-southeast-2_ph6pBCB2q",
            "id": "ap-southeast-2_ph6pBCB2q",
            "lambda_config": [],
            "last_modified_date": "2021-06-16T00:26:34Z",
            "mfa_configuration": "OFF",
            "name": "kibana-elk",
            "password_policy": [
              {
                "minimum_length": 8,
                "require_lowercase": true,
                "require_numbers": true,
                "require_symbols": true,
                "require_uppercase": true,
                "temporary_password_validity_days": 7
              }
            ],
            "schema": [],
            "sms_authentication_message": null,
            "sms_configuration": [],
            "sms_verification_message": null,
            "software_token_mfa_configuration": [],
            "tags": {},
            "tags_all": {},
            "user_pool_add_ons": [],
            "username_attributes": null,
            "username_configuration": [],
            "verification_message_template": [
              {
                "default_email_option": "CONFIRM_WITH_CODE",
                "email_message": "",
                "email_message_by_link": "",
                "email_subject": "",
                "email_subject_by_link": "",
                "sms_message": ""
              }
            ]
          },
          "sensitive_attributes": [],
          "private": "bnVsbA=="
        }
      ]
    },
    {
      "mode": "managed",
      "type": "aws_cognito_user_pool_client",
      "name": "kibana",
      "provider": "provider[\"registry.terraform.io/hashicorp/aws\"]",
      "instances": [
        {
          "schema_version": 0,
          "attributes": {
            "access_token_validity": 0,
            "allowed_oauth_flows": null,
            "allowed_oauth_flows_user_pool_client": false,
            "allowed_oauth_scopes": null,
            "analytics_configuration": [],
            "callback_urls": null,
            "client_secret": "",
            "default_redirect_uri": "",
            "explicit_auth_flows": null,
            "generate_secret": null,
            "id": "2o3te4j1abon1ncp1mj8tvm827",
            "id_token_validity": 0,
            "logout_urls": null,
            "name": "kibana",
            "prevent_user_existence_errors": "",
            "read_attributes": null,
            "refresh_token_validity": 30,
            "supported_identity_providers": null,
            "token_validity_units": [],
            "user_pool_id": "ap-southeast-2_ph6pBCB2q",
            "write_attributes": null
          },
          "sensitive_attributes": [],
          "private": "bnVsbA==",
          "dependencies": [
            "aws_cognito_user_pool.kibana"
          ]
        }
      ]
    },
    {
      "mode": "managed",
      "type": "aws_cognito_user_pool_domain",
      "name": "kibana",
      "provider": "provider[\"registry.terraform.io/hashicorp/aws\"]",
      "instances": [
        {
          "schema_version": 0,
          "attributes": {
            "aws_account_id": "264100014405",
            "certificate_arn": "",
            "cloudfront_distribution_arn": "d18k7b2git647n.cloudfront.net",
            "domain": "kibana-elk",
            "id": "kibana-elk",
            "s3_bucket": "aws-cognito-prod-syd-assets",
            "user_pool_id": "ap-southeast-2_ph6pBCB2q",
            "version": "20210616003054"
          },
          "sensitive_attributes": [],
          "private": "bnVsbA==",
          "dependencies": [
            "aws_cognito_user_pool.kibana"
          ]
        }
      ]
    },
    {
      "mode": "managed",
      "type": "aws_efs_file_system",
      "name": "efs_file_system",
      "provider": "provider[\"registry.terraform.io/hashicorp/aws\"]",
      "instances": [
        {
          "schema_version": 0,
          "attributes": {
            "arn": "arn:aws:elasticfilesystem:ap-southeast-2:264100014405:file-system/fs-8c4775b4",
            "availability_zone_id": "",
            "availability_zone_name": "",
            "creation_token": "terraform-20210614113802470700000001",
            "dns_name": "fs-8c4775b4.efs.ap-southeast-2.amazonaws.com",
            "encrypted": false,
            "id": "fs-8c4775b4",
            "kms_key_id": "",
            "lifecycle_policy": [],
            "number_of_mount_targets": 2,
            "owner_id": "264100014405",
            "performance_mode": "generalPurpose",
            "provisioned_throughput_in_mibps": 0,
            "size_in_bytes": [
              {
                "value": 4716544,
                "value_in_ia": 0,
                "value_in_standard": 4716544
              }
            ],
            "tags": {
              "COMPONENT_NAME": "elk"
            },
            "tags_all": {
              "COMPONENT_NAME": "elk"
            },
            "throughput_mode": "bursting"
          },
          "sensitive_attributes": [],
          "private": "bnVsbA=="
        }
      ]
    },
    {
      "mode": "managed",
      "type": "aws_efs_mount_target",
      "name": "efs_mount_target_sn1",
      "provider": "provider[\"registry.terraform.io/hashicorp/aws\"]",
      "instances": [
        {
          "schema_version": 0,
          "attributes": {
            "availability_zone_id": "apse2-az1",
            "availability_zone_name": "ap-southeast-2a",
            "dns_name": "fs-8c4775b4.efs.ap-southeast-2.amazonaws.com",
            "file_system_arn": "arn:aws:elasticfilesystem:ap-southeast-2:264100014405:file-system/fs-8c4775b4",
            "file_system_id": "fs-8c4775b4",
            "id": "fsmt-8e4377b7",
            "ip_address": "10.0.1.187",
            "mount_target_dns_name": "ap-southeast-2a.fs-8c4775b4.efs.ap-southeast-2.amazonaws.com",
            "network_interface_id": "eni-0b0ca35b516fa80c1",
            "owner_id": "264100014405",
            "security_groups": [
              "sg-073169c87ac1fdfa2"
            ],
            "subnet_id": "subnet-04c21a0b4667abbe0"
          },
          "sensitive_attributes": [],
          "private": "bnVsbA==",
          "dependencies": [
            "aws_efs_file_system.efs_file_system",
            "aws_security_group.efs_sg",
            "data.aws_availability_zones.available",
            "module.vpc.aws_subnet.private",
            "module.vpc.aws_vpc.this",
            "module.vpc.aws_vpc_ipv4_cidr_block_association.this"
          ]
        }
      ]
    },
    {
      "mode": "managed",
      "type": "aws_efs_mount_target",
      "name": "efs_mount_target_sn2",
      "provider": "provider[\"registry.terraform.io/hashicorp/aws\"]",
      "instances": [
        {
          "schema_version": 0,
          "attributes": {
            "availability_zone_id": "apse2-az3",
            "availability_zone_name": "ap-southeast-2b",
            "dns_name": "fs-8c4775b4.efs.ap-southeast-2.amazonaws.com",
            "file_system_arn": "arn:aws:elasticfilesystem:ap-southeast-2:264100014405:file-system/fs-8c4775b4",
            "file_system_id": "fs-8c4775b4",
            "id": "fsmt-814377b8",
            "ip_address": "10.0.2.129",
            "mount_target_dns_name": "ap-southeast-2b.fs-8c4775b4.efs.ap-southeast-2.amazonaws.com",
            "network_interface_id": "eni-0c85d96981e68a01c",
            "owner_id": "264100014405",
            "security_groups": [
              "sg-073169c87ac1fdfa2"
            ],
            "subnet_id": "subnet-05064f37ff72c981b"
          },
          "sensitive_attributes": [],
          "private": "bnVsbA==",
          "dependencies": [
            "module.vpc.aws_vpc_ipv4_cidr_block_association.this",
            "aws_efs_file_system.efs_file_system",
            "aws_security_group.efs_sg",
            "data.aws_availability_zones.available",
            "module.vpc.aws_subnet.private",
            "module.vpc.aws_vpc.this"
          ]
        }
      ]
    },
    {
      "mode": "managed",
      "type": "aws_eks_cluster",
      "name": "elk",
      "provider": "provider[\"registry.terraform.io/hashicorp/aws\"]",
      "instances": [
        {
          "schema_version": 0,
          "attributes": {
            "arn": "arn:aws:eks:ap-southeast-2:264100014405:cluster/elk",
            "certificate_authority": [
              {
                "data": "LS0tLS1CRUdJTiBDRVJUSUZJQ0FURS0tLS0tCk1JSUM1ekNDQWMrZ0F3SUJBZ0lCQURBTkJna3Foa2lHOXcwQkFRc0ZBREFWTVJNd0VRWURWUVFERXdwcmRXSmwKY201bGRHVnpNQjRYRFRJeE1EWXhOREV4TkRNek5Gb1hEVE14TURZeE1qRXhORE16TkZvd0ZURVRNQkVHQTFVRQpBeE1LYTNWaVpYSnVaWFJsY3pDQ0FTSXdEUVlKS29aSWh2Y05BUUVCQlFBRGdnRVBBRENDQVFvQ2dnRUJBT0tpCmtoRVg3c3c5M001blh2UEl2SklRRXpKTWZDemdhRjBaYU5adEFPbkxmRGg1RThoblFyMXNBbnpvZjFjYWV6TG4KYTdYTHkyeHNnZW9ZcldmZmxDUE04azNKZFNqOUxVdSsreDRoVEM0ZkRBcGx1dzBwendxTXMxUWNWZEtaNFRsZgo4MjUreXByRUtiRDBlODdDeHA2WmRleXlmbjl6WFFMUGhoeXRtdmYwZ0xzamlSWEdkdTZmUUZwNHdUQWJDOEJCClgvSWJISzEzRjJmbmtEK1FHMXJNNUl6TDQvZ2pTbXUvUFNKcXp2aDJ0UEdnU3VQbFRzRm9obENLeUhlZW83RVkKTUVYQUo2TzdZaHd4a2xtYU9pTnIrcnhJQTlQTlZvQjFjVXVONmNGTmtHVTREVTdSSmluOHBnT05xQVd2cm0wNgpxSXhsMjB4WHhQeGJ3bkJjYndzQ0F3RUFBYU5DTUVBd0RnWURWUjBQQVFIL0JBUURBZ0trTUE4R0ExVWRFd0VCCi93UUZNQU1CQWY4d0hRWURWUjBPQkJZRUZCMVpsTW9GWmdxWjdhUVZNekJSUnNiNEpvampNQTBHQ1NxR1NJYjMKRFFFQkN3VUFBNElCQVFBWnlEQk5rN01yMjBlaEZVTVhsSVFJVHp4RTdnZUhzcUdQWjFPbkJnWUFmUE5Ua1JzQwovd0Q2dGU2b2NyN0xOTCtSYjhaSGhBTTBNZHlJa1dQYmRUaEpodEFhc1k0b1dmb0NWK3VzOWVldFZLS3BDYnQwClpFS1gzSWg3ME51RFVwQnlsem9nQ2dEaXRVOVBqMFBlU1JQR2FzT1FEeWhRK0NnMk41S3luZjhZSndpaU9wZTQKRnp2SWlhRzdRMWl6Z3NlQSt0R2RHRU1Jc1grY25rY0VsOXk0Y3B6K3pCaXljNk1DVWtyV016VFpBYjc0dTFkNQpCNDZTeGMrUjdWejZQaHcvNllqSERsYVVZU0xLVUw2U0l1ZEo1dU9DMzVlZWpxMjEwU2ZDUGtaeHNpZUQyUjI2Ck9vQ0hmWHRZOHoxVjFpc2NIbGtkRXRkUzRVK0FOanZnQS9UOAotLS0tLUVORCBDRVJUSUZJQ0FURS0tLS0tCg=="
              }
            ],
            "created_at": "2021-06-14 11:38:18.876 +0000 UTC",
            "enabled_cluster_log_types": [],
            "encryption_config": [],
            "endpoint": "https://79E1E106F96D7D2D181520FEAAA140B7.gr7.ap-southeast-2.eks.amazonaws.com",
            "id": "elk",
            "identity": [
              {
                "oidc": [
                  {
                    "issuer": "https://oidc.eks.ap-southeast-2.amazonaws.com/id/79E1E106F96D7D2D181520FEAAA140B7"
                  }
                ]
              }
            ],
            "kubernetes_network_config": [
              {
                "service_ipv4_cidr": "172.20.0.0/16"
              }
            ],
            "name": "elk",
            "platform_version": "eks.5",
            "role_arn": "arn:aws:iam::264100014405:role/eks-cluster-elk",
            "status": "ACTIVE",
            "tags": {
              "COMPONENT_NAME": "elk"
            },
            "tags_all": {
              "COMPONENT_NAME": "elk"
            },
            "timeouts": null,
            "version": "1.19",
            "vpc_config": [
              {
                "cluster_security_group_id": "sg-000306d5e4e7f279c",
                "endpoint_private_access": false,
                "endpoint_public_access": true,
                "public_access_cidrs": [
                  "0.0.0.0/0"
                ],
                "security_group_ids": [],
                "subnet_ids": [
                  "subnet-04c21a0b4667abbe0",
                  "subnet-05064f37ff72c981b"
                ],
                "vpc_id": "vpc-0ec5882f3d391162d"
              }
            ]
          },
          "sensitive_attributes": [],
          "private": "eyJlMmJmYjczMC1lY2FhLTExZTYtOGY4OC0zNDM2M2JjN2M0YzAiOnsiY3JlYXRlIjoxODAwMDAwMDAwMDAwLCJkZWxldGUiOjkwMDAwMDAwMDAwMCwidXBkYXRlIjozNjAwMDAwMDAwMDAwfX0=",
          "dependencies": [
            "aws_iam_role.elk",
            "aws_iam_role_policy_attachment.elk-AmazonEKSClusterPolicy",
            "aws_iam_role_policy_attachment.elk-AmazonEKSVPCResourceController",
            "data.aws_availability_zones.available",
            "module.vpc.aws_subnet.private",
            "module.vpc.aws_vpc.this",
            "module.vpc.aws_vpc_ipv4_cidr_block_association.this"
          ]
        }
      ]
    },
    {
      "mode": "managed",
      "type": "aws_eks_fargate_profile",
      "name": "elk",
      "provider": "provider[\"registry.terraform.io/hashicorp/aws\"]",
      "instances": [
        {
          "schema_version": 0,
          "attributes": {
            "arn": "arn:aws:eks:ap-southeast-2:264100014405:fargateprofile/elk/elk_profile/60bd052d-28b1-92c5-55f7-92f6e26172d2",
            "cluster_name": "elk",
            "fargate_profile_name": "elk_profile",
            "id": "elk:elk_profile",
            "pod_execution_role_arn": "arn:aws:iam::264100014405:role/eks-fargate-profile",
            "selector": [
              {
                "labels": {},
                "namespace": "cert-manager"
              },
              {
                "labels": {},
                "namespace": "default"
              },
              {
                "labels": {},
                "namespace": "kube-system"
              }
            ],
            "status": "ACTIVE",
            "subnet_ids": [
              "subnet-04c21a0b4667abbe0",
              "subnet-05064f37ff72c981b"
            ],
            "tags": {
              "COMPONENT_NAME": "elk"
            },
            "tags_all": {
              "COMPONENT_NAME": "elk"
            },
            "timeouts": null
          },
          "sensitive_attributes": [],
          "private": "eyJlMmJmYjczMC1lY2FhLTExZTYtOGY4OC0zNDM2M2JjN2M0YzAiOnsiY3JlYXRlIjo2MDAwMDAwMDAwMDAsImRlbGV0ZSI6NjAwMDAwMDAwMDAwfX0=",
          "dependencies": [
            "module.vpc.aws_vpc_ipv4_cidr_block_association.this",
            "aws_eks_cluster.elk",
            "aws_iam_role_policy_attachment.elk-AmazonEKSClusterPolicy",
            "aws_iam_role_policy_attachment.elk-AmazonEKSVPCResourceController",
            "module.vpc.aws_subnet.private",
            "module.vpc.aws_vpc.this",
            "aws_iam_role.elk",
            "aws_iam_role.fargate_profile",
            "data.aws_availability_zones.available"
          ]
        }
      ]
    },
    {
      "mode": "managed",
      "type": "aws_iam_openid_connect_provider",
      "name": "elk",
      "provider": "provider[\"registry.terraform.io/hashicorp/aws\"]",
      "instances": [
        {
          "schema_version": 0,
          "attributes": {
            "arn": "arn:aws:iam::264100014405:oidc-provider/oidc.eks.ap-southeast-2.amazonaws.com/id/79E1E106F96D7D2D181520FEAAA140B7",
            "client_id_list": [
              "sts.amazonaws.com"
            ],
            "id": "arn:aws:iam::264100014405:oidc-provider/oidc.eks.ap-southeast-2.amazonaws.com/id/79E1E106F96D7D2D181520FEAAA140B7",
            "tags": {
              "COMPONENT_NAME": "elk"
            },
            "tags_all": {
              "COMPONENT_NAME": "elk"
            },
            "thumbprint_list": [
              "9e99a48a9960b14926bb7f3b02e22da2b0ab7280"
            ],
            "url": "oidc.eks.ap-southeast-2.amazonaws.com/id/79E1E106F96D7D2D181520FEAAA140B7"
          },
          "sensitive_attributes": [],
          "private": "bnVsbA==",
          "dependencies": [
            "aws_iam_role_policy_attachment.elk-AmazonEKSVPCResourceController",
            "data.aws_availability_zones.available",
            "module.vpc.aws_subnet.private",
            "module.vpc.aws_vpc_ipv4_cidr_block_association.this",
            "module.vpc.aws_vpc.this",
            "aws_eks_cluster.elk",
            "aws_iam_role.elk",
            "aws_iam_role_policy_attachment.elk-AmazonEKSClusterPolicy",
            "data.tls_certificate.elk"
          ]
        }
      ]
    },
    {
      "mode": "managed",
      "type": "aws_iam_policy",
      "name": "efs_csi_driverpolicy",
      "provider": "provider[\"registry.terraform.io/hashicorp/aws\"]",
      "instances": [
        {
          "schema_version": 0,
          "attributes": {
            "arn": "arn:aws:iam::264100014405:policy/elk_efs_csi_driverpolicy",
            "description": "AmazonEKS_EFS_CSI_Driver_Policy",
            "id": "arn:aws:iam::264100014405:policy/elk_efs_csi_driverpolicy",
            "name": "elk_efs_csi_driverpolicy",
            "name_prefix": null,
            "path": "/",
            "policy": "{\"Statement\":[{\"Action\":[\"elasticfilesystem:*\"],\"Effect\":\"Allow\",\"Resource\":\"*\"}],\"Version\":\"2012-10-17\"}",
            "policy_id": "ANPAT27MWNFC5HAFY6F7A",
            "tags": {
              "COMPONENT_NAME": "elk"
            },
            "tags_all": {
              "COMPONENT_NAME": "elk"
            }
          },
          "sensitive_attributes": [],
          "private": "bnVsbA=="
        }
      ]
    },
    {
      "mode": "managed",
      "type": "aws_iam_policy",
      "name": "policy",
      "provider": "provider[\"registry.terraform.io/hashicorp/aws\"]",
      "instances": [
        {
          "schema_version": 0,
          "attributes": {
            "arn": "arn:aws:iam::264100014405:policy/AWSLoadBalancerControllerIAMPolicy-elk",
            "description": "AWSLoadBalancerControllerIAMPolicy",
            "id": "arn:aws:iam::264100014405:policy/AWSLoadBalancerControllerIAMPolicy-elk",
            "name": "AWSLoadBalancerControllerIAMPolicy-elk",
            "name_prefix": null,
            "path": "/",
            "policy": "{\"Statement\":[{\"Action\":[\"log:*\",\"ec2:*\",\"iam:*\",\"elasticloadbalancing:*\",\"cognito-idp:*\",\"acm:*\",\"waf:*\",\"wafv2:*\",\"waf-regional:*\",\"shield:*\",\"tag:*\"],\"Effect\":\"Allow\",\"Resource\":\"*\"}],\"Version\":\"2012-10-17\"}",
            "policy_id": "ANPAT27MWNFCRYDJHAOE4",
            "tags": {},
            "tags_all": {}
          },
          "sensitive_attributes": [],
          "private": "bnVsbA=="
        }
      ]
    },
    {
      "mode": "managed",
      "type": "aws_iam_role",
      "name": "elk",
      "provider": "provider[\"registry.terraform.io/hashicorp/aws\"]",
      "instances": [
        {
          "schema_version": 0,
          "attributes": {
            "arn": "arn:aws:iam::264100014405:role/eks-cluster-elk",
            "assume_role_policy": "{\"Version\":\"2012-10-17\",\"Statement\":[{\"Effect\":\"Allow\",\"Principal\":{\"Service\":\"eks.amazonaws.com\"},\"Action\":\"sts:AssumeRole\"}]}",
            "create_date": "2021-06-14T11:38:03Z",
            "description": "",
            "force_detach_policies": false,
            "id": "eks-cluster-elk",
            "inline_policy": [
              {
                "name": "",
                "policy": ""
              }
            ],
            "managed_policy_arns": [
              "arn:aws:iam::264100014405:policy/AWSLoadBalancerControllerIAMPolicy-elk",
              "arn:aws:iam::aws:policy/AmazonEKSClusterPolicy",
              "arn:aws:iam::aws:policy/AmazonEKSVPCResourceController"
            ],
            "max_session_duration": 3600,
            "name": "eks-cluster-elk",
            "name_prefix": null,
            "path": "/",
            "permissions_boundary": null,
            "tags": {
              "COMPONENT_NAME": "elk"
            },
            "tags_all": {
              "COMPONENT_NAME": "elk"
            },
            "unique_id": "AROAT27MWNFC3HKZCUZUG"
          },
          "sensitive_attributes": [],
          "private": "bnVsbA=="
        }
      ]
    },
    {
      "mode": "managed",
      "type": "aws_iam_role",
      "name": "elk_alb_sc",
      "provider": "provider[\"registry.terraform.io/hashicorp/aws\"]",
      "instances": [
        {
          "schema_version": 0,
          "attributes": {
            "arn": "arn:aws:iam::264100014405:role/eks-alb-sa-elk",
            "assume_role_policy": "{\"Version\":\"2012-10-17\",\"Statement\":[{\"Sid\":\"\",\"Effect\":\"Allow\",\"Principal\":{\"Federated\":\"arn:aws:iam::264100014405:oidc-provider/oidc.eks.ap-southeast-2.amazonaws.com/id/79E1E106F96D7D2D181520FEAAA140B7\"},\"Action\":\"sts:AssumeRoleWithWebIdentity\"}]}",
            "create_date": "2021-06-14T11:48:52Z",
            "description": "",
            "force_detach_policies": false,
            "id": "eks-alb-sa-elk",
            "inline_policy": [
              {
                "name": "elk_alb_sc_policy",
                "policy": "{\"Statement\":[{\"Action\":[\"log:*\",\"ec2:*\",\"iam:*\",\"elasticloadbalancing:*\",\"cognito-idp:*\",\"acm:*\",\"elasticfilesystem:*\",\"wafv2:*\",\"waf-regional:*\"],\"Effect\":\"Allow\",\"Resource\":\"*\"}],\"Version\":\"2012-10-17\"}"
              }
            ],
            "managed_policy_arns": [],
            "max_session_duration": 3600,
            "name": "eks-alb-sa-elk",
            "name_prefix": null,
            "path": "/",
            "permissions_boundary": null,
            "tags": {},
            "tags_all": {},
            "unique_id": "AROAT27MWNFC3FQOZ4FON"
          },
          "sensitive_attributes": [],
          "private": "bnVsbA==",
          "dependencies": [
            "module.vpc.aws_vpc_ipv4_cidr_block_association.this",
            "aws_iam_role_policy_attachment.elk-AmazonEKSClusterPolicy",
            "aws_iam_role_policy_attachment.elk-AmazonEKSVPCResourceController",
            "data.aws_availability_zones.available",
            "data.tls_certificate.elk",
            "module.vpc.aws_vpc.this",
            "aws_eks_cluster.elk",
            "aws_iam_openid_connect_provider.elk",
            "aws_iam_role.elk",
            "data.aws_iam_policy_document.elk_alb_sa",
            "module.vpc.aws_subnet.private"
          ]
        }
      ]
    },
    {
      "mode": "managed",
      "type": "aws_iam_role",
      "name": "fargate_profile",
      "provider": "provider[\"registry.terraform.io/hashicorp/aws\"]",
      "instances": [
        {
          "schema_version": 0,
          "attributes": {
            "arn": "arn:aws:iam::264100014405:role/eks-fargate-profile",
            "assume_role_policy": "{\"Version\":\"2012-10-17\",\"Statement\":[{\"Effect\":\"Allow\",\"Principal\":{\"Service\":\"eks-fargate-pods.amazonaws.com\"},\"Action\":\"sts:AssumeRole\"}]}",
            "create_date": "2021-06-14T11:38:03Z",
            "description": "",
            "force_detach_policies": false,
            "id": "eks-fargate-profile",
            "inline_policy": [
              {
                "name": "fargate_profile_policy",
                "policy": "{\"Statement\":[{\"Action\":[\"log:*\",\"ec2:*\",\"iam:*\",\"elasticloadbalancing:*\",\"cognito-idp:*\",\"acm:*\",\"elasticfilesystem:*\"],\"Effect\":\"Allow\",\"Resource\":\"*\"}],\"Version\":\"2012-10-17\"}"
              }
            ],
            "managed_policy_arns": [
              "arn:aws:iam::aws:policy/AmazonEKSFargatePodExecutionRolePolicy"
            ],
            "max_session_duration": 3600,
            "name": "eks-fargate-profile",
            "name_prefix": null,
            "path": "/",
            "permissions_boundary": null,
            "tags": {
              "COMPONENT_NAME": "elk"
            },
            "tags_all": {
              "COMPONENT_NAME": "elk"
            },
            "unique_id": "AROAT27MWNFCSY4G2VSVE"
          },
          "sensitive_attributes": [],
          "private": "bnVsbA=="
        }
      ]
    },
    {
      "mode": "managed",
      "type": "aws_iam_role_policy_attachment",
      "name": "AmazonEKSFargatePodExecutionRolePolicy",
      "provider": "provider[\"registry.terraform.io/hashicorp/aws\"]",
      "instances": [
        {
          "schema_version": 0,
          "attributes": {
            "id": "eks-fargate-profile-20210614113814930500000005",
            "policy_arn": "arn:aws:iam::aws:policy/AmazonEKSFargatePodExecutionRolePolicy",
            "role": "eks-fargate-profile"
          },
          "sensitive_attributes": [],
          "private": "bnVsbA==",
          "dependencies": [
            "aws_iam_role.fargate_profile"
          ]
        }
      ]
    },
    {
      "mode": "managed",
      "type": "aws_iam_role_policy_attachment",
      "name": "elk-AmazonEKSClusterPolicy",
      "provider": "provider[\"registry.terraform.io/hashicorp/aws\"]",
      "instances": [
        {
          "schema_version": 0,
          "attributes": {
            "id": "eks-cluster-elk-20210614113812945800000003",
            "policy_arn": "arn:aws:iam::aws:policy/AmazonEKSClusterPolicy",
            "role": "eks-cluster-elk"
          },
          "sensitive_attributes": [],
          "private": "bnVsbA==",
          "dependencies": [
            "aws_iam_role.elk"
          ]
        }
      ]
    },
    {
      "mode": "managed",
      "type": "aws_iam_role_policy_attachment",
      "name": "elk-AmazonEKSVPCResourceController",
      "provider": "provider[\"registry.terraform.io/hashicorp/aws\"]",
      "instances": [
        {
          "schema_version": 0,
          "attributes": {
            "id": "eks-cluster-elk-20210614113812954200000004",
            "policy_arn": "arn:aws:iam::aws:policy/AmazonEKSVPCResourceController",
            "role": "eks-cluster-elk"
          },
          "sensitive_attributes": [],
          "private": "bnVsbA==",
          "dependencies": [
            "aws_iam_role.elk"
          ]
        }
      ]
    },
    {
      "mode": "managed",
      "type": "aws_iam_role_policy_attachment",
      "name": "elk-tag-policy",
      "provider": "provider[\"registry.terraform.io/hashicorp/aws\"]",
      "instances": [
        {
          "schema_version": 0,
          "attributes": {
            "id": "eks-cluster-elk-20210614113812939200000002",
            "policy_arn": "arn:aws:iam::264100014405:policy/AWSLoadBalancerControllerIAMPolicy-elk",
            "role": "eks-cluster-elk"
          },
          "sensitive_attributes": [],
          "private": "bnVsbA==",
          "dependencies": [
            "aws_iam_policy.policy",
            "aws_iam_role.elk"
          ]
        }
      ]
    },
    {
      "mode": "managed",
      "type": "aws_security_group",
      "name": "all_worker_mgmt",
      "provider": "provider[\"registry.terraform.io/hashicorp/aws\"]",
      "instances": [
        {
          "schema_version": 1,
          "attributes": {
            "arn": "arn:aws:ec2:ap-southeast-2:264100014405:security-group/sg-01a496d759a3bcf60",
            "description": "Managed by Terraform",
            "egress": [],
            "id": "sg-01a496d759a3bcf60",
            "ingress": [
              {
                "cidr_blocks": [
                  "10.0.0.0/8",
                  "172.16.0.0/12",
                  "192.168.0.0/16"
                ],
                "description": "",
                "from_port": 22,
                "ipv6_cidr_blocks": [],
                "prefix_list_ids": [],
                "protocol": "tcp",
                "security_groups": [],
                "self": false,
                "to_port": 22
              }
            ],
            "name": "all_worker_management20210614113815184600000006",
            "name_prefix": "all_worker_management",
            "owner_id": "264100014405",
            "revoke_rules_on_delete": false,
            "tags": {},
            "tags_all": {},
            "timeouts": null,
            "vpc_id": "vpc-0ec5882f3d391162d"
          },
          "sensitive_attributes": [],
          "private": "eyJlMmJmYjczMC1lY2FhLTExZTYtOGY4OC0zNDM2M2JjN2M0YzAiOnsiY3JlYXRlIjo2MDAwMDAwMDAwMDAsImRlbGV0ZSI6OTAwMDAwMDAwMDAwfSwic2NoZW1hX3ZlcnNpb24iOiIxIn0=",
          "dependencies": [
            "module.vpc.aws_vpc.this"
          ]
        }
      ]
    },
    {
      "mode": "managed",
      "type": "aws_security_group",
      "name": "efs_sg",
      "provider": "provider[\"registry.terraform.io/hashicorp/aws\"]",
      "instances": [
        {
          "schema_version": 1,
          "attributes": {
            "arn": "arn:aws:ec2:ap-southeast-2:264100014405:security-group/sg-073169c87ac1fdfa2",
            "description": "security group with an inbound rule that allows inbound NFS traffic for your Amazon EFS mount points",
            "egress": [
              {
                "cidr_blocks": [
                  "0.0.0.0/0"
                ],
                "description": "",
                "from_port": 0,
                "ipv6_cidr_blocks": [
                  "::/0"
                ],
                "prefix_list_ids": [],
                "protocol": "-1",
                "security_groups": [],
                "self": false,
                "to_port": 0
              }
            ],
            "id": "sg-073169c87ac1fdfa2",
            "ingress": [
              {
                "cidr_blocks": [
                  "10.0.0.0/16"
                ],
                "description": "allows inbound NFS traffic from the CIDR for your cluster VPC",
                "from_port": 2049,
                "ipv6_cidr_blocks": [],
                "prefix_list_ids": [],
                "protocol": "tcp",
                "security_groups": [],
                "self": false,
                "to_port": 2049
              }
            ],
            "name": "elk_efs",
            "name_prefix": "",
            "owner_id": "264100014405",
            "revoke_rules_on_delete": false,
            "tags": {
              "COMPONENT_NAME": "elk"
            },
            "tags_all": {
              "COMPONENT_NAME": "elk"
            },
            "timeouts": null,
            "vpc_id": "vpc-0ec5882f3d391162d"
          },
          "sensitive_attributes": [],
          "private": "eyJlMmJmYjczMC1lY2FhLTExZTYtOGY4OC0zNDM2M2JjN2M0YzAiOnsiY3JlYXRlIjo2MDAwMDAwMDAwMDAsImRlbGV0ZSI6OTAwMDAwMDAwMDAwfSwic2NoZW1hX3ZlcnNpb24iOiIxIn0=",
          "dependencies": [
            "module.vpc.aws_vpc.this"
          ]
        }
      ]
    },
    {
      "mode": "managed",
      "type": "aws_security_group",
      "name": "worker_group_mgmt_one",
      "provider": "provider[\"registry.terraform.io/hashicorp/aws\"]",
      "instances": [
        {
          "schema_version": 1,
          "attributes": {
            "arn": "arn:aws:ec2:ap-southeast-2:264100014405:security-group/sg-04d795df64b3cc74a",
            "description": "Managed by Terraform",
            "egress": [],
            "id": "sg-04d795df64b3cc74a",
            "ingress": [
              {
                "cidr_blocks": [
                  "10.0.0.0/8"
                ],
                "description": "",
                "from_port": 22,
                "ipv6_cidr_blocks": [],
                "prefix_list_ids": [],
                "protocol": "tcp",
                "security_groups": [],
                "self": false,
                "to_port": 22
              }
            ],
            "name": "worker_group_mgmt_one20210614113815186300000007",
            "name_prefix": "worker_group_mgmt_one",
            "owner_id": "264100014405",
            "revoke_rules_on_delete": false,
            "tags": {},
            "tags_all": {},
            "timeouts": null,
            "vpc_id": "vpc-0ec5882f3d391162d"
          },
          "sensitive_attributes": [],
          "private": "eyJlMmJmYjczMC1lY2FhLTExZTYtOGY4OC0zNDM2M2JjN2M0YzAiOnsiY3JlYXRlIjo2MDAwMDAwMDAwMDAsImRlbGV0ZSI6OTAwMDAwMDAwMDAwfSwic2NoZW1hX3ZlcnNpb24iOiIxIn0=",
          "dependencies": [
            "module.vpc.aws_vpc.this"
          ]
        }
      ]
    },
    {
      "mode": "managed",
      "type": "aws_security_group",
      "name": "worker_group_mgmt_two",
      "provider": "provider[\"registry.terraform.io/hashicorp/aws\"]",
      "instances": [
        {
          "schema_version": 1,
          "attributes": {
            "arn": "arn:aws:ec2:ap-southeast-2:264100014405:security-group/sg-0210ef4c559ab70ed",
            "description": "Managed by Terraform",
            "egress": [],
            "id": "sg-0210ef4c559ab70ed",
            "ingress": [
              {
                "cidr_blocks": [
                  "192.168.0.0/16"
                ],
                "description": "",
                "from_port": 22,
                "ipv6_cidr_blocks": [],
                "prefix_list_ids": [],
                "protocol": "tcp",
                "security_groups": [],
                "self": false,
                "to_port": 22
              }
            ],
            "name": "worker_group_mgmt_two20210614113816213900000008",
            "name_prefix": "worker_group_mgmt_two",
            "owner_id": "264100014405",
            "revoke_rules_on_delete": false,
            "tags": {},
            "tags_all": {},
            "timeouts": null,
            "vpc_id": "vpc-0ec5882f3d391162d"
          },
          "sensitive_attributes": [],
          "private": "eyJlMmJmYjczMC1lY2FhLTExZTYtOGY4OC0zNDM2M2JjN2M0YzAiOnsiY3JlYXRlIjo2MDAwMDAwMDAwMDAsImRlbGV0ZSI6OTAwMDAwMDAwMDAwfSwic2NoZW1hX3ZlcnNpb24iOiIxIn0=",
          "dependencies": [
            "module.vpc.aws_vpc.this"
          ]
        }
      ]
    },
    {
      "mode": "managed",
      "type": "random_string",
      "name": "suffix",
      "provider": "provider[\"registry.terraform.io/hashicorp/random\"]",
      "instances": [
        {
          "schema_version": 1,
          "attributes": {
            "id": "rmIL5o52",
            "keepers": null,
            "length": 8,
            "lower": true,
            "min_lower": 0,
            "min_numeric": 0,
            "min_special": 0,
            "min_upper": 0,
            "number": true,
            "override_special": null,
            "result": "rmIL5o52",
            "special": false,
            "upper": true
          },
          "sensitive_attributes": [],
          "private": "eyJzY2hlbWFfdmVyc2lvbiI6IjEifQ=="
        }
      ]
    },
    {
      "module": "module.vpc",
      "mode": "managed",
      "type": "aws_eip",
      "name": "nat",
      "provider": "provider[\"registry.terraform.io/hashicorp/aws\"]",
      "instances": [
        {
          "index_key": 0,
          "schema_version": 0,
          "attributes": {
            "address": null,
            "allocation_id": null,
            "associate_with_private_ip": null,
            "association_id": "eipassoc-0559c304a936a4f94",
            "carrier_ip": "",
            "customer_owned_ip": "",
            "customer_owned_ipv4_pool": "",
            "domain": "vpc",
            "id": "eipalloc-0706f60b92a211b68",
            "instance": "",
            "network_border_group": "ap-southeast-2",
            "network_interface": "eni-02113f3ec7fc176b6",
            "private_dns": "ip-10-0-4-191.ap-southeast-2.compute.internal",
            "private_ip": "10.0.4.191",
            "public_dns": "ec2-54-66-158-33.ap-southeast-2.compute.amazonaws.com",
            "public_ip": "54.66.158.33",
            "public_ipv4_pool": "amazon",
            "tags": {
              "COMPONENT_NAME": "elk",
              "Name": "elk-vpc-ap-southeast-2a",
              "kubernetes.io/cluster/elk": "shared"
            },
            "tags_all": {
              "COMPONENT_NAME": "elk",
              "Name": "elk-vpc-ap-southeast-2a",
              "kubernetes.io/cluster/elk": "shared"
            },
            "timeouts": null,
            "vpc": true
          },
          "sensitive_attributes": [],
          "private": "eyJlMmJmYjczMC1lY2FhLTExZTYtOGY4OC0zNDM2M2JjN2M0YzAiOnsiZGVsZXRlIjoxODAwMDAwMDAwMDAsInJlYWQiOjkwMDAwMDAwMDAwMCwidXBkYXRlIjozMDAwMDAwMDAwMDB9fQ==",
          "dependencies": [
            "data.aws_availability_zones.available"
          ]
        }
      ]
    },
    {
      "module": "module.vpc",
      "mode": "managed",
      "type": "aws_internet_gateway",
      "name": "this",
      "provider": "provider[\"registry.terraform.io/hashicorp/aws\"]",
      "instances": [
        {
          "index_key": 0,
          "schema_version": 0,
          "attributes": {
            "arn": "arn:aws:ec2:ap-southeast-2:264100014405:internet-gateway/igw-0094fcc5451f5e125",
            "id": "igw-0094fcc5451f5e125",
            "owner_id": "264100014405",
            "tags": {
              "COMPONENT_NAME": "elk",
              "Name": "elk-vpc",
              "kubernetes.io/cluster/elk": "shared"
            },
            "tags_all": {
              "COMPONENT_NAME": "elk",
              "Name": "elk-vpc",
              "kubernetes.io/cluster/elk": "shared"
            },
            "vpc_id": "vpc-0ec5882f3d391162d"
          },
          "sensitive_attributes": [],
          "private": "bnVsbA==",
          "dependencies": [
            "module.vpc.aws_vpc.this",
            "module.vpc.aws_vpc_ipv4_cidr_block_association.this"
          ]
        }
      ]
    },
    {
      "module": "module.vpc",
      "mode": "managed",
      "type": "aws_nat_gateway",
      "name": "this",
      "provider": "provider[\"registry.terraform.io/hashicorp/aws\"]",
      "instances": [
        {
          "index_key": 0,
          "schema_version": 0,
          "attributes": {
            "allocation_id": "eipalloc-0706f60b92a211b68",
            "id": "nat-0f380a8b629ba1943",
            "network_interface_id": "eni-02113f3ec7fc176b6",
            "private_ip": "10.0.4.191",
            "public_ip": "54.66.158.33",
            "subnet_id": "subnet-0aa7d811b360ceb70",
            "tags": {
              "COMPONENT_NAME": "elk",
              "Name": "elk-vpc-ap-southeast-2a",
              "kubernetes.io/cluster/elk": "shared"
            },
            "tags_all": {
              "COMPONENT_NAME": "elk",
              "Name": "elk-vpc-ap-southeast-2a",
              "kubernetes.io/cluster/elk": "shared"
            }
          },
          "sensitive_attributes": [],
          "private": "bnVsbA==",
          "dependencies": [
            "module.vpc.aws_eip.nat",
            "module.vpc.aws_internet_gateway.this",
            "module.vpc.aws_subnet.public",
            "module.vpc.aws_vpc.this",
            "module.vpc.aws_vpc_ipv4_cidr_block_association.this",
            "data.aws_availability_zones.available"
          ]
        }
      ]
    },
    {
      "module": "module.vpc",
      "mode": "managed",
      "type": "aws_route",
      "name": "private_nat_gateway",
      "provider": "provider[\"registry.terraform.io/hashicorp/aws\"]",
      "instances": [
        {
          "index_key": 0,
          "schema_version": 0,
          "attributes": {
            "carrier_gateway_id": "",
            "destination_cidr_block": "0.0.0.0/0",
            "destination_ipv6_cidr_block": "",
            "destination_prefix_list_id": "",
            "egress_only_gateway_id": "",
            "gateway_id": "",
            "id": "r-rtb-01f3d04e0a6f7fe601080289494",
            "instance_id": "",
            "instance_owner_id": "",
            "local_gateway_id": "",
            "nat_gateway_id": "nat-0f380a8b629ba1943",
            "network_interface_id": "",
            "origin": "CreateRoute",
            "route_table_id": "rtb-01f3d04e0a6f7fe60",
            "state": "active",
            "timeouts": {
              "create": "5m",
              "delete": null
            },
            "transit_gateway_id": "",
            "vpc_endpoint_id": "",
            "vpc_peering_connection_id": ""
          },
          "sensitive_attributes": [],
          "private": "eyJlMmJmYjczMC1lY2FhLTExZTYtOGY4OC0zNDM2M2JjN2M0YzAiOnsiY3JlYXRlIjozMDAwMDAwMDAwMDAsImRlbGV0ZSI6MzAwMDAwMDAwMDAwfX0=",
          "dependencies": [
            "module.vpc.aws_vpc_ipv4_cidr_block_association.this",
            "data.aws_availability_zones.available",
            "module.vpc.aws_eip.nat",
            "module.vpc.aws_internet_gateway.this",
            "module.vpc.aws_nat_gateway.this",
            "module.vpc.aws_route_table.private",
            "module.vpc.aws_subnet.public",
            "module.vpc.aws_vpc.this"
          ]
        }
      ]
    },
    {
      "module": "module.vpc",
      "mode": "managed",
      "type": "aws_route",
      "name": "public_internet_gateway",
      "provider": "provider[\"registry.terraform.io/hashicorp/aws\"]",
      "instances": [
        {
          "index_key": 0,
          "schema_version": 0,
          "attributes": {
            "carrier_gateway_id": "",
            "destination_cidr_block": "0.0.0.0/0",
            "destination_ipv6_cidr_block": "",
            "destination_prefix_list_id": "",
            "egress_only_gateway_id": "",
            "gateway_id": "igw-0094fcc5451f5e125",
            "id": "r-rtb-02dd07e8dfe17994e1080289494",
            "instance_id": "",
            "instance_owner_id": "",
            "local_gateway_id": "",
            "nat_gateway_id": "",
            "network_interface_id": "",
            "origin": "CreateRoute",
            "route_table_id": "rtb-02dd07e8dfe17994e",
            "state": "active",
            "timeouts": {
              "create": "5m",
              "delete": null
            },
            "transit_gateway_id": "",
            "vpc_endpoint_id": "",
            "vpc_peering_connection_id": ""
          },
          "sensitive_attributes": [],
          "private": "eyJlMmJmYjczMC1lY2FhLTExZTYtOGY4OC0zNDM2M2JjN2M0YzAiOnsiY3JlYXRlIjozMDAwMDAwMDAwMDAsImRlbGV0ZSI6MzAwMDAwMDAwMDAwfX0=",
          "dependencies": [
            "module.vpc.aws_route_table.public",
            "module.vpc.aws_vpc.this",
            "module.vpc.aws_vpc_ipv4_cidr_block_association.this",
            "module.vpc.aws_internet_gateway.this"
          ]
        }
      ]
    },
    {
      "module": "module.vpc",
      "mode": "managed",
      "type": "aws_route_table",
      "name": "private",
      "provider": "provider[\"registry.terraform.io/hashicorp/aws\"]",
      "instances": [
        {
          "index_key": 0,
          "schema_version": 0,
          "attributes": {
            "arn": "arn:aws:ec2:ap-southeast-2:264100014405:route-table/rtb-01f3d04e0a6f7fe60",
            "id": "rtb-01f3d04e0a6f7fe60",
            "owner_id": "264100014405",
            "propagating_vgws": [],
            "route": [
              {
                "carrier_gateway_id": "",
                "cidr_block": "0.0.0.0/0",
                "destination_prefix_list_id": "",
                "egress_only_gateway_id": "",
                "gateway_id": "",
                "instance_id": "",
                "ipv6_cidr_block": "",
                "local_gateway_id": "",
                "nat_gateway_id": "nat-0f380a8b629ba1943",
                "network_interface_id": "",
                "transit_gateway_id": "",
                "vpc_endpoint_id": "",
                "vpc_peering_connection_id": ""
              }
            ],
            "tags": {
              "COMPONENT_NAME": "elk",
              "Name": "elk-vpc-private",
              "kubernetes.io/cluster/elk": "shared"
            },
            "tags_all": {
              "COMPONENT_NAME": "elk",
              "Name": "elk-vpc-private",
              "kubernetes.io/cluster/elk": "shared"
            },
            "vpc_id": "vpc-0ec5882f3d391162d"
          },
          "sensitive_attributes": [],
          "private": "bnVsbA==",
          "dependencies": [
            "module.vpc.aws_vpc.this",
            "module.vpc.aws_vpc_ipv4_cidr_block_association.this",
            "data.aws_availability_zones.available"
          ]
        }
      ]
    },
    {
      "module": "module.vpc",
      "mode": "managed",
      "type": "aws_route_table",
      "name": "public",
      "provider": "provider[\"registry.terraform.io/hashicorp/aws\"]",
      "instances": [
        {
          "index_key": 0,
          "schema_version": 0,
          "attributes": {
            "arn": "arn:aws:ec2:ap-southeast-2:264100014405:route-table/rtb-02dd07e8dfe17994e",
            "id": "rtb-02dd07e8dfe17994e",
            "owner_id": "264100014405",
            "propagating_vgws": [],
            "route": [
              {
                "carrier_gateway_id": "",
                "cidr_block": "0.0.0.0/0",
                "destination_prefix_list_id": "",
                "egress_only_gateway_id": "",
                "gateway_id": "igw-0094fcc5451f5e125",
                "instance_id": "",
                "ipv6_cidr_block": "",
                "local_gateway_id": "",
                "nat_gateway_id": "",
                "network_interface_id": "",
                "transit_gateway_id": "",
                "vpc_endpoint_id": "",
                "vpc_peering_connection_id": ""
              }
            ],
            "tags": {
              "COMPONENT_NAME": "elk",
              "Name": "elk-vpc-public",
              "kubernetes.io/cluster/elk": "shared"
            },
            "tags_all": {
              "COMPONENT_NAME": "elk",
              "Name": "elk-vpc-public",
              "kubernetes.io/cluster/elk": "shared"
            },
            "vpc_id": "vpc-0ec5882f3d391162d"
          },
          "sensitive_attributes": [],
          "private": "bnVsbA==",
          "dependencies": [
            "module.vpc.aws_vpc.this",
            "module.vpc.aws_vpc_ipv4_cidr_block_association.this"
          ]
        }
      ]
    },
    {
      "module": "module.vpc",
      "mode": "managed",
      "type": "aws_route_table_association",
      "name": "private",
      "provider": "provider[\"registry.terraform.io/hashicorp/aws\"]",
      "instances": [
        {
          "index_key": 0,
          "schema_version": 0,
          "attributes": {
            "gateway_id": null,
            "id": "rtbassoc-073a4d28251b5aabf",
            "route_table_id": "rtb-01f3d04e0a6f7fe60",
            "subnet_id": "subnet-04c21a0b4667abbe0"
          },
          "sensitive_attributes": [],
          "private": "bnVsbA==",
          "dependencies": [
            "data.aws_availability_zones.available",
            "module.vpc.aws_route_table.private",
            "module.vpc.aws_subnet.private",
            "module.vpc.aws_vpc.this",
            "module.vpc.aws_vpc_ipv4_cidr_block_association.this"
          ]
        },
        {
          "index_key": 1,
          "schema_version": 0,
          "attributes": {
            "gateway_id": null,
            "id": "rtbassoc-0b471ac75637eac83",
            "route_table_id": "rtb-01f3d04e0a6f7fe60",
            "subnet_id": "subnet-05064f37ff72c981b"
          },
          "sensitive_attributes": [],
          "private": "bnVsbA==",
          "dependencies": [
            "module.vpc.aws_vpc.this",
            "module.vpc.aws_vpc_ipv4_cidr_block_association.this",
            "data.aws_availability_zones.available",
            "module.vpc.aws_route_table.private",
            "module.vpc.aws_subnet.private"
          ]
        },
        {
          "index_key": 2,
          "schema_version": 0,
          "attributes": {
            "gateway_id": null,
            "id": "rtbassoc-0344aef1ee7baa2e2",
            "route_table_id": "rtb-01f3d04e0a6f7fe60",
            "subnet_id": "subnet-03c212be82f2b80f8"
          },
          "sensitive_attributes": [],
          "private": "bnVsbA==",
          "dependencies": [
            "data.aws_availability_zones.available",
            "module.vpc.aws_route_table.private",
            "module.vpc.aws_subnet.private",
            "module.vpc.aws_vpc.this",
            "module.vpc.aws_vpc_ipv4_cidr_block_association.this"
          ]
        }
      ]
    },
    {
      "module": "module.vpc",
      "mode": "managed",
      "type": "aws_route_table_association",
      "name": "public",
      "provider": "provider[\"registry.terraform.io/hashicorp/aws\"]",
      "instances": [
        {
          "index_key": 0,
          "schema_version": 0,
          "attributes": {
            "gateway_id": null,
            "id": "rtbassoc-0bfeda61b30dee58c",
            "route_table_id": "rtb-02dd07e8dfe17994e",
            "subnet_id": "subnet-0aa7d811b360ceb70"
          },
          "sensitive_attributes": [],
          "private": "bnVsbA==",
          "dependencies": [
            "module.vpc.aws_subnet.public",
            "module.vpc.aws_vpc.this",
            "module.vpc.aws_vpc_ipv4_cidr_block_association.this",
            "data.aws_availability_zones.available",
            "module.vpc.aws_route_table.public"
          ]
        },
        {
          "index_key": 1,
          "schema_version": 0,
          "attributes": {
            "gateway_id": null,
            "id": "rtbassoc-0dae946d1cfa89f84",
            "route_table_id": "rtb-02dd07e8dfe17994e",
            "subnet_id": "subnet-0860e172f599e6bb3"
          },
          "sensitive_attributes": [],
          "private": "bnVsbA==",
          "dependencies": [
            "module.vpc.aws_vpc_ipv4_cidr_block_association.this",
            "data.aws_availability_zones.available",
            "module.vpc.aws_route_table.public",
            "module.vpc.aws_subnet.public",
            "module.vpc.aws_vpc.this"
          ]
        },
        {
          "index_key": 2,
          "schema_version": 0,
          "attributes": {
            "gateway_id": null,
            "id": "rtbassoc-027f93863ce455777",
            "route_table_id": "rtb-02dd07e8dfe17994e",
            "subnet_id": "subnet-04683625dc8e5eadb"
          },
          "sensitive_attributes": [],
          "private": "bnVsbA==",
          "dependencies": [
            "module.vpc.aws_vpc_ipv4_cidr_block_association.this",
            "data.aws_availability_zones.available",
            "module.vpc.aws_route_table.public",
            "module.vpc.aws_subnet.public",
            "module.vpc.aws_vpc.this"
          ]
        }
      ]
    },
    {
      "module": "module.vpc",
      "mode": "managed",
      "type": "aws_subnet",
      "name": "private",
      "provider": "provider[\"registry.terraform.io/hashicorp/aws\"]",
      "instances": [
        {
          "index_key": 0,
          "schema_version": 1,
          "attributes": {
            "arn": "arn:aws:ec2:ap-southeast-2:264100014405:subnet/subnet-04c21a0b4667abbe0",
            "assign_ipv6_address_on_creation": false,
            "availability_zone": "ap-southeast-2a",
            "availability_zone_id": "apse2-az1",
            "cidr_block": "10.0.1.0/24",
            "customer_owned_ipv4_pool": "",
            "id": "subnet-04c21a0b4667abbe0",
            "ipv6_cidr_block": "",
            "ipv6_cidr_block_association_id": "",
            "map_customer_owned_ip_on_launch": false,
            "map_public_ip_on_launch": false,
            "outpost_arn": "",
            "owner_id": "264100014405",
            "tags": {
              "COMPONENT_NAME": "elk",
              "Name": "elk-vpc-private-ap-southeast-2a",
              "kubernetes.io/cluster/elk": "shared",
              "kubernetes.io/role/internal-elb": "1"
            },
            "tags_all": {
              "COMPONENT_NAME": "elk",
              "Name": "elk-vpc-private-ap-southeast-2a",
              "kubernetes.io/cluster/elk": "shared",
              "kubernetes.io/role/internal-elb": "1"
            },
            "timeouts": null,
            "vpc_id": "vpc-0ec5882f3d391162d"
          },
          "sensitive_attributes": [],
          "private": "eyJlMmJmYjczMC1lY2FhLTExZTYtOGY4OC0zNDM2M2JjN2M0YzAiOnsiY3JlYXRlIjo2MDAwMDAwMDAwMDAsImRlbGV0ZSI6MTIwMDAwMDAwMDAwMH0sInNjaGVtYV92ZXJzaW9uIjoiMSJ9",
          "dependencies": [
            "data.aws_availability_zones.available",
            "module.vpc.aws_vpc.this",
            "module.vpc.aws_vpc_ipv4_cidr_block_association.this"
          ]
        },
        {
          "index_key": 1,
          "schema_version": 1,
          "attributes": {
            "arn": "arn:aws:ec2:ap-southeast-2:264100014405:subnet/subnet-05064f37ff72c981b",
            "assign_ipv6_address_on_creation": false,
            "availability_zone": "ap-southeast-2b",
            "availability_zone_id": "apse2-az3",
            "cidr_block": "10.0.2.0/24",
            "customer_owned_ipv4_pool": "",
            "id": "subnet-05064f37ff72c981b",
            "ipv6_cidr_block": "",
            "ipv6_cidr_block_association_id": "",
            "map_customer_owned_ip_on_launch": false,
            "map_public_ip_on_launch": false,
            "outpost_arn": "",
            "owner_id": "264100014405",
            "tags": {
              "COMPONENT_NAME": "elk",
              "Name": "elk-vpc-private-ap-southeast-2b",
              "kubernetes.io/cluster/elk": "shared",
              "kubernetes.io/role/internal-elb": "1"
            },
            "tags_all": {
              "COMPONENT_NAME": "elk",
              "Name": "elk-vpc-private-ap-southeast-2b",
              "kubernetes.io/cluster/elk": "shared",
              "kubernetes.io/role/internal-elb": "1"
            },
            "timeouts": null,
            "vpc_id": "vpc-0ec5882f3d391162d"
          },
          "sensitive_attributes": [],
          "private": "eyJlMmJmYjczMC1lY2FhLTExZTYtOGY4OC0zNDM2M2JjN2M0YzAiOnsiY3JlYXRlIjo2MDAwMDAwMDAwMDAsImRlbGV0ZSI6MTIwMDAwMDAwMDAwMH0sInNjaGVtYV92ZXJzaW9uIjoiMSJ9",
          "dependencies": [
            "data.aws_availability_zones.available",
            "module.vpc.aws_vpc.this",
            "module.vpc.aws_vpc_ipv4_cidr_block_association.this"
          ]
        },
        {
          "index_key": 2,
          "schema_version": 1,
          "attributes": {
            "arn": "arn:aws:ec2:ap-southeast-2:264100014405:subnet/subnet-03c212be82f2b80f8",
            "assign_ipv6_address_on_creation": false,
            "availability_zone": "ap-southeast-2c",
            "availability_zone_id": "apse2-az2",
            "cidr_block": "10.0.3.0/24",
            "customer_owned_ipv4_pool": "",
            "id": "subnet-03c212be82f2b80f8",
            "ipv6_cidr_block": "",
            "ipv6_cidr_block_association_id": "",
            "map_customer_owned_ip_on_launch": false,
            "map_public_ip_on_launch": false,
            "outpost_arn": "",
            "owner_id": "264100014405",
            "tags": {
              "COMPONENT_NAME": "elk",
              "Name": "elk-vpc-private-ap-southeast-2c",
              "kubernetes.io/cluster/elk": "shared",
              "kubernetes.io/role/internal-elb": "1"
            },
            "tags_all": {
              "COMPONENT_NAME": "elk",
              "Name": "elk-vpc-private-ap-southeast-2c",
              "kubernetes.io/cluster/elk": "shared",
              "kubernetes.io/role/internal-elb": "1"
            },
            "timeouts": null,
            "vpc_id": "vpc-0ec5882f3d391162d"
          },
          "sensitive_attributes": [],
          "private": "eyJlMmJmYjczMC1lY2FhLTExZTYtOGY4OC0zNDM2M2JjN2M0YzAiOnsiY3JlYXRlIjo2MDAwMDAwMDAwMDAsImRlbGV0ZSI6MTIwMDAwMDAwMDAwMH0sInNjaGVtYV92ZXJzaW9uIjoiMSJ9",
          "dependencies": [
            "data.aws_availability_zones.available",
            "module.vpc.aws_vpc.this",
            "module.vpc.aws_vpc_ipv4_cidr_block_association.this"
          ]
        }
      ]
    },
    {
      "module": "module.vpc",
      "mode": "managed",
      "type": "aws_subnet",
      "name": "public",
      "provider": "provider[\"registry.terraform.io/hashicorp/aws\"]",
      "instances": [
        {
          "index_key": 0,
          "schema_version": 1,
          "attributes": {
            "arn": "arn:aws:ec2:ap-southeast-2:264100014405:subnet/subnet-0aa7d811b360ceb70",
            "assign_ipv6_address_on_creation": false,
            "availability_zone": "ap-southeast-2a",
            "availability_zone_id": "apse2-az1",
            "cidr_block": "10.0.4.0/24",
            "customer_owned_ipv4_pool": "",
            "id": "subnet-0aa7d811b360ceb70",
            "ipv6_cidr_block": "",
            "ipv6_cidr_block_association_id": "",
            "map_customer_owned_ip_on_launch": false,
            "map_public_ip_on_launch": true,
            "outpost_arn": "",
            "owner_id": "264100014405",
            "tags": {
              "COMPONENT_NAME": "elk",
              "Name": "elk-vpc-public-ap-southeast-2a",
              "kubernetes.io/cluster/elk": "shared",
              "kubernetes.io/role/elb": "1"
            },
            "tags_all": {
              "COMPONENT_NAME": "elk",
              "Name": "elk-vpc-public-ap-southeast-2a",
              "kubernetes.io/cluster/elk": "shared",
              "kubernetes.io/role/elb": "1"
            },
            "timeouts": null,
            "vpc_id": "vpc-0ec5882f3d391162d"
          },
          "sensitive_attributes": [],
          "private": "eyJlMmJmYjczMC1lY2FhLTExZTYtOGY4OC0zNDM2M2JjN2M0YzAiOnsiY3JlYXRlIjo2MDAwMDAwMDAwMDAsImRlbGV0ZSI6MTIwMDAwMDAwMDAwMH0sInNjaGVtYV92ZXJzaW9uIjoiMSJ9",
          "dependencies": [
            "data.aws_availability_zones.available",
            "module.vpc.aws_vpc.this",
            "module.vpc.aws_vpc_ipv4_cidr_block_association.this"
          ]
        },
        {
          "index_key": 1,
          "schema_version": 1,
          "attributes": {
            "arn": "arn:aws:ec2:ap-southeast-2:264100014405:subnet/subnet-0860e172f599e6bb3",
            "assign_ipv6_address_on_creation": false,
            "availability_zone": "ap-southeast-2b",
            "availability_zone_id": "apse2-az3",
            "cidr_block": "10.0.5.0/24",
            "customer_owned_ipv4_pool": "",
            "id": "subnet-0860e172f599e6bb3",
            "ipv6_cidr_block": "",
            "ipv6_cidr_block_association_id": "",
            "map_customer_owned_ip_on_launch": false,
            "map_public_ip_on_launch": true,
            "outpost_arn": "",
            "owner_id": "264100014405",
            "tags": {
              "COMPONENT_NAME": "elk",
              "Name": "elk-vpc-public-ap-southeast-2b",
              "kubernetes.io/cluster/elk": "shared",
              "kubernetes.io/role/elb": "1"
            },
            "tags_all": {
              "COMPONENT_NAME": "elk",
              "Name": "elk-vpc-public-ap-southeast-2b",
              "kubernetes.io/cluster/elk": "shared",
              "kubernetes.io/role/elb": "1"
            },
            "timeouts": null,
            "vpc_id": "vpc-0ec5882f3d391162d"
          },
          "sensitive_attributes": [],
          "private": "eyJlMmJmYjczMC1lY2FhLTExZTYtOGY4OC0zNDM2M2JjN2M0YzAiOnsiY3JlYXRlIjo2MDAwMDAwMDAwMDAsImRlbGV0ZSI6MTIwMDAwMDAwMDAwMH0sInNjaGVtYV92ZXJzaW9uIjoiMSJ9",
          "dependencies": [
            "data.aws_availability_zones.available",
            "module.vpc.aws_vpc.this",
            "module.vpc.aws_vpc_ipv4_cidr_block_association.this"
          ]
        },
        {
          "index_key": 2,
          "schema_version": 1,
          "attributes": {
            "arn": "arn:aws:ec2:ap-southeast-2:264100014405:subnet/subnet-04683625dc8e5eadb",
            "assign_ipv6_address_on_creation": false,
            "availability_zone": "ap-southeast-2c",
            "availability_zone_id": "apse2-az2",
            "cidr_block": "10.0.6.0/24",
            "customer_owned_ipv4_pool": "",
            "id": "subnet-04683625dc8e5eadb",
            "ipv6_cidr_block": "",
            "ipv6_cidr_block_association_id": "",
            "map_customer_owned_ip_on_launch": false,
            "map_public_ip_on_launch": true,
            "outpost_arn": "",
            "owner_id": "264100014405",
            "tags": {
              "COMPONENT_NAME": "elk",
              "Name": "elk-vpc-public-ap-southeast-2c",
              "kubernetes.io/cluster/elk": "shared",
              "kubernetes.io/role/elb": "1"
            },
            "tags_all": {
              "COMPONENT_NAME": "elk",
              "Name": "elk-vpc-public-ap-southeast-2c",
              "kubernetes.io/cluster/elk": "shared",
              "kubernetes.io/role/elb": "1"
            },
            "timeouts": null,
            "vpc_id": "vpc-0ec5882f3d391162d"
          },
          "sensitive_attributes": [],
          "private": "eyJlMmJmYjczMC1lY2FhLTExZTYtOGY4OC0zNDM2M2JjN2M0YzAiOnsiY3JlYXRlIjo2MDAwMDAwMDAwMDAsImRlbGV0ZSI6MTIwMDAwMDAwMDAwMH0sInNjaGVtYV92ZXJzaW9uIjoiMSJ9",
          "dependencies": [
            "data.aws_availability_zones.available",
            "module.vpc.aws_vpc.this",
            "module.vpc.aws_vpc_ipv4_cidr_block_association.this"
          ]
        }
      ]
    },
    {
      "module": "module.vpc",
      "mode": "managed",
      "type": "aws_vpc",
      "name": "this",
      "provider": "provider[\"registry.terraform.io/hashicorp/aws\"]",
      "instances": [
        {
          "index_key": 0,
          "schema_version": 1,
          "attributes": {
            "arn": "arn:aws:ec2:ap-southeast-2:264100014405:vpc/vpc-0ec5882f3d391162d",
            "assign_generated_ipv6_cidr_block": false,
            "cidr_block": "10.0.0.0/16",
            "default_network_acl_id": "acl-0fa933c319c46ff45",
            "default_route_table_id": "rtb-0bce1ce34a78930ac",
            "default_security_group_id": "sg-046d511e8d539d0a4",
            "dhcp_options_id": "dopt-9b3e11fc",
            "enable_classiclink": false,
            "enable_classiclink_dns_support": false,
            "enable_dns_hostnames": true,
            "enable_dns_support": true,
            "id": "vpc-0ec5882f3d391162d",
            "instance_tenancy": "default",
            "ipv6_association_id": "",
            "ipv6_cidr_block": "",
            "main_route_table_id": "rtb-0bce1ce34a78930ac",
            "owner_id": "264100014405",
            "tags": {
              "COMPONENT_NAME": "elk",
              "Name": "elk-vpc",
              "kubernetes.io/cluster/elk": "shared"
            },
            "tags_all": {
              "COMPONENT_NAME": "elk",
              "Name": "elk-vpc",
              "kubernetes.io/cluster/elk": "shared"
            }
          },
          "sensitive_attributes": [],
          "private": "eyJzY2hlbWFfdmVyc2lvbiI6IjEifQ=="
        }
      ]
    }
  ]
}
