{
  "version": 4,
  "terraform_version": "0.15.3",
  "serial": 425,
  "lineage": "7df9f09b-a75c-4aa6-4def-b945c6c2d6ab",
  "outputs": {
    "endpoint": {
      "value": "https://953FCBD0434D1F65D86A84ABB6F79676.gr7.ap-southeast-2.eks.amazonaws.com",
      "type": "string"
    },
    "kubeconfig-certificate-authority-data": {
      "value": "LS0tLS1CRUdJTiBDRVJUSUZJQ0FURS0tLS0tCk1JSUM1ekNDQWMrZ0F3SUJBZ0lCQURBTkJna3Foa2lHOXcwQkFRc0ZBREFWTVJNd0VRWURWUVFERXdwcmRXSmwKY201bGRHVnpNQjRYRFRJeE1EWXhOREF3TWprek1sb1hEVE14TURZeE1qQXdNamt6TWxvd0ZURVRNQkVHQTFVRQpBeE1LYTNWaVpYSnVaWFJsY3pDQ0FTSXdEUVlKS29aSWh2Y05BUUVCQlFBRGdnRVBBRENDQVFvQ2dnRUJBTDBOCjB4TVVQcklTMER0ZWYzODJEQTIrM0tsMG4zNGsxSFltK0N3czgrZXBQRUp3TVYxREVkOG9FK25KV1NLYjJ6YXQKUnpmSTFhdkhZTmtSTlZpbExpWE1YWDltTE5vcW9LSldDdUxkemhyNXpUS2x0OXZ6WjFuOExtNWxzMGRYbG5jSApEdkZXSHJHdjJtQ0FCcUFQU0lIR0RLQ1RGbFZMc3dmcS9CYkhYQXpISVJ6OEE0UW4xT3IyZHpFdWFqVWhZNTRQCnFxdjA3bmxZc1NLNVFaTXRpcTE4bFIxUU9nL1J5RmtxaHJrcVRJWkY0VkxnWjlRalhRcFlzdzBuV0tJaUEwczUKbGdoMUwxaHovOGpEUTU5djVXUHY4eWVmNm1xdnd4Yk5tTGl3Z3hTSXBrOU01V3lITDdoNm9QM3orU01KWGVmawpUQThGSUJlSDJQZm1ITkQrOWFrQ0F3RUFBYU5DTUVBd0RnWURWUjBQQVFIL0JBUURBZ0trTUE4R0ExVWRFd0VCCi93UUZNQU1CQWY4d0hRWURWUjBPQkJZRUZGTWo0ZjJ6SGhoNFRFQ2FKUU5oQUNKWHJEVVlNQTBHQ1NxR1NJYjMKRFFFQkN3VUFBNElCQVFBYnV6UkF5Qk55RjJTT1FmR0wrcWJURFBlMWc0WWdlWmp2bGJpMEJWeWNCU3M5QWNRTApQYVR3TVJwNm1aajRqTmYwVytzdlZKR2IrMHdUV0FHNE40cEFSUHNQUGxYTVVXNnJuS2o0Z2MrSXYxS0I2V0RQCklTYzdMc3ArNUhwbWlKc3E2YXl3RGdMZmROdjRsSnhxVDd5MlA3b1lESnZoUWRxSEJ2b1h0alBZL0hrRjJzY0wKc1dBWHI0L2E5enFoRFZOeFd0Q3JERDlLSWd2VmkwNktEZzNCU0pRYWZaTStkQlA3OG9yVndvOTJuMEg1cVlsRQowTDBqT3A2WDljWktDL1BwZEgyYmo4VkRkYnI3djMvYi82NkdyTDZjUmlzRUNsWG5sZ2l2UXEwU3FaK21aRTkvCnBtQVRuc2svbUVhZElWcGhWT21tR3FQZ3VrenpLQ0pXVTQxeQotLS0tLUVORCBDRVJUSUZJQ0FURS0tLS0tCg==",
      "type": "string"
    }
  },
  "resources": [
    {
      "mode": "data",
      "type": "aws_availability_zones",
      "name": "available",
      "provider": "provider[\"registry.terraform.io/hashicorp/aws\"]",
      "instances": [
        {
          "schema_version": 0,
          "attributes": {
            "all_availability_zones": null,
            "exclude_names": null,
            "exclude_zone_ids": null,
            "filter": null,
            "group_names": [
              "ap-southeast-2"
            ],
            "id": "ap-southeast-2",
            "names": [
              "ap-southeast-2a",
              "ap-southeast-2b",
              "ap-southeast-2c"
            ],
            "state": null,
            "zone_ids": [
              "apse2-az1",
              "apse2-az3",
              "apse2-az2"
            ]
          },
          "sensitive_attributes": []
        }
      ]
    },
    {
      "mode": "data",
      "type": "aws_iam_policy_document",
      "name": "elk_alb_sa",
      "provider": "provider[\"registry.terraform.io/hashicorp/aws\"]",
      "instances": [
        {
          "schema_version": 0,
          "attributes": {
            "id": "3015861717",
            "json": "{\n  \"Version\": \"2012-10-17\",\n  \"Statement\": [\n    {\n      \"Sid\": \"\",\n      \"Effect\": \"Allow\",\n      \"Action\": \"sts:AssumeRoleWithWebIdentity\",\n      \"Principal\": {\n        \"Federated\": \"arn:aws:iam::264100014405:oidc-provider/oidc.eks.ap-southeast-2.amazonaws.com/id/953FCBD0434D1F65D86A84ABB6F79676\"\n      }\n    }\n  ]\n}",
            "override_json": null,
            "override_policy_documents": null,
            "policy_id": null,
            "source_json": null,
            "source_policy_documents": null,
            "statement": [
              {
                "actions": [
                  "sts:AssumeRoleWithWebIdentity"
                ],
                "condition": [],
                "effect": "Allow",
                "not_actions": [],
                "not_principals": [],
                "not_resources": [],
                "principals": [
                  {
                    "identifiers": [
                      "arn:aws:iam::264100014405:oidc-provider/oidc.eks.ap-southeast-2.amazonaws.com/id/953FCBD0434D1F65D86A84ABB6F79676"
                    ],
                    "type": "Federated"
                  }
                ],
                "resources": [],
                "sid": ""
              }
            ],
            "version": "2012-10-17"
          },
          "sensitive_attributes": []
        }
      ]
    },
    {
      "mode": "data",
      "type": "tls_certificate",
      "name": "elk",
      "provider": "provider[\"registry.terraform.io/hashicorp/tls\"]",
      "instances": [
        {
          "schema_version": 0,
          "attributes": {
            "certificates": [
              {
                "is_ca": true,
                "issuer": "OU=Starfield Class 2 Certification Authority,O=Starfield Technologies\\, Inc.,C=US",
                "not_after": "2034-06-28T17:39:16Z",
                "not_before": "2009-09-02T00:00:00Z",
                "public_key_algorithm": "RSA",
                "serial_number": "12037640545166866303",
                "sha1_fingerprint": "9e99a48a9960b14926bb7f3b02e22da2b0ab7280",
                "signature_algorithm": "SHA256-RSA",
                "subject": "CN=Starfield Services Root Certificate Authority - G2,O=Starfield Technologies\\, Inc.,L=Scottsdale,ST=Arizona,C=US",
                "version": 3
              },
              {
                "is_ca": true,
                "issuer": "CN=Starfield Services Root Certificate Authority - G2,O=Starfield Technologies\\, Inc.,L=Scottsdale,ST=Arizona,C=US",
                "not_after": "2037-12-31T01:00:00Z",
                "not_before": "2015-05-25T12:00:00Z",
                "public_key_algorithm": "RSA",
                "serial_number": "144918191876577076464031512351042010504348870",
                "sha1_fingerprint": "06b25927c42a721631c1efd9431e648fa62e1e39",
                "signature_algorithm": "SHA256-RSA",
                "subject": "CN=Amazon Root CA 1,O=Amazon,C=US",
                "version": 3
              },
              {
                "is_ca": true,
                "issuer": "CN=Amazon Root CA 1,O=Amazon,C=US",
                "not_after": "2025-10-19T00:00:00Z",
                "not_before": "2015-10-22T00:00:00Z",
                "public_key_algorithm": "RSA",
                "serial_number": "144918209630989264145272943054026349679957517",
                "sha1_fingerprint": "917e732d330f9a12404f73d8bea36948b929dffc",
                "signature_algorithm": "SHA256-RSA",
                "subject": "CN=Amazon,OU=Server CA 1B,O=Amazon,C=US",
                "version": 3
              },
              {
                "is_ca": false,
                "issuer": "CN=Amazon,OU=Server CA 1B,O=Amazon,C=US",
                "not_after": "2022-07-12T23:59:59Z",
                "not_before": "2021-06-13T00:00:00Z",
                "public_key_algorithm": "RSA",
                "serial_number": "1340443347870727548993106443420065566",
                "sha1_fingerprint": "0f8d6c0b56f414956769088c48cc596fafce3908",
                "signature_algorithm": "SHA256-RSA",
                "subject": "CN=oidc.eks.ap-southeast-2.amazonaws.com",
                "version": 3
              }
            ],
            "id": "2021-06-14 00:34:38.916226 +0000 UTC",
            "url": "https://oidc.eks.ap-southeast-2.amazonaws.com/id/953FCBD0434D1F65D86A84ABB6F79676",
            "verify_chain": true
          },
          "sensitive_attributes": []
        }
      ]
    },
    {
      "mode": "managed",
      "type": "aws_efs_file_system",
      "name": "efs_file_system",
      "provider": "provider[\"registry.terraform.io/hashicorp/aws\"]",
      "instances": [
        {
          "schema_version": 0,
          "attributes": {
            "arn": "arn:aws:elasticfilesystem:ap-southeast-2:264100014405:file-system/fs-3663510e",
            "availability_zone_id": "",
            "availability_zone_name": "",
            "creation_token": "terraform-20210614002250939200000001",
            "dns_name": "fs-3663510e.efs.ap-southeast-2.amazonaws.com",
            "encrypted": false,
            "id": "fs-3663510e",
            "kms_key_id": "",
            "lifecycle_policy": [],
            "number_of_mount_targets": 0,
            "owner_id": "264100014405",
            "performance_mode": "generalPurpose",
            "provisioned_throughput_in_mibps": 0,
            "size_in_bytes": [
              {
                "value": 6144,
                "value_in_ia": 0,
                "value_in_standard": 6144
              }
            ],
            "tags": {
              "COMPONENT_NAME": "elk"
            },
            "tags_all": {
              "COMPONENT_NAME": "elk"
            },
            "throughput_mode": "bursting"
          },
          "sensitive_attributes": [],
          "private": "bnVsbA=="
        }
      ]
    },
    {
      "mode": "managed",
      "type": "aws_efs_mount_target",
      "name": "efs_mount_target_sn1",
      "provider": "provider[\"registry.terraform.io/hashicorp/aws\"]",
      "instances": [
        {
          "schema_version": 0,
          "attributes": {
            "availability_zone_id": "apse2-az1",
            "availability_zone_name": "ap-southeast-2a",
            "dns_name": "fs-3663510e.efs.ap-southeast-2.amazonaws.com",
            "file_system_arn": "arn:aws:elasticfilesystem:ap-southeast-2:264100014405:file-system/fs-3663510e",
            "file_system_id": "fs-3663510e",
            "id": "fsmt-2556621c",
            "ip_address": "10.0.1.102",
            "mount_target_dns_name": "ap-southeast-2a.fs-3663510e.efs.ap-southeast-2.amazonaws.com",
            "network_interface_id": "eni-007548599e0707a3c",
            "owner_id": "264100014405",
            "security_groups": [
              "sg-0d2c75c346f6f7afc"
            ],
            "subnet_id": "subnet-072d47456131078e6"
          },
          "sensitive_attributes": [],
          "private": "bnVsbA==",
          "dependencies": [
            "aws_efs_file_system.efs_file_system",
            "aws_security_group.efs_sg",
            "data.aws_availability_zones.available",
            "module.vpc.aws_subnet.private",
            "module.vpc.aws_vpc.this",
            "module.vpc.aws_vpc_ipv4_cidr_block_association.this"
          ]
        }
      ]
    },
    {
      "mode": "managed",
      "type": "aws_efs_mount_target",
      "name": "efs_mount_target_sn2",
      "provider": "provider[\"registry.terraform.io/hashicorp/aws\"]",
      "instances": [
        {
          "schema_version": 0,
          "attributes": {
            "availability_zone_id": "apse2-az3",
            "availability_zone_name": "ap-southeast-2b",
            "dns_name": "fs-3663510e.efs.ap-southeast-2.amazonaws.com",
            "file_system_arn": "arn:aws:elasticfilesystem:ap-southeast-2:264100014405:file-system/fs-3663510e",
            "file_system_id": "fs-3663510e",
            "id": "fsmt-2456621d",
            "ip_address": "10.0.2.20",
            "mount_target_dns_name": "ap-southeast-2b.fs-3663510e.efs.ap-southeast-2.amazonaws.com",
            "network_interface_id": "eni-0c31710ce604e0856",
            "owner_id": "264100014405",
            "security_groups": [
              "sg-0d2c75c346f6f7afc"
            ],
            "subnet_id": "subnet-04a093f29498713ab"
          },
          "sensitive_attributes": [],
          "private": "bnVsbA==",
          "dependencies": [
            "aws_efs_file_system.efs_file_system",
            "aws_security_group.efs_sg",
            "data.aws_availability_zones.available",
            "module.vpc.aws_subnet.private",
            "module.vpc.aws_vpc.this",
            "module.vpc.aws_vpc_ipv4_cidr_block_association.this"
          ]
        }
      ]
    },
    {
      "mode": "managed",
      "type": "aws_eks_cluster",
      "name": "elk",
      "provider": "provider[\"registry.terraform.io/hashicorp/aws\"]",
      "instances": [
        {
          "schema_version": 0,
          "attributes": {
            "arn": "arn:aws:eks:ap-southeast-2:264100014405:cluster/elk",
            "certificate_authority": [
              {
                "data": "LS0tLS1CRUdJTiBDRVJUSUZJQ0FURS0tLS0tCk1JSUM1ekNDQWMrZ0F3SUJBZ0lCQURBTkJna3Foa2lHOXcwQkFRc0ZBREFWTVJNd0VRWURWUVFERXdwcmRXSmwKY201bGRHVnpNQjRYRFRJeE1EWXhOREF3TWprek1sb1hEVE14TURZeE1qQXdNamt6TWxvd0ZURVRNQkVHQTFVRQpBeE1LYTNWaVpYSnVaWFJsY3pDQ0FTSXdEUVlKS29aSWh2Y05BUUVCQlFBRGdnRVBBRENDQVFvQ2dnRUJBTDBOCjB4TVVQcklTMER0ZWYzODJEQTIrM0tsMG4zNGsxSFltK0N3czgrZXBQRUp3TVYxREVkOG9FK25KV1NLYjJ6YXQKUnpmSTFhdkhZTmtSTlZpbExpWE1YWDltTE5vcW9LSldDdUxkemhyNXpUS2x0OXZ6WjFuOExtNWxzMGRYbG5jSApEdkZXSHJHdjJtQ0FCcUFQU0lIR0RLQ1RGbFZMc3dmcS9CYkhYQXpISVJ6OEE0UW4xT3IyZHpFdWFqVWhZNTRQCnFxdjA3bmxZc1NLNVFaTXRpcTE4bFIxUU9nL1J5RmtxaHJrcVRJWkY0VkxnWjlRalhRcFlzdzBuV0tJaUEwczUKbGdoMUwxaHovOGpEUTU5djVXUHY4eWVmNm1xdnd4Yk5tTGl3Z3hTSXBrOU01V3lITDdoNm9QM3orU01KWGVmawpUQThGSUJlSDJQZm1ITkQrOWFrQ0F3RUFBYU5DTUVBd0RnWURWUjBQQVFIL0JBUURBZ0trTUE4R0ExVWRFd0VCCi93UUZNQU1CQWY4d0hRWURWUjBPQkJZRUZGTWo0ZjJ6SGhoNFRFQ2FKUU5oQUNKWHJEVVlNQTBHQ1NxR1NJYjMKRFFFQkN3VUFBNElCQVFBYnV6UkF5Qk55RjJTT1FmR0wrcWJURFBlMWc0WWdlWmp2bGJpMEJWeWNCU3M5QWNRTApQYVR3TVJwNm1aajRqTmYwVytzdlZKR2IrMHdUV0FHNE40cEFSUHNQUGxYTVVXNnJuS2o0Z2MrSXYxS0I2V0RQCklTYzdMc3ArNUhwbWlKc3E2YXl3RGdMZmROdjRsSnhxVDd5MlA3b1lESnZoUWRxSEJ2b1h0alBZL0hrRjJzY0wKc1dBWHI0L2E5enFoRFZOeFd0Q3JERDlLSWd2VmkwNktEZzNCU0pRYWZaTStkQlA3OG9yVndvOTJuMEg1cVlsRQowTDBqT3A2WDljWktDL1BwZEgyYmo4VkRkYnI3djMvYi82NkdyTDZjUmlzRUNsWG5sZ2l2UXEwU3FaK21aRTkvCnBtQVRuc2svbUVhZElWcGhWT21tR3FQZ3VrenpLQ0pXVTQxeQotLS0tLUVORCBDRVJUSUZJQ0FURS0tLS0tCg=="
              }
            ],
            "created_at": "2021-06-14 00:23:06.384 +0000 UTC",
            "enabled_cluster_log_types": null,
            "encryption_config": [],
            "endpoint": "https://953FCBD0434D1F65D86A84ABB6F79676.gr7.ap-southeast-2.eks.amazonaws.com",
            "id": "elk",
            "identity": [
              {
                "oidc": [
                  {
                    "issuer": "https://oidc.eks.ap-southeast-2.amazonaws.com/id/953FCBD0434D1F65D86A84ABB6F79676"
                  }
                ]
              }
            ],
            "kubernetes_network_config": [
              {
                "service_ipv4_cidr": "172.20.0.0/16"
              }
            ],
            "name": "elk",
            "platform_version": "eks.5",
            "role_arn": "arn:aws:iam::264100014405:role/eks-cluster-elk",
            "status": "ACTIVE",
            "tags": {
              "COMPONENT_NAME": "elk"
            },
            "tags_all": {
              "COMPONENT_NAME": "elk"
            },
            "timeouts": null,
            "version": "1.19",
            "vpc_config": [
              {
                "cluster_security_group_id": "sg-010d3973c56ffb4e5",
                "endpoint_private_access": false,
                "endpoint_public_access": true,
                "public_access_cidrs": [
                  "0.0.0.0/0"
                ],
                "security_group_ids": null,
                "subnet_ids": [
                  "subnet-04a093f29498713ab",
                  "subnet-072d47456131078e6"
                ],
                "vpc_id": "vpc-0db7884498bb933a1"
              }
            ]
          },
          "sensitive_attributes": [],
          "private": "eyJlMmJmYjczMC1lY2FhLTExZTYtOGY4OC0zNDM2M2JjN2M0YzAiOnsiY3JlYXRlIjoxODAwMDAwMDAwMDAwLCJkZWxldGUiOjkwMDAwMDAwMDAwMCwidXBkYXRlIjozNjAwMDAwMDAwMDAwfX0=",
          "dependencies": [
            "aws_iam_role.elk",
            "aws_iam_role_policy_attachment.elk-AmazonEKSClusterPolicy",
            "aws_iam_role_policy_attachment.elk-AmazonEKSVPCResourceController",
            "data.aws_availability_zones.available",
            "module.vpc.aws_subnet.private",
            "module.vpc.aws_vpc.this",
            "module.vpc.aws_vpc_ipv4_cidr_block_association.this"
          ]
        }
      ]
    },
    {
      "mode": "managed",
      "type": "aws_eks_fargate_profile",
      "name": "elk",
      "provider": "provider[\"registry.terraform.io/hashicorp/aws\"]",
      "instances": [
        {
          "schema_version": 0,
          "attributes": {
            "arn": "arn:aws:eks:ap-southeast-2:264100014405:fargateprofile/elk/elk_profile/d0bd03f8-8c3e-e97b-ddd9-b7a307c9aff2",
            "cluster_name": "elk",
            "fargate_profile_name": "elk_profile",
            "id": "elk:elk_profile",
            "pod_execution_role_arn": "arn:aws:iam::264100014405:role/eks-fargate-profile",
            "selector": [
              {
                "labels": null,
                "namespace": "cert-manager"
              },
              {
                "labels": null,
                "namespace": "default"
              },
              {
                "labels": null,
                "namespace": "kube-system"
              }
            ],
            "status": "ACTIVE",
            "subnet_ids": [
              "subnet-04a093f29498713ab",
              "subnet-072d47456131078e6"
            ],
            "tags": {
              "COMPONENT_NAME": "elk"
            },
            "tags_all": {
              "COMPONENT_NAME": "elk"
            },
            "timeouts": null
          },
          "sensitive_attributes": [],
          "private": "eyJlMmJmYjczMC1lY2FhLTExZTYtOGY4OC0zNDM2M2JjN2M0YzAiOnsiY3JlYXRlIjo2MDAwMDAwMDAwMDAsImRlbGV0ZSI6NjAwMDAwMDAwMDAwfX0=",
          "dependencies": [
            "aws_eks_cluster.elk",
            "aws_iam_role.elk",
            "aws_iam_role.fargate_profile",
            "aws_iam_role_policy_attachment.elk-AmazonEKSClusterPolicy",
            "aws_iam_role_policy_attachment.elk-AmazonEKSVPCResourceController",
            "data.aws_availability_zones.available",
            "module.vpc.aws_subnet.private",
            "module.vpc.aws_vpc.this",
            "module.vpc.aws_vpc_ipv4_cidr_block_association.this"
          ]
        }
      ]
    },
    {
      "mode": "managed",
      "type": "aws_iam_openid_connect_provider",
      "name": "elk",
      "provider": "provider[\"registry.terraform.io/hashicorp/aws\"]",
      "instances": [
        {
          "schema_version": 0,
          "attributes": {
            "arn": "arn:aws:iam::264100014405:oidc-provider/oidc.eks.ap-southeast-2.amazonaws.com/id/953FCBD0434D1F65D86A84ABB6F79676",
            "client_id_list": [
              "sts.amazonaws.com"
            ],
            "id": "arn:aws:iam::264100014405:oidc-provider/oidc.eks.ap-southeast-2.amazonaws.com/id/953FCBD0434D1F65D86A84ABB6F79676",
            "tags": {
              "COMPONENT_NAME": "elk"
            },
            "tags_all": {
              "COMPONENT_NAME": "elk"
            },
            "thumbprint_list": [
              "9e99a48a9960b14926bb7f3b02e22da2b0ab7280"
            ],
            "url": "oidc.eks.ap-southeast-2.amazonaws.com/id/953FCBD0434D1F65D86A84ABB6F79676"
          },
          "sensitive_attributes": [],
          "private": "bnVsbA==",
          "dependencies": [
            "aws_eks_cluster.elk",
            "aws_iam_role.elk",
            "aws_iam_role_policy_attachment.elk-AmazonEKSClusterPolicy",
            "aws_iam_role_policy_attachment.elk-AmazonEKSVPCResourceController",
            "data.aws_availability_zones.available",
            "data.tls_certificate.elk",
            "module.vpc.aws_subnet.private",
            "module.vpc.aws_vpc.this",
            "module.vpc.aws_vpc_ipv4_cidr_block_association.this"
          ]
        }
      ]
    },
    {
      "mode": "managed",
      "type": "aws_iam_policy",
      "name": "efs_csi_driverpolicy",
      "provider": "provider[\"registry.terraform.io/hashicorp/aws\"]",
      "instances": [
        {
          "schema_version": 0,
          "attributes": {
            "arn": "arn:aws:iam::264100014405:policy/elk_efs_csi_driverpolicy",
            "description": "AmazonEKS_EFS_CSI_Driver_Policy",
            "id": "arn:aws:iam::264100014405:policy/elk_efs_csi_driverpolicy",
            "name": "elk_efs_csi_driverpolicy",
            "name_prefix": null,
            "path": "/",
            "policy": "{\"Statement\":[{\"Action\":[\"elasticfilesystem:*\"],\"Effect\":\"Allow\",\"Resource\":\"*\"}],\"Version\":\"2012-10-17\"}",
            "policy_id": "ANPAT27MWNFC42ZLOYT7R",
            "tags": {
              "COMPONENT_NAME": "elk"
            },
            "tags_all": {
              "COMPONENT_NAME": "elk"
            }
          },
          "sensitive_attributes": [],
          "private": "bnVsbA=="
        }
      ]
    },
    {
      "mode": "managed",
      "type": "aws_iam_policy",
      "name": "policy",
      "provider": "provider[\"registry.terraform.io/hashicorp/aws\"]",
      "instances": [
        {
          "schema_version": 0,
          "attributes": {
            "arn": "arn:aws:iam::264100014405:policy/AWSLoadBalancerControllerIAMPolicy-elk",
            "description": "AWSLoadBalancerControllerIAMPolicy",
            "id": "arn:aws:iam::264100014405:policy/AWSLoadBalancerControllerIAMPolicy-elk",
            "name": "AWSLoadBalancerControllerIAMPolicy-elk",
            "name_prefix": null,
            "path": "/",
            "policy": "{\"Statement\":[{\"Action\":[\"log:*\",\"ec2:*\",\"iam:*\",\"elasticloadbalancing:*\",\"cognito-idp:*\",\"acm:*\",\"waf:*\",\"wafv2:*\",\"waf-regional:*\",\"shield:*\",\"tag:*\"],\"Effect\":\"Allow\",\"Resource\":\"*\"}],\"Version\":\"2012-10-17\"}",
            "policy_id": "ANPAT27MWNFCZ27TDU75N",
            "tags": null,
            "tags_all": {}
          },
          "sensitive_attributes": [],
          "private": "bnVsbA=="
        }
      ]
    },
    {
      "mode": "managed",
      "type": "aws_iam_role",
      "name": "elk",
      "provider": "provider[\"registry.terraform.io/hashicorp/aws\"]",
      "instances": [
        {
          "schema_version": 0,
          "attributes": {
            "arn": "arn:aws:iam::264100014405:role/eks-cluster-elk",
            "assume_role_policy": "{\"Version\":\"2012-10-17\",\"Statement\":[{\"Effect\":\"Allow\",\"Principal\":{\"Service\":\"eks.amazonaws.com\"},\"Action\":\"sts:AssumeRole\"}]}",
            "create_date": "2021-06-14T00:22:51Z",
            "description": "",
            "force_detach_policies": false,
            "id": "eks-cluster-elk",
            "inline_policy": [
              {
                "name": "",
                "policy": ""
              }
            ],
            "managed_policy_arns": [],
            "max_session_duration": 3600,
            "name": "eks-cluster-elk",
            "name_prefix": null,
            "path": "/",
            "permissions_boundary": null,
            "tags": {
              "COMPONENT_NAME": "elk"
            },
            "tags_all": {
              "COMPONENT_NAME": "elk"
            },
            "unique_id": "AROAT27MWNFC4J4EEGVHT"
          },
          "sensitive_attributes": [],
          "private": "bnVsbA=="
        }
      ]
    },
    {
      "mode": "managed",
      "type": "aws_iam_role",
      "name": "elk_alb_sc",
      "provider": "provider[\"registry.terraform.io/hashicorp/aws\"]",
      "instances": [
        {
          "schema_version": 0,
          "attributes": {
            "arn": "arn:aws:iam::264100014405:role/eks-alb-sa-elk",
            "assume_role_policy": "{\"Version\":\"2012-10-17\",\"Statement\":[{\"Sid\":\"\",\"Effect\":\"Allow\",\"Principal\":{\"Federated\":\"arn:aws:iam::264100014405:oidc-provider/oidc.eks.ap-southeast-2.amazonaws.com/id/953FCBD0434D1F65D86A84ABB6F79676\"},\"Action\":\"sts:AssumeRoleWithWebIdentity\"}]}",
            "create_date": "2021-06-14T00:34:42Z",
            "description": "",
            "force_detach_policies": false,
            "id": "eks-alb-sa-elk",
            "inline_policy": [
              {
                "name": "elk_alb_sc_policy",
                "policy": "{\"Statement\":[{\"Action\":[\"log:*\",\"ec2:*\",\"iam:*\",\"elasticloadbalancing:*\",\"cognito-idp:*\",\"acm:*\",\"elasticfilesystem:*\",\"wafv2:*\",\"waf-regional:*\"],\"Effect\":\"Allow\",\"Resource\":\"*\"}],\"Version\":\"2012-10-17\"}"
              }
            ],
            "managed_policy_arns": [],
            "max_session_duration": 3600,
            "name": "eks-alb-sa-elk",
            "name_prefix": null,
            "path": "/",
            "permissions_boundary": null,
            "tags": null,
            "tags_all": {},
            "unique_id": "AROAT27MWNFC6SJSM2GBU"
          },
          "sensitive_attributes": [],
          "private": "bnVsbA==",
          "dependencies": [
            "aws_eks_cluster.elk",
            "aws_iam_openid_connect_provider.elk",
            "aws_iam_role.elk",
            "aws_iam_role_policy_attachment.elk-AmazonEKSClusterPolicy",
            "aws_iam_role_policy_attachment.elk-AmazonEKSVPCResourceController",
            "data.aws_availability_zones.available",
            "data.aws_iam_policy_document.elk_alb_sa",
            "data.tls_certificate.elk",
            "module.vpc.aws_subnet.private",
            "module.vpc.aws_vpc.this",
            "module.vpc.aws_vpc_ipv4_cidr_block_association.this"
          ]
        }
      ]
    },
    {
      "mode": "managed",
      "type": "aws_iam_role",
      "name": "fargate_profile",
      "provider": "provider[\"registry.terraform.io/hashicorp/aws\"]",
      "instances": [
        {
          "schema_version": 0,
          "attributes": {
            "arn": "arn:aws:iam::264100014405:role/eks-fargate-profile",
            "assume_role_policy": "{\"Version\":\"2012-10-17\",\"Statement\":[{\"Effect\":\"Allow\",\"Principal\":{\"Service\":\"eks-fargate-pods.amazonaws.com\"},\"Action\":\"sts:AssumeRole\"}]}",
            "create_date": "2021-06-14T00:22:51Z",
            "description": "",
            "force_detach_policies": false,
            "id": "eks-fargate-profile",
            "inline_policy": [
              {
                "name": "fargate_profile_policy",
                "policy": "{\"Statement\":[{\"Action\":[\"log:*\",\"ec2:*\",\"iam:*\",\"elasticloadbalancing:*\",\"cognito-idp:*\",\"acm:*\",\"elasticfilesystem:*\"],\"Effect\":\"Allow\",\"Resource\":\"*\"}],\"Version\":\"2012-10-17\"}"
              }
            ],
            "managed_policy_arns": [],
            "max_session_duration": 3600,
            "name": "eks-fargate-profile",
            "name_prefix": null,
            "path": "/",
            "permissions_boundary": null,
            "tags": {
              "COMPONENT_NAME": "elk"
            },
            "tags_all": {
              "COMPONENT_NAME": "elk"
            },
            "unique_id": "AROAT27MWNFCZT77UYMQZ"
          },
          "sensitive_attributes": [],
          "private": "bnVsbA=="
        }
      ]
    },
    {
      "mode": "managed",
      "type": "aws_iam_role_policy_attachment",
      "name": "AmazonEKSFargatePodExecutionRolePolicy",
      "provider": "provider[\"registry.terraform.io/hashicorp/aws\"]",
      "instances": [
        {
          "schema_version": 0,
          "attributes": {
            "id": "eks-fargate-profile-20210614002258076400000005",
            "policy_arn": "arn:aws:iam::aws:policy/AmazonEKSFargatePodExecutionRolePolicy",
            "role": "eks-fargate-profile"
          },
          "sensitive_attributes": [],
          "private": "bnVsbA==",
          "dependencies": [
            "aws_iam_role.fargate_profile"
          ]
        }
      ]
    },
    {
      "mode": "managed",
      "type": "aws_iam_role_policy_attachment",
      "name": "elk-AmazonEKSClusterPolicy",
      "provider": "provider[\"registry.terraform.io/hashicorp/aws\"]",
      "instances": [
        {
          "schema_version": 0,
          "attributes": {
            "id": "eks-cluster-elk-20210614002255865600000002",
            "policy_arn": "arn:aws:iam::aws:policy/AmazonEKSClusterPolicy",
            "role": "eks-cluster-elk"
          },
          "sensitive_attributes": [],
          "private": "bnVsbA==",
          "dependencies": [
            "aws_iam_role.elk"
          ]
        }
      ]
    },
    {
      "mode": "managed",
      "type": "aws_iam_role_policy_attachment",
      "name": "elk-AmazonEKSVPCResourceController",
      "provider": "provider[\"registry.terraform.io/hashicorp/aws\"]",
      "instances": [
        {
          "schema_version": 0,
          "attributes": {
            "id": "eks-cluster-elk-20210614002255865600000003",
            "policy_arn": "arn:aws:iam::aws:policy/AmazonEKSVPCResourceController",
            "role": "eks-cluster-elk"
          },
          "sensitive_attributes": [],
          "private": "bnVsbA==",
          "dependencies": [
            "aws_iam_role.elk"
          ]
        }
      ]
    },
    {
      "mode": "managed",
      "type": "aws_iam_role_policy_attachment",
      "name": "elk-tag-policy",
      "provider": "provider[\"registry.terraform.io/hashicorp/aws\"]",
      "instances": [
        {
          "schema_version": 0,
          "attributes": {
            "id": "eks-cluster-elk-20210614002255865600000004",
            "policy_arn": "arn:aws:iam::264100014405:policy/AWSLoadBalancerControllerIAMPolicy-elk",
            "role": "eks-cluster-elk"
          },
          "sensitive_attributes": [],
          "private": "bnVsbA==",
          "dependencies": [
            "aws_iam_policy.policy",
            "aws_iam_role.elk"
          ]
        }
      ]
    },
    {
      "mode": "managed",
      "type": "aws_security_group",
      "name": "all_worker_mgmt",
      "provider": "provider[\"registry.terraform.io/hashicorp/aws\"]",
      "instances": [
        {
          "schema_version": 1,
          "attributes": {
            "arn": "arn:aws:ec2:ap-southeast-2:264100014405:security-group/sg-013e752f91767ae0e",
            "description": "Managed by Terraform",
            "egress": [],
            "id": "sg-013e752f91767ae0e",
            "ingress": [
              {
                "cidr_blocks": [
                  "10.0.0.0/8",
                  "172.16.0.0/12",
                  "192.168.0.0/16"
                ],
                "description": "",
                "from_port": 22,
                "ipv6_cidr_blocks": [],
                "prefix_list_ids": [],
                "protocol": "tcp",
                "security_groups": [],
                "self": false,
                "to_port": 22
              }
            ],
            "name": "all_worker_management20210614002303294500000006",
            "name_prefix": "all_worker_management",
            "owner_id": "264100014405",
            "revoke_rules_on_delete": false,
            "tags": null,
            "tags_all": {},
            "timeouts": null,
            "vpc_id": "vpc-0db7884498bb933a1"
          },
          "sensitive_attributes": [],
          "private": "eyJlMmJmYjczMC1lY2FhLTExZTYtOGY4OC0zNDM2M2JjN2M0YzAiOnsiY3JlYXRlIjo2MDAwMDAwMDAwMDAsImRlbGV0ZSI6OTAwMDAwMDAwMDAwfSwic2NoZW1hX3ZlcnNpb24iOiIxIn0=",
          "dependencies": [
            "module.vpc.aws_vpc.this"
          ]
        }
      ]
    },
    {
      "mode": "managed",
      "type": "aws_security_group",
      "name": "efs_sg",
      "provider": "provider[\"registry.terraform.io/hashicorp/aws\"]",
      "instances": [
        {
          "schema_version": 1,
          "attributes": {
            "arn": "arn:aws:ec2:ap-southeast-2:264100014405:security-group/sg-0d2c75c346f6f7afc",
            "description": "security group with an inbound rule that allows inbound NFS traffic for your Amazon EFS mount points",
            "egress": [
              {
                "cidr_blocks": [
                  "0.0.0.0/0"
                ],
                "description": "",
                "from_port": 0,
                "ipv6_cidr_blocks": [
                  "::/0"
                ],
                "prefix_list_ids": [],
                "protocol": "-1",
                "security_groups": [],
                "self": false,
                "to_port": 0
              }
            ],
            "id": "sg-0d2c75c346f6f7afc",
            "ingress": [
              {
                "cidr_blocks": [
                  "10.0.0.0/16"
                ],
                "description": "allows inbound NFS traffic from the CIDR for your cluster VPC",
                "from_port": 2049,
                "ipv6_cidr_blocks": [],
                "prefix_list_ids": [],
                "protocol": "tcp",
                "security_groups": [],
                "self": false,
                "to_port": 2049
              }
            ],
            "name": "elk_efs",
            "name_prefix": "",
            "owner_id": "264100014405",
            "revoke_rules_on_delete": false,
            "tags": {
              "COMPONENT_NAME": "elk"
            },
            "tags_all": {
              "COMPONENT_NAME": "elk"
            },
            "timeouts": null,
            "vpc_id": "vpc-0db7884498bb933a1"
          },
          "sensitive_attributes": [],
          "private": "eyJlMmJmYjczMC1lY2FhLTExZTYtOGY4OC0zNDM2M2JjN2M0YzAiOnsiY3JlYXRlIjo2MDAwMDAwMDAwMDAsImRlbGV0ZSI6OTAwMDAwMDAwMDAwfSwic2NoZW1hX3ZlcnNpb24iOiIxIn0=",
          "dependencies": [
            "module.vpc.aws_vpc.this"
          ]
        }
      ]
    },
    {
      "mode": "managed",
      "type": "aws_security_group",
      "name": "worker_group_mgmt_one",
      "provider": "provider[\"registry.terraform.io/hashicorp/aws\"]",
      "instances": [
        {
          "schema_version": 1,
          "attributes": {
            "arn": "arn:aws:ec2:ap-southeast-2:264100014405:security-group/sg-0186922605520bf55",
            "description": "Managed by Terraform",
            "egress": [],
            "id": "sg-0186922605520bf55",
            "ingress": [
              {
                "cidr_blocks": [
                  "10.0.0.0/8"
                ],
                "description": "",
                "from_port": 22,
                "ipv6_cidr_blocks": [],
                "prefix_list_ids": [],
                "protocol": "tcp",
                "security_groups": [],
                "self": false,
                "to_port": 22
              }
            ],
            "name": "worker_group_mgmt_one20210614002304067100000007",
            "name_prefix": "worker_group_mgmt_one",
            "owner_id": "264100014405",
            "revoke_rules_on_delete": false,
            "tags": null,
            "tags_all": {},
            "timeouts": null,
            "vpc_id": "vpc-0db7884498bb933a1"
          },
          "sensitive_attributes": [],
          "private": "eyJlMmJmYjczMC1lY2FhLTExZTYtOGY4OC0zNDM2M2JjN2M0YzAiOnsiY3JlYXRlIjo2MDAwMDAwMDAwMDAsImRlbGV0ZSI6OTAwMDAwMDAwMDAwfSwic2NoZW1hX3ZlcnNpb24iOiIxIn0=",
          "dependencies": [
            "module.vpc.aws_vpc.this"
          ]
        }
      ]
    },
    {
      "mode": "managed",
      "type": "aws_security_group",
      "name": "worker_group_mgmt_two",
      "provider": "provider[\"registry.terraform.io/hashicorp/aws\"]",
      "instances": [
        {
          "schema_version": 1,
          "attributes": {
            "arn": "arn:aws:ec2:ap-southeast-2:264100014405:security-group/sg-0ee373eba17d6c3f8",
            "description": "Managed by Terraform",
            "egress": [],
            "id": "sg-0ee373eba17d6c3f8",
            "ingress": [
              {
                "cidr_blocks": [
                  "192.168.0.0/16"
                ],
                "description": "",
                "from_port": 22,
                "ipv6_cidr_blocks": [],
                "prefix_list_ids": [],
                "protocol": "tcp",
                "security_groups": [],
                "self": false,
                "to_port": 22
              }
            ],
            "name": "worker_group_mgmt_two20210614002304190000000008",
            "name_prefix": "worker_group_mgmt_two",
            "owner_id": "264100014405",
            "revoke_rules_on_delete": false,
            "tags": null,
            "tags_all": {},
            "timeouts": null,
            "vpc_id": "vpc-0db7884498bb933a1"
          },
          "sensitive_attributes": [],
          "private": "eyJlMmJmYjczMC1lY2FhLTExZTYtOGY4OC0zNDM2M2JjN2M0YzAiOnsiY3JlYXRlIjo2MDAwMDAwMDAwMDAsImRlbGV0ZSI6OTAwMDAwMDAwMDAwfSwic2NoZW1hX3ZlcnNpb24iOiIxIn0=",
          "dependencies": [
            "module.vpc.aws_vpc.this"
          ]
        }
      ]
    },
    {
      "mode": "managed",
      "type": "random_string",
      "name": "suffix",
      "provider": "provider[\"registry.terraform.io/hashicorp/random\"]",
      "instances": [
        {
          "schema_version": 1,
          "attributes": {
            "id": "P5fuV1TA",
            "keepers": null,
            "length": 8,
            "lower": true,
            "min_lower": 0,
            "min_numeric": 0,
            "min_special": 0,
            "min_upper": 0,
            "number": true,
            "override_special": null,
            "result": "P5fuV1TA",
            "special": false,
            "upper": true
          },
          "sensitive_attributes": [],
          "private": "eyJzY2hlbWFfdmVyc2lvbiI6IjEifQ=="
        }
      ]
    },
    {
      "module": "module.vpc",
      "mode": "managed",
      "type": "aws_eip",
      "name": "nat",
      "provider": "provider[\"registry.terraform.io/hashicorp/aws\"]",
      "instances": [
        {
          "index_key": 0,
          "schema_version": 0,
          "attributes": {
            "address": null,
            "allocation_id": null,
            "associate_with_private_ip": null,
            "association_id": "",
            "carrier_ip": "",
            "customer_owned_ip": "",
            "customer_owned_ipv4_pool": "",
            "domain": "vpc",
            "id": "eipalloc-08853f1ae1fed8609",
            "instance": "",
            "network_border_group": "ap-southeast-2",
            "network_interface": "",
            "private_dns": null,
            "private_ip": "",
            "public_dns": "ec2-13-238-87-203.ap-southeast-2.compute.amazonaws.com",
            "public_ip": "13.238.87.203",
            "public_ipv4_pool": "amazon",
            "tags": {
              "COMPONENT_NAME": "elk",
              "Name": "elk-vpc-ap-southeast-2a",
              "kubernetes.io/cluster/elk": "shared"
            },
            "tags_all": {
              "COMPONENT_NAME": "elk",
              "Name": "elk-vpc-ap-southeast-2a",
              "kubernetes.io/cluster/elk": "shared"
            },
            "timeouts": null,
            "vpc": true
          },
          "sensitive_attributes": [],
          "private": "eyJlMmJmYjczMC1lY2FhLTExZTYtOGY4OC0zNDM2M2JjN2M0YzAiOnsiZGVsZXRlIjoxODAwMDAwMDAwMDAsInJlYWQiOjkwMDAwMDAwMDAwMCwidXBkYXRlIjozMDAwMDAwMDAwMDB9fQ==",
          "dependencies": [
            "data.aws_availability_zones.available"
          ]
        }
      ]
    },
    {
      "module": "module.vpc",
      "mode": "managed",
      "type": "aws_internet_gateway",
      "name": "this",
      "provider": "provider[\"registry.terraform.io/hashicorp/aws\"]",
      "instances": [
        {
          "index_key": 0,
          "schema_version": 0,
          "attributes": {
            "arn": "arn:aws:ec2:ap-southeast-2:264100014405:internet-gateway/igw-05525b75e754698f2",
            "id": "igw-05525b75e754698f2",
            "owner_id": "264100014405",
            "tags": {
              "COMPONENT_NAME": "elk",
              "Name": "elk-vpc",
              "kubernetes.io/cluster/elk": "shared"
            },
            "tags_all": {
              "COMPONENT_NAME": "elk",
              "Name": "elk-vpc",
              "kubernetes.io/cluster/elk": "shared"
            },
            "vpc_id": "vpc-0db7884498bb933a1"
          },
          "sensitive_attributes": [],
          "private": "bnVsbA==",
          "dependencies": [
            "module.vpc.aws_vpc.this",
            "module.vpc.aws_vpc_ipv4_cidr_block_association.this"
          ]
        }
      ]
    },
    {
      "module": "module.vpc",
      "mode": "managed",
      "type": "aws_nat_gateway",
      "name": "this",
      "provider": "provider[\"registry.terraform.io/hashicorp/aws\"]",
      "instances": [
        {
          "index_key": 0,
          "schema_version": 0,
          "attributes": {
            "allocation_id": "eipalloc-08853f1ae1fed8609",
            "id": "nat-0c6f886f8f7e34354",
            "network_interface_id": "eni-0302dcdeeeb4aa759",
            "private_ip": "10.0.4.131",
            "public_ip": "13.238.87.203",
            "subnet_id": "subnet-02e7ace3ce8bc6887",
            "tags": {
              "COMPONENT_NAME": "elk",
              "Name": "elk-vpc-ap-southeast-2a",
              "kubernetes.io/cluster/elk": "shared"
            },
            "tags_all": {
              "COMPONENT_NAME": "elk",
              "Name": "elk-vpc-ap-southeast-2a",
              "kubernetes.io/cluster/elk": "shared"
            }
          },
          "sensitive_attributes": [],
          "private": "bnVsbA==",
          "dependencies": [
            "data.aws_availability_zones.available",
            "module.vpc.aws_eip.nat",
            "module.vpc.aws_internet_gateway.this",
            "module.vpc.aws_subnet.public",
            "module.vpc.aws_vpc.this",
            "module.vpc.aws_vpc_ipv4_cidr_block_association.this"
          ]
        }
      ]
    },
    {
      "module": "module.vpc",
      "mode": "managed",
      "type": "aws_route",
      "name": "private_nat_gateway",
      "provider": "provider[\"registry.terraform.io/hashicorp/aws\"]",
      "instances": [
        {
          "index_key": 0,
          "schema_version": 0,
          "attributes": {
            "carrier_gateway_id": "",
            "destination_cidr_block": "0.0.0.0/0",
            "destination_ipv6_cidr_block": "",
            "destination_prefix_list_id": "",
            "egress_only_gateway_id": "",
            "gateway_id": "",
            "id": "r-rtb-0030faaba7c509ede1080289494",
            "instance_id": "",
            "instance_owner_id": "",
            "local_gateway_id": "",
            "nat_gateway_id": "nat-0c6f886f8f7e34354",
            "network_interface_id": "",
            "origin": "CreateRoute",
            "route_table_id": "rtb-0030faaba7c509ede",
            "state": "active",
            "timeouts": {
              "create": "5m",
              "delete": null
            },
            "transit_gateway_id": "",
            "vpc_endpoint_id": "",
            "vpc_peering_connection_id": ""
          },
          "sensitive_attributes": [],
          "private": "eyJlMmJmYjczMC1lY2FhLTExZTYtOGY4OC0zNDM2M2JjN2M0YzAiOnsiY3JlYXRlIjozMDAwMDAwMDAwMDAsImRlbGV0ZSI6MzAwMDAwMDAwMDAwfX0=",
          "dependencies": [
            "data.aws_availability_zones.available",
            "module.vpc.aws_eip.nat",
            "module.vpc.aws_internet_gateway.this",
            "module.vpc.aws_nat_gateway.this",
            "module.vpc.aws_route_table.private",
            "module.vpc.aws_subnet.public",
            "module.vpc.aws_vpc.this",
            "module.vpc.aws_vpc_ipv4_cidr_block_association.this"
          ]
        }
      ]
    },
    {
      "module": "module.vpc",
      "mode": "managed",
      "type": "aws_route",
      "name": "public_internet_gateway",
      "provider": "provider[\"registry.terraform.io/hashicorp/aws\"]",
      "instances": [
        {
          "index_key": 0,
          "schema_version": 0,
          "attributes": {
            "carrier_gateway_id": "",
            "destination_cidr_block": "0.0.0.0/0",
            "destination_ipv6_cidr_block": "",
            "destination_prefix_list_id": "",
            "egress_only_gateway_id": "",
            "gateway_id": "igw-05525b75e754698f2",
            "id": "r-rtb-05cad1ccb5b838e341080289494",
            "instance_id": "",
            "instance_owner_id": "",
            "local_gateway_id": "",
            "nat_gateway_id": "",
            "network_interface_id": "",
            "origin": "CreateRoute",
            "route_table_id": "rtb-05cad1ccb5b838e34",
            "state": "active",
            "timeouts": {
              "create": "5m",
              "delete": null
            },
            "transit_gateway_id": "",
            "vpc_endpoint_id": "",
            "vpc_peering_connection_id": ""
          },
          "sensitive_attributes": [],
          "private": "eyJlMmJmYjczMC1lY2FhLTExZTYtOGY4OC0zNDM2M2JjN2M0YzAiOnsiY3JlYXRlIjozMDAwMDAwMDAwMDAsImRlbGV0ZSI6MzAwMDAwMDAwMDAwfX0=",
          "dependencies": [
            "module.vpc.aws_internet_gateway.this",
            "module.vpc.aws_route_table.public",
            "module.vpc.aws_vpc.this",
            "module.vpc.aws_vpc_ipv4_cidr_block_association.this"
          ]
        }
      ]
    },
    {
      "module": "module.vpc",
      "mode": "managed",
      "type": "aws_route_table",
      "name": "private",
      "provider": "provider[\"registry.terraform.io/hashicorp/aws\"]",
      "instances": [
        {
          "index_key": 0,
          "schema_version": 0,
          "attributes": {
            "arn": "arn:aws:ec2:ap-southeast-2:264100014405:route-table/rtb-0030faaba7c509ede",
            "id": "rtb-0030faaba7c509ede",
            "owner_id": "264100014405",
            "propagating_vgws": [],
            "route": [],
            "tags": {
              "COMPONENT_NAME": "elk",
              "Name": "elk-vpc-private",
              "kubernetes.io/cluster/elk": "shared"
            },
            "tags_all": {
              "COMPONENT_NAME": "elk",
              "Name": "elk-vpc-private",
              "kubernetes.io/cluster/elk": "shared"
            },
            "vpc_id": "vpc-0db7884498bb933a1"
          },
          "sensitive_attributes": [],
          "private": "bnVsbA==",
          "dependencies": [
            "data.aws_availability_zones.available",
            "module.vpc.aws_vpc.this",
            "module.vpc.aws_vpc_ipv4_cidr_block_association.this"
          ]
        }
      ]
    },
    {
      "module": "module.vpc",
      "mode": "managed",
      "type": "aws_route_table",
      "name": "public",
      "provider": "provider[\"registry.terraform.io/hashicorp/aws\"]",
      "instances": [
        {
          "index_key": 0,
          "schema_version": 0,
          "attributes": {
            "arn": "arn:aws:ec2:ap-southeast-2:264100014405:route-table/rtb-05cad1ccb5b838e34",
            "id": "rtb-05cad1ccb5b838e34",
            "owner_id": "264100014405",
            "propagating_vgws": [],
            "route": [],
            "tags": {
              "COMPONENT_NAME": "elk",
              "Name": "elk-vpc-public",
              "kubernetes.io/cluster/elk": "shared"
            },
            "tags_all": {
              "COMPONENT_NAME": "elk",
              "Name": "elk-vpc-public",
              "kubernetes.io/cluster/elk": "shared"
            },
            "vpc_id": "vpc-0db7884498bb933a1"
          },
          "sensitive_attributes": [],
          "private": "bnVsbA==",
          "dependencies": [
            "module.vpc.aws_vpc.this",
            "module.vpc.aws_vpc_ipv4_cidr_block_association.this"
          ]
        }
      ]
    },
    {
      "module": "module.vpc",
      "mode": "managed",
      "type": "aws_route_table_association",
      "name": "private",
      "provider": "provider[\"registry.terraform.io/hashicorp/aws\"]",
      "instances": [
        {
          "index_key": 0,
          "schema_version": 0,
          "attributes": {
            "gateway_id": null,
            "id": "rtbassoc-0e1804efbff86961e",
            "route_table_id": "rtb-0030faaba7c509ede",
            "subnet_id": "subnet-072d47456131078e6"
          },
          "sensitive_attributes": [],
          "private": "bnVsbA==",
          "dependencies": [
            "data.aws_availability_zones.available",
            "module.vpc.aws_route_table.private",
            "module.vpc.aws_subnet.private",
            "module.vpc.aws_vpc.this",
            "module.vpc.aws_vpc_ipv4_cidr_block_association.this"
          ]
        },
        {
          "index_key": 1,
          "schema_version": 0,
          "attributes": {
            "gateway_id": null,
            "id": "rtbassoc-0d9e30fc94b84ba81",
            "route_table_id": "rtb-0030faaba7c509ede",
            "subnet_id": "subnet-04a093f29498713ab"
          },
          "sensitive_attributes": [],
          "private": "bnVsbA==",
          "dependencies": [
            "data.aws_availability_zones.available",
            "module.vpc.aws_route_table.private",
            "module.vpc.aws_subnet.private",
            "module.vpc.aws_vpc.this",
            "module.vpc.aws_vpc_ipv4_cidr_block_association.this"
          ]
        },
        {
          "index_key": 2,
          "schema_version": 0,
          "attributes": {
            "gateway_id": null,
            "id": "rtbassoc-00b652bf6429256de",
            "route_table_id": "rtb-0030faaba7c509ede",
            "subnet_id": "subnet-03e11792b71012551"
          },
          "sensitive_attributes": [],
          "private": "bnVsbA==",
          "dependencies": [
            "data.aws_availability_zones.available",
            "module.vpc.aws_route_table.private",
            "module.vpc.aws_subnet.private",
            "module.vpc.aws_vpc.this",
            "module.vpc.aws_vpc_ipv4_cidr_block_association.this"
          ]
        }
      ]
    },
    {
      "module": "module.vpc",
      "mode": "managed",
      "type": "aws_route_table_association",
      "name": "public",
      "provider": "provider[\"registry.terraform.io/hashicorp/aws\"]",
      "instances": [
        {
          "index_key": 0,
          "schema_version": 0,
          "attributes": {
            "gateway_id": null,
            "id": "rtbassoc-0c2477094eea41779",
            "route_table_id": "rtb-05cad1ccb5b838e34",
            "subnet_id": "subnet-02e7ace3ce8bc6887"
          },
          "sensitive_attributes": [],
          "private": "bnVsbA==",
          "dependencies": [
            "data.aws_availability_zones.available",
            "module.vpc.aws_route_table.public",
            "module.vpc.aws_subnet.public",
            "module.vpc.aws_vpc.this",
            "module.vpc.aws_vpc_ipv4_cidr_block_association.this"
          ]
        },
        {
          "index_key": 1,
          "schema_version": 0,
          "attributes": {
            "gateway_id": null,
            "id": "rtbassoc-089b177e53a74dd58",
            "route_table_id": "rtb-05cad1ccb5b838e34",
            "subnet_id": "subnet-0bc95df144be11d55"
          },
          "sensitive_attributes": [],
          "private": "bnVsbA==",
          "dependencies": [
            "data.aws_availability_zones.available",
            "module.vpc.aws_route_table.public",
            "module.vpc.aws_subnet.public",
            "module.vpc.aws_vpc.this",
            "module.vpc.aws_vpc_ipv4_cidr_block_association.this"
          ]
        },
        {
          "index_key": 2,
          "schema_version": 0,
          "attributes": {
            "gateway_id": null,
            "id": "rtbassoc-0c5ec101359e75d7f",
            "route_table_id": "rtb-05cad1ccb5b838e34",
            "subnet_id": "subnet-0bd67fbc439cb7b79"
          },
          "sensitive_attributes": [],
          "private": "bnVsbA==",
          "dependencies": [
            "data.aws_availability_zones.available",
            "module.vpc.aws_route_table.public",
            "module.vpc.aws_subnet.public",
            "module.vpc.aws_vpc.this",
            "module.vpc.aws_vpc_ipv4_cidr_block_association.this"
          ]
        }
      ]
    },
    {
      "module": "module.vpc",
      "mode": "managed",
      "type": "aws_subnet",
      "name": "private",
      "provider": "provider[\"registry.terraform.io/hashicorp/aws\"]",
      "instances": [
        {
          "index_key": 0,
          "schema_version": 1,
          "attributes": {
            "arn": "arn:aws:ec2:ap-southeast-2:264100014405:subnet/subnet-072d47456131078e6",
            "assign_ipv6_address_on_creation": false,
            "availability_zone": "ap-southeast-2a",
            "availability_zone_id": "apse2-az1",
            "cidr_block": "10.0.1.0/24",
            "customer_owned_ipv4_pool": "",
            "id": "subnet-072d47456131078e6",
            "ipv6_cidr_block": "",
            "ipv6_cidr_block_association_id": "",
            "map_customer_owned_ip_on_launch": false,
            "map_public_ip_on_launch": false,
            "outpost_arn": "",
            "owner_id": "264100014405",
            "tags": {
              "COMPONENT_NAME": "elk",
              "Name": "elk-vpc-private-ap-southeast-2a",
              "kubernetes.io/cluster/elk": "shared",
              "kubernetes.io/role/internal-elb": "1"
            },
            "tags_all": {
              "COMPONENT_NAME": "elk",
              "Name": "elk-vpc-private-ap-southeast-2a",
              "kubernetes.io/cluster/elk": "shared",
              "kubernetes.io/role/internal-elb": "1"
            },
            "timeouts": null,
            "vpc_id": "vpc-0db7884498bb933a1"
          },
          "sensitive_attributes": [],
          "private": "eyJlMmJmYjczMC1lY2FhLTExZTYtOGY4OC0zNDM2M2JjN2M0YzAiOnsiY3JlYXRlIjo2MDAwMDAwMDAwMDAsImRlbGV0ZSI6MTIwMDAwMDAwMDAwMH0sInNjaGVtYV92ZXJzaW9uIjoiMSJ9",
          "dependencies": [
            "data.aws_availability_zones.available",
            "module.vpc.aws_vpc.this",
            "module.vpc.aws_vpc_ipv4_cidr_block_association.this"
          ]
        },
        {
          "index_key": 1,
          "schema_version": 1,
          "attributes": {
            "arn": "arn:aws:ec2:ap-southeast-2:264100014405:subnet/subnet-04a093f29498713ab",
            "assign_ipv6_address_on_creation": false,
            "availability_zone": "ap-southeast-2b",
            "availability_zone_id": "apse2-az3",
            "cidr_block": "10.0.2.0/24",
            "customer_owned_ipv4_pool": "",
            "id": "subnet-04a093f29498713ab",
            "ipv6_cidr_block": "",
            "ipv6_cidr_block_association_id": "",
            "map_customer_owned_ip_on_launch": false,
            "map_public_ip_on_launch": false,
            "outpost_arn": "",
            "owner_id": "264100014405",
            "tags": {
              "COMPONENT_NAME": "elk",
              "Name": "elk-vpc-private-ap-southeast-2b",
              "kubernetes.io/cluster/elk": "shared",
              "kubernetes.io/role/internal-elb": "1"
            },
            "tags_all": {
              "COMPONENT_NAME": "elk",
              "Name": "elk-vpc-private-ap-southeast-2b",
              "kubernetes.io/cluster/elk": "shared",
              "kubernetes.io/role/internal-elb": "1"
            },
            "timeouts": null,
            "vpc_id": "vpc-0db7884498bb933a1"
          },
          "sensitive_attributes": [],
          "private": "eyJlMmJmYjczMC1lY2FhLTExZTYtOGY4OC0zNDM2M2JjN2M0YzAiOnsiY3JlYXRlIjo2MDAwMDAwMDAwMDAsImRlbGV0ZSI6MTIwMDAwMDAwMDAwMH0sInNjaGVtYV92ZXJzaW9uIjoiMSJ9",
          "dependencies": [
            "data.aws_availability_zones.available",
            "module.vpc.aws_vpc.this",
            "module.vpc.aws_vpc_ipv4_cidr_block_association.this"
          ]
        },
        {
          "index_key": 2,
          "schema_version": 1,
          "attributes": {
            "arn": "arn:aws:ec2:ap-southeast-2:264100014405:subnet/subnet-03e11792b71012551",
            "assign_ipv6_address_on_creation": false,
            "availability_zone": "ap-southeast-2c",
            "availability_zone_id": "apse2-az2",
            "cidr_block": "10.0.3.0/24",
            "customer_owned_ipv4_pool": "",
            "id": "subnet-03e11792b71012551",
            "ipv6_cidr_block": "",
            "ipv6_cidr_block_association_id": "",
            "map_customer_owned_ip_on_launch": false,
            "map_public_ip_on_launch": false,
            "outpost_arn": "",
            "owner_id": "264100014405",
            "tags": {
              "COMPONENT_NAME": "elk",
              "Name": "elk-vpc-private-ap-southeast-2c",
              "kubernetes.io/cluster/elk": "shared",
              "kubernetes.io/role/internal-elb": "1"
            },
            "tags_all": {
              "COMPONENT_NAME": "elk",
              "Name": "elk-vpc-private-ap-southeast-2c",
              "kubernetes.io/cluster/elk": "shared",
              "kubernetes.io/role/internal-elb": "1"
            },
            "timeouts": null,
            "vpc_id": "vpc-0db7884498bb933a1"
          },
          "sensitive_attributes": [],
          "private": "eyJlMmJmYjczMC1lY2FhLTExZTYtOGY4OC0zNDM2M2JjN2M0YzAiOnsiY3JlYXRlIjo2MDAwMDAwMDAwMDAsImRlbGV0ZSI6MTIwMDAwMDAwMDAwMH0sInNjaGVtYV92ZXJzaW9uIjoiMSJ9",
          "dependencies": [
            "data.aws_availability_zones.available",
            "module.vpc.aws_vpc.this",
            "module.vpc.aws_vpc_ipv4_cidr_block_association.this"
          ]
        }
      ]
    },
    {
      "module": "module.vpc",
      "mode": "managed",
      "type": "aws_subnet",
      "name": "public",
      "provider": "provider[\"registry.terraform.io/hashicorp/aws\"]",
      "instances": [
        {
          "index_key": 0,
          "schema_version": 1,
          "attributes": {
            "arn": "arn:aws:ec2:ap-southeast-2:264100014405:subnet/subnet-02e7ace3ce8bc6887",
            "assign_ipv6_address_on_creation": false,
            "availability_zone": "ap-southeast-2a",
            "availability_zone_id": "apse2-az1",
            "cidr_block": "10.0.4.0/24",
            "customer_owned_ipv4_pool": "",
            "id": "subnet-02e7ace3ce8bc6887",
            "ipv6_cidr_block": "",
            "ipv6_cidr_block_association_id": "",
            "map_customer_owned_ip_on_launch": false,
            "map_public_ip_on_launch": true,
            "outpost_arn": "",
            "owner_id": "264100014405",
            "tags": {
              "COMPONENT_NAME": "elk",
              "Name": "elk-vpc-public-ap-southeast-2a",
              "kubernetes.io/cluster/elk": "shared",
              "kubernetes.io/role/elb": "1"
            },
            "tags_all": {
              "COMPONENT_NAME": "elk",
              "Name": "elk-vpc-public-ap-southeast-2a",
              "kubernetes.io/cluster/elk": "shared",
              "kubernetes.io/role/elb": "1"
            },
            "timeouts": null,
            "vpc_id": "vpc-0db7884498bb933a1"
          },
          "sensitive_attributes": [],
          "private": "eyJlMmJmYjczMC1lY2FhLTExZTYtOGY4OC0zNDM2M2JjN2M0YzAiOnsiY3JlYXRlIjo2MDAwMDAwMDAwMDAsImRlbGV0ZSI6MTIwMDAwMDAwMDAwMH0sInNjaGVtYV92ZXJzaW9uIjoiMSJ9",
          "dependencies": [
            "data.aws_availability_zones.available",
            "module.vpc.aws_vpc.this",
            "module.vpc.aws_vpc_ipv4_cidr_block_association.this"
          ]
        },
        {
          "index_key": 1,
          "schema_version": 1,
          "attributes": {
            "arn": "arn:aws:ec2:ap-southeast-2:264100014405:subnet/subnet-0bc95df144be11d55",
            "assign_ipv6_address_on_creation": false,
            "availability_zone": "ap-southeast-2b",
            "availability_zone_id": "apse2-az3",
            "cidr_block": "10.0.5.0/24",
            "customer_owned_ipv4_pool": "",
            "id": "subnet-0bc95df144be11d55",
            "ipv6_cidr_block": "",
            "ipv6_cidr_block_association_id": "",
            "map_customer_owned_ip_on_launch": false,
            "map_public_ip_on_launch": true,
            "outpost_arn": "",
            "owner_id": "264100014405",
            "tags": {
              "COMPONENT_NAME": "elk",
              "Name": "elk-vpc-public-ap-southeast-2b",
              "kubernetes.io/cluster/elk": "shared",
              "kubernetes.io/role/elb": "1"
            },
            "tags_all": {
              "COMPONENT_NAME": "elk",
              "Name": "elk-vpc-public-ap-southeast-2b",
              "kubernetes.io/cluster/elk": "shared",
              "kubernetes.io/role/elb": "1"
            },
            "timeouts": null,
            "vpc_id": "vpc-0db7884498bb933a1"
          },
          "sensitive_attributes": [],
          "private": "eyJlMmJmYjczMC1lY2FhLTExZTYtOGY4OC0zNDM2M2JjN2M0YzAiOnsiY3JlYXRlIjo2MDAwMDAwMDAwMDAsImRlbGV0ZSI6MTIwMDAwMDAwMDAwMH0sInNjaGVtYV92ZXJzaW9uIjoiMSJ9",
          "dependencies": [
            "data.aws_availability_zones.available",
            "module.vpc.aws_vpc.this",
            "module.vpc.aws_vpc_ipv4_cidr_block_association.this"
          ]
        },
        {
          "index_key": 2,
          "schema_version": 1,
          "attributes": {
            "arn": "arn:aws:ec2:ap-southeast-2:264100014405:subnet/subnet-0bd67fbc439cb7b79",
            "assign_ipv6_address_on_creation": false,
            "availability_zone": "ap-southeast-2c",
            "availability_zone_id": "apse2-az2",
            "cidr_block": "10.0.6.0/24",
            "customer_owned_ipv4_pool": "",
            "id": "subnet-0bd67fbc439cb7b79",
            "ipv6_cidr_block": "",
            "ipv6_cidr_block_association_id": "",
            "map_customer_owned_ip_on_launch": false,
            "map_public_ip_on_launch": true,
            "outpost_arn": "",
            "owner_id": "264100014405",
            "tags": {
              "COMPONENT_NAME": "elk",
              "Name": "elk-vpc-public-ap-southeast-2c",
              "kubernetes.io/cluster/elk": "shared",
              "kubernetes.io/role/elb": "1"
            },
            "tags_all": {
              "COMPONENT_NAME": "elk",
              "Name": "elk-vpc-public-ap-southeast-2c",
              "kubernetes.io/cluster/elk": "shared",
              "kubernetes.io/role/elb": "1"
            },
            "timeouts": null,
            "vpc_id": "vpc-0db7884498bb933a1"
          },
          "sensitive_attributes": [],
          "private": "eyJlMmJmYjczMC1lY2FhLTExZTYtOGY4OC0zNDM2M2JjN2M0YzAiOnsiY3JlYXRlIjo2MDAwMDAwMDAwMDAsImRlbGV0ZSI6MTIwMDAwMDAwMDAwMH0sInNjaGVtYV92ZXJzaW9uIjoiMSJ9",
          "dependencies": [
            "data.aws_availability_zones.available",
            "module.vpc.aws_vpc.this",
            "module.vpc.aws_vpc_ipv4_cidr_block_association.this"
          ]
        }
      ]
    },
    {
      "module": "module.vpc",
      "mode": "managed",
      "type": "aws_vpc",
      "name": "this",
      "provider": "provider[\"registry.terraform.io/hashicorp/aws\"]",
      "instances": [
        {
          "index_key": 0,
          "schema_version": 1,
          "attributes": {
            "arn": "arn:aws:ec2:ap-southeast-2:264100014405:vpc/vpc-0db7884498bb933a1",
            "assign_generated_ipv6_cidr_block": false,
            "cidr_block": "10.0.0.0/16",
            "default_network_acl_id": "acl-0430b54ae82757fe2",
            "default_route_table_id": "rtb-07e51fbf126ffc829",
            "default_security_group_id": "sg-04012d349f6153372",
            "dhcp_options_id": "dopt-9b3e11fc",
            "enable_classiclink": false,
            "enable_classiclink_dns_support": false,
            "enable_dns_hostnames": true,
            "enable_dns_support": true,
            "id": "vpc-0db7884498bb933a1",
            "instance_tenancy": "default",
            "ipv6_association_id": "",
            "ipv6_cidr_block": "",
            "main_route_table_id": "rtb-07e51fbf126ffc829",
            "owner_id": "264100014405",
            "tags": {
              "COMPONENT_NAME": "elk",
              "Name": "elk-vpc",
              "kubernetes.io/cluster/elk": "shared"
            },
            "tags_all": {
              "COMPONENT_NAME": "elk",
              "Name": "elk-vpc",
              "kubernetes.io/cluster/elk": "shared"
            }
          },
          "sensitive_attributes": [],
          "private": "eyJzY2hlbWFfdmVyc2lvbiI6IjEifQ=="
        }
      ]
    }
  ]
}
