{
  "version": 4,
  "terraform_version": "0.15.3",
  "serial": 337,
  "lineage": "7df9f09b-a75c-4aa6-4def-b945c6c2d6ab",
  "outputs": {
    "endpoint": {
      "value": "https://FA78CCB1F699525FABB3484210D880C7.sk1.ap-southeast-2.eks.amazonaws.com",
      "type": "string"
    },
    "kubeconfig-certificate-authority-data": {
      "value": "LS0tLS1CRUdJTiBDRVJUSUZJQ0FURS0tLS0tCk1JSUM1ekNDQWMrZ0F3SUJBZ0lCQURBTkJna3Foa2lHOXcwQkFRc0ZBREFWTVJNd0VRWURWUVFERXdwcmRXSmwKY201bGRHVnpNQjRYRFRJeE1EWXdNakEyTURVd01Gb1hEVE14TURVek1UQTJNRFV3TUZvd0ZURVRNQkVHQTFVRQpBeE1LYTNWaVpYSnVaWFJsY3pDQ0FTSXdEUVlKS29aSWh2Y05BUUVCQlFBRGdnRVBBRENDQVFvQ2dnRUJBTzFSCkZiVTk2NEY0ZGY3RFJwbVIrQy9xd2hFRUNKRXhjMmZlRm1lak9oRFkzMU15ZUFDWUE1QzNjQzQ0YVBBK29ER1kKRWxBMm9jalkwanp0SjI4OEpqTmIzNTR2UVg3THRCdU9FZHBBb3lxbVNOWlhLelhYQTU4TTdMNThNTDFwWE5mdwpJbWg4MWdHWU1UTGxIQXVYNmx1ZnRNKzZHUWpMcXZ4ZjQ1b0kwYWNIZkVxUTVVcnRnZk5JdWJ4aituUThpcmY2CkpjWG12dDc5dkNqZWF5SkV4SVo5NjVSVExXK1U0SHoyWHVtbGtTcFovUXhXSnFCWnZ2Mkt5VEgzRXVwOHNJQmQKNmFoOVFSVGpNV09IekloUU0yaXZrUnZ4aDYvRk9kQm1RNFY4REJBbVVhM3NiYU1sMVRQK1oxaU55a2k1QUVVdgpWUFRGNWR5VzhkYlVZTWpGamdzQ0F3RUFBYU5DTUVBd0RnWURWUjBQQVFIL0JBUURBZ0trTUE4R0ExVWRFd0VCCi93UUZNQU1CQWY4d0hRWURWUjBPQkJZRUZPNysxMFh0Zm00UElNYUNhRW1UcWJUZzhMWjdNQTBHQ1NxR1NJYjMKRFFFQkN3VUFBNElCQVFDdlNRV1NXWUViQ214cHN6enByVTlPdXBNcllLZVFDQ0JCNW9xdTc2Zlh3cCtINkY2SgprNDUwZ1owTGp6ZWdLM1MrdzlIakcxWTYyNzE5SzltMjZqbFhXWDZ1WDVQOTZMaG5zNG8zTDFvOHJ1ZzBjb3ZWClRIRXNmalBWcFlxRG5aUFdNYjFvL2Izem9BaFpMN1ZScllIUWJLV0lLNmFaYXhma3B4QVI0SndZNHJ5YW9JcmEKemdWWmhDMVJIVmwyeGNKNXdzMk1Ib3dFdW5ZaWUvc2lxMS8xMU5VT2VJWlFSZ3Bac09DaDZZUHNYRjhFWUMrcQpLSkpZUUVQdG5nU0xzakFmdVFlWUtUQVdKY1AwcW16K2tESDFaWDhTK1NXWm9qQkh6VVg2SXRGNFF2Ym14aGpmClNGWW01aFlVeUxEeFVCR0xJVmJ4UW0wYTBzVTVNN05ob3BZegotLS0tLUVORCBDRVJUSUZJQ0FURS0tLS0tCg==",
      "type": "string"
    }
  },
  "resources": [
    {
      "mode": "data",
      "type": "aws_availability_zones",
      "name": "available",
      "provider": "provider[\"registry.terraform.io/hashicorp/aws\"]",
      "instances": [
        {
          "schema_version": 0,
          "attributes": {
            "all_availability_zones": null,
            "exclude_names": null,
            "exclude_zone_ids": null,
            "filter": null,
            "group_names": [
              "ap-southeast-2"
            ],
            "id": "ap-southeast-2",
            "names": [
              "ap-southeast-2a",
              "ap-southeast-2b",
              "ap-southeast-2c"
            ],
            "state": null,
            "zone_ids": [
              "apse2-az1",
              "apse2-az3",
              "apse2-az2"
            ]
          },
          "sensitive_attributes": []
        }
      ]
    },
    {
      "mode": "data",
      "type": "aws_iam_policy_document",
      "name": "elk_alb_sa",
      "provider": "provider[\"registry.terraform.io/hashicorp/aws\"]",
      "instances": [
        {
          "schema_version": 0,
          "attributes": {
            "id": "1033290402",
            "json": "{\n  \"Version\": \"2012-10-17\",\n  \"Statement\": [\n    {\n      \"Sid\": \"\",\n      \"Effect\": \"Allow\",\n      \"Action\": \"sts:AssumeRoleWithWebIdentity\",\n      \"Principal\": {\n        \"Federated\": \"arn:aws:iam::264100014405:oidc-provider/oidc.eks.ap-southeast-2.amazonaws.com/id/FA78CCB1F699525FABB3484210D880C7\"\n      }\n    }\n  ]\n}",
            "override_json": null,
            "override_policy_documents": null,
            "policy_id": null,
            "source_json": null,
            "source_policy_documents": null,
            "statement": [
              {
                "actions": [
                  "sts:AssumeRoleWithWebIdentity"
                ],
                "condition": [],
                "effect": "Allow",
                "not_actions": [],
                "not_principals": [],
                "not_resources": [],
                "principals": [
                  {
                    "identifiers": [
                      "arn:aws:iam::264100014405:oidc-provider/oidc.eks.ap-southeast-2.amazonaws.com/id/FA78CCB1F699525FABB3484210D880C7"
                    ],
                    "type": "Federated"
                  }
                ],
                "resources": [],
                "sid": ""
              }
            ],
            "version": "2012-10-17"
          },
          "sensitive_attributes": []
        }
      ]
    },
    {
      "mode": "data",
      "type": "tls_certificate",
      "name": "elk",
      "provider": "provider[\"registry.terraform.io/hashicorp/tls\"]",
      "instances": [
        {
          "schema_version": 0,
          "attributes": {
            "certificates": [
              {
                "is_ca": true,
                "issuer": "OU=Starfield Class 2 Certification Authority,O=Starfield Technologies\\, Inc.,C=US",
                "not_after": "2034-06-28T17:39:16Z",
                "not_before": "2009-09-02T00:00:00Z",
                "public_key_algorithm": "RSA",
                "serial_number": "12037640545166866303",
                "sha1_fingerprint": "9e99a48a9960b14926bb7f3b02e22da2b0ab7280",
                "signature_algorithm": "SHA256-RSA",
                "subject": "CN=Starfield Services Root Certificate Authority - G2,O=Starfield Technologies\\, Inc.,L=Scottsdale,ST=Arizona,C=US",
                "version": 3
              },
              {
                "is_ca": true,
                "issuer": "CN=Starfield Services Root Certificate Authority - G2,O=Starfield Technologies\\, Inc.,L=Scottsdale,ST=Arizona,C=US",
                "not_after": "2037-12-31T01:00:00Z",
                "not_before": "2015-05-25T12:00:00Z",
                "public_key_algorithm": "RSA",
                "serial_number": "144918191876577076464031512351042010504348870",
                "sha1_fingerprint": "06b25927c42a721631c1efd9431e648fa62e1e39",
                "signature_algorithm": "SHA256-RSA",
                "subject": "CN=Amazon Root CA 1,O=Amazon,C=US",
                "version": 3
              },
              {
                "is_ca": true,
                "issuer": "CN=Amazon Root CA 1,O=Amazon,C=US",
                "not_after": "2025-10-19T00:00:00Z",
                "not_before": "2015-10-22T00:00:00Z",
                "public_key_algorithm": "RSA",
                "serial_number": "144918209630989264145272943054026349679957517",
                "sha1_fingerprint": "917e732d330f9a12404f73d8bea36948b929dffc",
                "signature_algorithm": "SHA256-RSA",
                "subject": "CN=Amazon,OU=Server CA 1B,O=Amazon,C=US",
                "version": 3
              },
              {
                "is_ca": false,
                "issuer": "CN=Amazon,OU=Server CA 1B,O=Amazon,C=US",
                "not_after": "2021-08-11T12:00:00Z",
                "not_before": "2020-07-11T00:00:00Z",
                "public_key_algorithm": "RSA",
                "serial_number": "13355187935834988831149832931896596353",
                "sha1_fingerprint": "33db8f260b90759d648f549e5f8ed56be2f1ad25",
                "signature_algorithm": "SHA256-RSA",
                "subject": "CN=oidc.eks.ap-southeast-2.amazonaws.com",
                "version": 3
              }
            ],
            "id": "2021-06-12 23:18:07.673163 +0000 UTC",
            "url": "https://oidc.eks.ap-southeast-2.amazonaws.com/id/FA78CCB1F699525FABB3484210D880C7",
            "verify_chain": true
          },
          "sensitive_attributes": []
        }
      ]
    },
    {
      "mode": "managed",
      "type": "aws_efs_file_system",
      "name": "efs_file_system",
      "provider": "provider[\"registry.terraform.io/hashicorp/aws\"]",
      "instances": [
        {
          "schema_version": 0,
          "attributes": {
            "arn": "arn:aws:elasticfilesystem:ap-southeast-2:264100014405:file-system/fs-a9605191",
            "availability_zone_id": "",
            "availability_zone_name": "",
            "creation_token": "terraform-20210604072401705300000001",
            "dns_name": "fs-a9605191.efs.ap-southeast-2.amazonaws.com",
            "encrypted": false,
            "id": "fs-a9605191",
            "kms_key_id": "",
            "lifecycle_policy": [],
            "number_of_mount_targets": 2,
            "owner_id": "264100014405",
            "performance_mode": "generalPurpose",
            "provisioned_throughput_in_mibps": 0,
            "size_in_bytes": [
              {
                "value": 5795840,
                "value_in_ia": 0,
                "value_in_standard": 5795840
              }
            ],
            "tags": {
              "COMPONENT_NAME": "elk"
            },
            "tags_all": {
              "COMPONENT_NAME": "elk"
            },
            "throughput_mode": "bursting"
          },
          "sensitive_attributes": [],
          "private": "bnVsbA=="
        }
      ]
    },
    {
      "mode": "managed",
      "type": "aws_efs_mount_target",
      "name": "efs_mount_target_sn1",
      "provider": "provider[\"registry.terraform.io/hashicorp/aws\"]",
      "instances": [
        {
          "schema_version": 0,
          "attributes": {
            "availability_zone_id": "apse2-az1",
            "availability_zone_name": "ap-southeast-2a",
            "dns_name": "fs-a9605191.efs.ap-southeast-2.amazonaws.com",
            "file_system_arn": "arn:aws:elasticfilesystem:ap-southeast-2:264100014405:file-system/fs-a9605191",
            "file_system_id": "fs-a9605191",
            "id": "fsmt-1c457025",
            "ip_address": "10.0.1.37",
            "mount_target_dns_name": "ap-southeast-2a.fs-a9605191.efs.ap-southeast-2.amazonaws.com",
            "network_interface_id": "eni-0f497439200e06470",
            "owner_id": "264100014405",
            "security_groups": [
              "sg-0dc60580ad70b07e9"
            ],
            "subnet_id": "subnet-0216f78320c8825b0"
          },
          "sensitive_attributes": [],
          "private": "bnVsbA==",
          "dependencies": [
            "aws_security_group.efs_sg",
            "data.aws_availability_zones.available",
            "module.vpc.aws_subnet.private",
            "module.vpc.aws_vpc.this",
            "module.vpc.aws_vpc_ipv4_cidr_block_association.this",
            "aws_efs_file_system.efs_file_system"
          ]
        }
      ]
    },
    {
      "mode": "managed",
      "type": "aws_efs_mount_target",
      "name": "efs_mount_target_sn2",
      "provider": "provider[\"registry.terraform.io/hashicorp/aws\"]",
      "instances": [
        {
          "schema_version": 0,
          "attributes": {
            "availability_zone_id": "apse2-az3",
            "availability_zone_name": "ap-southeast-2b",
            "dns_name": "fs-a9605191.efs.ap-southeast-2.amazonaws.com",
            "file_system_arn": "arn:aws:elasticfilesystem:ap-southeast-2:264100014405:file-system/fs-a9605191",
            "file_system_id": "fs-a9605191",
            "id": "fsmt-e65a6fdf",
            "ip_address": "10.0.2.85",
            "mount_target_dns_name": "ap-southeast-2b.fs-a9605191.efs.ap-southeast-2.amazonaws.com",
            "network_interface_id": "eni-0ed82755dc95c71ed",
            "owner_id": "264100014405",
            "security_groups": [
              "sg-0dc60580ad70b07e9"
            ],
            "subnet_id": "subnet-07e1a3013e032b93f"
          },
          "sensitive_attributes": [],
          "private": "bnVsbA==",
          "dependencies": [
            "aws_security_group.efs_sg",
            "data.aws_availability_zones.available",
            "module.vpc.aws_subnet.private",
            "module.vpc.aws_vpc.this",
            "module.vpc.aws_vpc_ipv4_cidr_block_association.this",
            "aws_efs_file_system.efs_file_system"
          ]
        }
      ]
    },
    {
      "mode": "managed",
      "type": "aws_eks_cluster",
      "name": "elk",
      "provider": "provider[\"registry.terraform.io/hashicorp/aws\"]",
      "instances": [
        {
          "schema_version": 0,
          "attributes": {
            "arn": "arn:aws:eks:ap-southeast-2:264100014405:cluster/elk",
            "certificate_authority": [
              {
                "data": "LS0tLS1CRUdJTiBDRVJUSUZJQ0FURS0tLS0tCk1JSUM1ekNDQWMrZ0F3SUJBZ0lCQURBTkJna3Foa2lHOXcwQkFRc0ZBREFWTVJNd0VRWURWUVFERXdwcmRXSmwKY201bGRHVnpNQjRYRFRJeE1EWXdNakEyTURVd01Gb1hEVE14TURVek1UQTJNRFV3TUZvd0ZURVRNQkVHQTFVRQpBeE1LYTNWaVpYSnVaWFJsY3pDQ0FTSXdEUVlKS29aSWh2Y05BUUVCQlFBRGdnRVBBRENDQVFvQ2dnRUJBTzFSCkZiVTk2NEY0ZGY3RFJwbVIrQy9xd2hFRUNKRXhjMmZlRm1lak9oRFkzMU15ZUFDWUE1QzNjQzQ0YVBBK29ER1kKRWxBMm9jalkwanp0SjI4OEpqTmIzNTR2UVg3THRCdU9FZHBBb3lxbVNOWlhLelhYQTU4TTdMNThNTDFwWE5mdwpJbWg4MWdHWU1UTGxIQXVYNmx1ZnRNKzZHUWpMcXZ4ZjQ1b0kwYWNIZkVxUTVVcnRnZk5JdWJ4aituUThpcmY2CkpjWG12dDc5dkNqZWF5SkV4SVo5NjVSVExXK1U0SHoyWHVtbGtTcFovUXhXSnFCWnZ2Mkt5VEgzRXVwOHNJQmQKNmFoOVFSVGpNV09IekloUU0yaXZrUnZ4aDYvRk9kQm1RNFY4REJBbVVhM3NiYU1sMVRQK1oxaU55a2k1QUVVdgpWUFRGNWR5VzhkYlVZTWpGamdzQ0F3RUFBYU5DTUVBd0RnWURWUjBQQVFIL0JBUURBZ0trTUE4R0ExVWRFd0VCCi93UUZNQU1CQWY4d0hRWURWUjBPQkJZRUZPNysxMFh0Zm00UElNYUNhRW1UcWJUZzhMWjdNQTBHQ1NxR1NJYjMKRFFFQkN3VUFBNElCQVFDdlNRV1NXWUViQ214cHN6enByVTlPdXBNcllLZVFDQ0JCNW9xdTc2Zlh3cCtINkY2SgprNDUwZ1owTGp6ZWdLM1MrdzlIakcxWTYyNzE5SzltMjZqbFhXWDZ1WDVQOTZMaG5zNG8zTDFvOHJ1ZzBjb3ZWClRIRXNmalBWcFlxRG5aUFdNYjFvL2Izem9BaFpMN1ZScllIUWJLV0lLNmFaYXhma3B4QVI0SndZNHJ5YW9JcmEKemdWWmhDMVJIVmwyeGNKNXdzMk1Ib3dFdW5ZaWUvc2lxMS8xMU5VT2VJWlFSZ3Bac09DaDZZUHNYRjhFWUMrcQpLSkpZUUVQdG5nU0xzakFmdVFlWUtUQVdKY1AwcW16K2tESDFaWDhTK1NXWm9qQkh6VVg2SXRGNFF2Ym14aGpmClNGWW01aFlVeUxEeFVCR0xJVmJ4UW0wYTBzVTVNN05ob3BZegotLS0tLUVORCBDRVJUSUZJQ0FURS0tLS0tCg=="
              }
            ],
            "created_at": "2021-06-02 05:58:20.681 +0000 UTC",
            "enabled_cluster_log_types": [],
            "encryption_config": [],
            "endpoint": "https://FA78CCB1F699525FABB3484210D880C7.sk1.ap-southeast-2.eks.amazonaws.com",
            "id": "elk",
            "identity": [
              {
                "oidc": [
                  {
                    "issuer": "https://oidc.eks.ap-southeast-2.amazonaws.com/id/FA78CCB1F699525FABB3484210D880C7"
                  }
                ]
              }
            ],
            "kubernetes_network_config": [
              {
                "service_ipv4_cidr": "172.20.0.0/16"
              }
            ],
            "name": "elk",
            "platform_version": "eks.5",
            "role_arn": "arn:aws:iam::264100014405:role/eks-cluster-elk",
            "status": "ACTIVE",
            "tags": {
              "COMPONENT_NAME": "elk"
            },
            "tags_all": {
              "COMPONENT_NAME": "elk"
            },
            "timeouts": null,
            "version": "1.19",
            "vpc_config": [
              {
                "cluster_security_group_id": "sg-07081e666c652bbcd",
                "endpoint_private_access": false,
                "endpoint_public_access": true,
                "public_access_cidrs": [
                  "0.0.0.0/0"
                ],
                "security_group_ids": [],
                "subnet_ids": [
                  "subnet-0216f78320c8825b0",
                  "subnet-07e1a3013e032b93f"
                ],
                "vpc_id": "vpc-0583ecc1d625e7492"
              }
            ]
          },
          "sensitive_attributes": [],
          "private": "eyJlMmJmYjczMC1lY2FhLTExZTYtOGY4OC0zNDM2M2JjN2M0YzAiOnsiY3JlYXRlIjoxODAwMDAwMDAwMDAwLCJkZWxldGUiOjkwMDAwMDAwMDAwMCwidXBkYXRlIjozNjAwMDAwMDAwMDAwfX0=",
          "dependencies": [
            "data.aws_availability_zones.available",
            "module.vpc.aws_subnet.private",
            "module.vpc.aws_vpc.this",
            "module.vpc.aws_vpc_ipv4_cidr_block_association.this",
            "aws_iam_role.elk",
            "aws_iam_role_policy_attachment.elk-AmazonEKSClusterPolicy",
            "aws_iam_role_policy_attachment.elk-AmazonEKSVPCResourceController"
          ]
        }
      ]
    },
    {
      "mode": "managed",
      "type": "aws_eks_fargate_profile",
      "name": "elk",
      "provider": "provider[\"registry.terraform.io/hashicorp/aws\"]",
      "instances": [
        {
          "schema_version": 0,
          "attributes": {
            "arn": "arn:aws:eks:ap-southeast-2:264100014405:fargateprofile/elk/elk_profile/c2bce5ab-9a24-6284-cff0-6f2f3a6524fc",
            "cluster_name": "elk",
            "fargate_profile_name": "elk_profile",
            "id": "elk:elk_profile",
            "pod_execution_role_arn": "arn:aws:iam::264100014405:role/eks-fargate-profile",
            "selector": [
              {
                "labels": {},
                "namespace": "cert-manager"
              },
              {
                "labels": {},
                "namespace": "default"
              },
              {
                "labels": {},
                "namespace": "kube-system"
              }
            ],
            "status": "ACTIVE",
            "subnet_ids": [
              "subnet-0216f78320c8825b0",
              "subnet-07e1a3013e032b93f"
            ],
            "tags": {
              "COMPONENT_NAME": "elk"
            },
            "tags_all": {
              "COMPONENT_NAME": "elk"
            },
            "timeouts": null
          },
          "sensitive_attributes": [],
          "private": "eyJlMmJmYjczMC1lY2FhLTExZTYtOGY4OC0zNDM2M2JjN2M0YzAiOnsiY3JlYXRlIjo2MDAwMDAwMDAwMDAsImRlbGV0ZSI6NjAwMDAwMDAwMDAwfX0=",
          "dependencies": [
            "aws_iam_role_policy_attachment.elk-AmazonEKSVPCResourceController",
            "data.aws_availability_zones.available",
            "module.vpc.aws_subnet.private",
            "aws_eks_cluster.elk",
            "aws_iam_role.fargate_profile",
            "aws_iam_role_policy_attachment.elk-AmazonEKSClusterPolicy",
            "aws_iam_role.elk",
            "module.vpc.aws_vpc.this",
            "module.vpc.aws_vpc_ipv4_cidr_block_association.this"
          ]
        }
      ]
    },
    {
      "mode": "managed",
      "type": "aws_iam_openid_connect_provider",
      "name": "elk",
      "provider": "provider[\"registry.terraform.io/hashicorp/aws\"]",
      "instances": [
        {
          "schema_version": 0,
          "attributes": {
            "arn": "arn:aws:iam::264100014405:oidc-provider/oidc.eks.ap-southeast-2.amazonaws.com/id/FA78CCB1F699525FABB3484210D880C7",
            "client_id_list": [
              "sts.amazonaws.com"
            ],
            "id": "arn:aws:iam::264100014405:oidc-provider/oidc.eks.ap-southeast-2.amazonaws.com/id/FA78CCB1F699525FABB3484210D880C7",
            "tags": {
              "COMPONENT_NAME": "elk"
            },
            "tags_all": {
              "COMPONENT_NAME": "elk"
            },
            "thumbprint_list": [
              "9e99a48a9960b14926bb7f3b02e22da2b0ab7280"
            ],
            "url": "oidc.eks.ap-southeast-2.amazonaws.com/id/FA78CCB1F699525FABB3484210D880C7"
          },
          "sensitive_attributes": [],
          "private": "bnVsbA==",
          "dependencies": [
            "aws_iam_role_policy_attachment.elk-AmazonEKSClusterPolicy",
            "aws_iam_role_policy_attachment.elk-AmazonEKSVPCResourceController",
            "data.tls_certificate.elk",
            "module.vpc.aws_subnet.private",
            "module.vpc.aws_vpc.this",
            "aws_eks_cluster.elk",
            "aws_iam_role.elk",
            "data.aws_availability_zones.available",
            "module.vpc.aws_vpc_ipv4_cidr_block_association.this"
          ]
        }
      ]
    },
    {
      "mode": "managed",
      "type": "aws_iam_policy",
      "name": "efs_csi_driverpolicy",
      "provider": "provider[\"registry.terraform.io/hashicorp/aws\"]",
      "instances": [
        {
          "schema_version": 0,
          "attributes": {
            "arn": "arn:aws:iam::264100014405:policy/elk_efs_csi_driverpolicy",
            "description": "AmazonEKS_EFS_CSI_Driver_Policy",
            "id": "arn:aws:iam::264100014405:policy/elk_efs_csi_driverpolicy",
            "name": "elk_efs_csi_driverpolicy",
            "name_prefix": null,
            "path": "/",
            "policy": "{\"Statement\":[{\"Action\":[\"elasticfilesystem:*\"],\"Effect\":\"Allow\",\"Resource\":\"*\"}],\"Version\":\"2012-10-17\"}",
            "policy_id": "ANPAT27MWNFCZMUOA7TT4",
            "tags": {
              "COMPONENT_NAME": "elk"
            },
            "tags_all": {
              "COMPONENT_NAME": "elk"
            }
          },
          "sensitive_attributes": [],
          "private": "bnVsbA=="
        }
      ]
    },
    {
      "mode": "managed",
      "type": "aws_iam_policy",
      "name": "policy",
      "provider": "provider[\"registry.terraform.io/hashicorp/aws\"]",
      "instances": [
        {
          "schema_version": 0,
          "attributes": {
            "arn": "arn:aws:iam::264100014405:policy/AWSLoadBalancerControllerIAMPolicy-elk",
            "description": "AWSLoadBalancerControllerIAMPolicy",
            "id": "arn:aws:iam::264100014405:policy/AWSLoadBalancerControllerIAMPolicy-elk",
            "name": "AWSLoadBalancerControllerIAMPolicy-elk",
            "name_prefix": null,
            "path": "/",
            "policy": "{\"Statement\":[{\"Action\":[\"log:*\",\"ec2:*\",\"iam:*\",\"elasticloadbalancing:*\",\"cognito-idp:*\",\"acm:*\",\"waf:*\",\"wafv2:*\",\"waf-regional:*\",\"shield:*\",\"tag:*\"],\"Effect\":\"Allow\",\"Resource\":\"*\"}],\"Version\":\"2012-10-17\"}",
            "policy_id": "ANPAT27MWNFCST5WOQTVH",
            "tags": {},
            "tags_all": {}
          },
          "sensitive_attributes": [],
          "private": "bnVsbA=="
        }
      ]
    },
    {
      "mode": "managed",
      "type": "aws_iam_role",
      "name": "elk",
      "provider": "provider[\"registry.terraform.io/hashicorp/aws\"]",
      "instances": [
        {
          "schema_version": 0,
          "attributes": {
            "arn": "arn:aws:iam::264100014405:role/eks-cluster-elk",
            "assume_role_policy": "{\"Version\":\"2012-10-17\",\"Statement\":[{\"Effect\":\"Allow\",\"Principal\":{\"Service\":\"eks.amazonaws.com\"},\"Action\":\"sts:AssumeRole\"}]}",
            "create_date": "2021-06-02T05:58:06Z",
            "description": "",
            "force_detach_policies": false,
            "id": "eks-cluster-elk",
            "inline_policy": [
              {
                "name": "",
                "policy": ""
              }
            ],
            "managed_policy_arns": [
              "arn:aws:iam::264100014405:policy/AWSLoadBalancerControllerIAMPolicy-elk",
              "arn:aws:iam::aws:policy/AmazonEKSClusterPolicy",
              "arn:aws:iam::aws:policy/AmazonEKSVPCResourceController"
            ],
            "max_session_duration": 3600,
            "name": "eks-cluster-elk",
            "name_prefix": null,
            "path": "/",
            "permissions_boundary": null,
            "tags": {
              "COMPONENT_NAME": "elk"
            },
            "tags_all": {
              "COMPONENT_NAME": "elk"
            },
            "unique_id": "AROAT27MWNFC2RIJN2HBK"
          },
          "sensitive_attributes": [],
          "private": "bnVsbA=="
        }
      ]
    },
    {
      "mode": "managed",
      "type": "aws_iam_role",
      "name": "elk_alb_sc",
      "provider": "provider[\"registry.terraform.io/hashicorp/aws\"]",
      "instances": [
        {
          "schema_version": 0,
          "attributes": {
            "arn": "arn:aws:iam::264100014405:role/eks-alb-sa-elk",
            "assume_role_policy": "{\"Version\":\"2012-10-17\",\"Statement\":[{\"Sid\":\"\",\"Effect\":\"Allow\",\"Principal\":{\"Federated\":\"arn:aws:iam::264100014405:oidc-provider/oidc.eks.ap-southeast-2.amazonaws.com/id/FA78CCB1F699525FABB3484210D880C7\"},\"Action\":\"sts:AssumeRoleWithWebIdentity\"}]}",
            "create_date": "2021-06-08T04:28:55Z",
            "description": "",
            "force_detach_policies": false,
            "id": "eks-alb-sa-elk",
            "inline_policy": [
              {
                "name": "elk_alb_sc_policy",
                "policy": "{\"Statement\":[{\"Action\":[\"log:*\",\"ec2:*\",\"iam:*\",\"elasticloadbalancing:*\",\"cognito-idp:*\",\"acm:*\",\"elasticfilesystem:*\",\"wafv2:*\",\"waf-regional:*\"],\"Effect\":\"Allow\",\"Resource\":\"*\"}],\"Version\":\"2012-10-17\"}"
              }
            ],
            "managed_policy_arns": [],
            "max_session_duration": 3600,
            "name": "eks-alb-sa-elk",
            "name_prefix": null,
            "path": "/",
            "permissions_boundary": null,
            "tags": {},
            "tags_all": {},
            "unique_id": "AROAT27MWNFCSU3I5677P"
          },
          "sensitive_attributes": [],
          "private": "bnVsbA==",
          "dependencies": [
            "aws_eks_cluster.elk",
            "aws_iam_role_policy_attachment.elk-AmazonEKSVPCResourceController",
            "data.aws_availability_zones.available",
            "data.aws_iam_policy_document.elk_alb_sa",
            "module.vpc.aws_vpc.this",
            "module.vpc.aws_vpc_ipv4_cidr_block_association.this",
            "aws_iam_openid_connect_provider.elk",
            "aws_iam_role.elk",
            "aws_iam_role_policy_attachment.elk-AmazonEKSClusterPolicy",
            "data.tls_certificate.elk",
            "module.vpc.aws_subnet.private"
          ]
        }
      ]
    },
    {
      "mode": "managed",
      "type": "aws_iam_role",
      "name": "fargate_profile",
      "provider": "provider[\"registry.terraform.io/hashicorp/aws\"]",
      "instances": [
        {
          "schema_version": 0,
          "attributes": {
            "arn": "arn:aws:iam::264100014405:role/eks-fargate-profile",
            "assume_role_policy": "{\"Version\":\"2012-10-17\",\"Statement\":[{\"Effect\":\"Allow\",\"Principal\":{\"Service\":\"eks-fargate-pods.amazonaws.com\"},\"Action\":\"sts:AssumeRole\"}]}",
            "create_date": "2021-06-02T05:58:06Z",
            "description": "",
            "force_detach_policies": false,
            "id": "eks-fargate-profile",
            "inline_policy": [
              {
                "name": "fargate_profile_policy",
                "policy": "{\"Statement\":[{\"Action\":[\"log:*\",\"ec2:*\",\"iam:*\",\"elasticloadbalancing:*\",\"cognito-idp:*\",\"acm:*\",\"elasticfilesystem:*\"],\"Effect\":\"Allow\",\"Resource\":\"*\"}],\"Version\":\"2012-10-17\"}"
              }
            ],
            "managed_policy_arns": [
              "arn:aws:iam::aws:policy/AmazonEKSFargatePodExecutionRolePolicy"
            ],
            "max_session_duration": 3600,
            "name": "eks-fargate-profile",
            "name_prefix": null,
            "path": "/",
            "permissions_boundary": null,
            "tags": {
              "COMPONENT_NAME": "elk"
            },
            "tags_all": {
              "COMPONENT_NAME": "elk"
            },
            "unique_id": "AROAT27MWNFC5D7W6LZD4"
          },
          "sensitive_attributes": [],
          "private": "bnVsbA=="
        }
      ]
    },
    {
      "mode": "managed",
      "type": "aws_iam_role_policy_attachment",
      "name": "AmazonEKSFargatePodExecutionRolePolicy",
      "provider": "provider[\"registry.terraform.io/hashicorp/aws\"]",
      "instances": [
        {
          "schema_version": 0,
          "attributes": {
            "id": "eks-fargate-profile-20210602055812283300000004",
            "policy_arn": "arn:aws:iam::aws:policy/AmazonEKSFargatePodExecutionRolePolicy",
            "role": "eks-fargate-profile"
          },
          "sensitive_attributes": [],
          "private": "bnVsbA==",
          "dependencies": [
            "aws_iam_role.fargate_profile"
          ]
        }
      ]
    },
    {
      "mode": "managed",
      "type": "aws_iam_role_policy_attachment",
      "name": "elk-AmazonEKSClusterPolicy",
      "provider": "provider[\"registry.terraform.io/hashicorp/aws\"]",
      "instances": [
        {
          "schema_version": 0,
          "attributes": {
            "id": "eks-cluster-elk-20210602055810426500000001",
            "policy_arn": "arn:aws:iam::aws:policy/AmazonEKSClusterPolicy",
            "role": "eks-cluster-elk"
          },
          "sensitive_attributes": [],
          "private": "bnVsbA==",
          "dependencies": [
            "aws_iam_role.elk"
          ]
        }
      ]
    },
    {
      "mode": "managed",
      "type": "aws_iam_role_policy_attachment",
      "name": "elk-AmazonEKSVPCResourceController",
      "provider": "provider[\"registry.terraform.io/hashicorp/aws\"]",
      "instances": [
        {
          "schema_version": 0,
          "attributes": {
            "id": "eks-cluster-elk-20210602055810433400000002",
            "policy_arn": "arn:aws:iam::aws:policy/AmazonEKSVPCResourceController",
            "role": "eks-cluster-elk"
          },
          "sensitive_attributes": [],
          "private": "bnVsbA==",
          "dependencies": [
            "aws_iam_role.elk"
          ]
        }
      ]
    },
    {
      "mode": "managed",
      "type": "aws_iam_role_policy_attachment",
      "name": "elk-tag-policy",
      "provider": "provider[\"registry.terraform.io/hashicorp/aws\"]",
      "instances": [
        {
          "schema_version": 0,
          "attributes": {
            "id": "eks-cluster-elk-20210602055810476500000003",
            "policy_arn": "arn:aws:iam::264100014405:policy/AWSLoadBalancerControllerIAMPolicy-elk",
            "role": "eks-cluster-elk"
          },
          "sensitive_attributes": [],
          "private": "bnVsbA==",
          "dependencies": [
            "aws_iam_policy.policy",
            "aws_iam_role.elk"
          ]
        }
      ]
    },
    {
      "mode": "managed",
      "type": "aws_security_group",
      "name": "all_worker_mgmt",
      "provider": "provider[\"registry.terraform.io/hashicorp/aws\"]",
      "instances": [
        {
          "schema_version": 1,
          "attributes": {
            "arn": "arn:aws:ec2:ap-southeast-2:264100014405:security-group/sg-0eac35fba3f7d6b0f",
            "description": "Managed by Terraform",
            "egress": [],
            "id": "sg-0eac35fba3f7d6b0f",
            "ingress": [
              {
                "cidr_blocks": [
                  "10.0.0.0/8",
                  "172.16.0.0/12",
                  "192.168.0.0/16"
                ],
                "description": "",
                "from_port": 22,
                "ipv6_cidr_blocks": [],
                "prefix_list_ids": [],
                "protocol": "tcp",
                "security_groups": [],
                "self": false,
                "to_port": 22
              }
            ],
            "name": "all_worker_management20210602055817755900000005",
            "name_prefix": "all_worker_management",
            "owner_id": "264100014405",
            "revoke_rules_on_delete": false,
            "tags": {},
            "tags_all": {},
            "timeouts": null,
            "vpc_id": "vpc-0583ecc1d625e7492"
          },
          "sensitive_attributes": [],
          "private": "eyJlMmJmYjczMC1lY2FhLTExZTYtOGY4OC0zNDM2M2JjN2M0YzAiOnsiY3JlYXRlIjo2MDAwMDAwMDAwMDAsImRlbGV0ZSI6OTAwMDAwMDAwMDAwfSwic2NoZW1hX3ZlcnNpb24iOiIxIn0=",
          "dependencies": [
            "module.vpc.aws_vpc.this"
          ]
        }
      ]
    },
    {
      "mode": "managed",
      "type": "aws_security_group",
      "name": "efs_sg",
      "provider": "provider[\"registry.terraform.io/hashicorp/aws\"]",
      "instances": [
        {
          "schema_version": 1,
          "attributes": {
            "arn": "arn:aws:ec2:ap-southeast-2:264100014405:security-group/sg-0dc60580ad70b07e9",
            "description": "security group with an inbound rule that allows inbound NFS traffic for your Amazon EFS mount points",
            "egress": [
              {
                "cidr_blocks": [
                  "0.0.0.0/0"
                ],
                "description": "",
                "from_port": 0,
                "ipv6_cidr_blocks": [
                  "::/0"
                ],
                "prefix_list_ids": [],
                "protocol": "-1",
                "security_groups": [],
                "self": false,
                "to_port": 0
              }
            ],
            "id": "sg-0dc60580ad70b07e9",
            "ingress": [
              {
                "cidr_blocks": [
                  "10.0.0.0/16"
                ],
                "description": "allows inbound NFS traffic from the CIDR for your cluster VPC",
                "from_port": 2049,
                "ipv6_cidr_blocks": [],
                "prefix_list_ids": [],
                "protocol": "tcp",
                "security_groups": [],
                "self": false,
                "to_port": 2049
              }
            ],
            "name": "elk_efs",
            "name_prefix": "",
            "owner_id": "264100014405",
            "revoke_rules_on_delete": false,
            "tags": {
              "COMPONENT_NAME": "elk"
            },
            "tags_all": {
              "COMPONENT_NAME": "elk"
            },
            "timeouts": null,
            "vpc_id": "vpc-0583ecc1d625e7492"
          },
          "sensitive_attributes": [],
          "private": "eyJlMmJmYjczMC1lY2FhLTExZTYtOGY4OC0zNDM2M2JjN2M0YzAiOnsiY3JlYXRlIjo2MDAwMDAwMDAwMDAsImRlbGV0ZSI6OTAwMDAwMDAwMDAwfSwic2NoZW1hX3ZlcnNpb24iOiIxIn0=",
          "dependencies": [
            "module.vpc.aws_vpc.this"
          ]
        }
      ]
    },
    {
      "mode": "managed",
      "type": "aws_security_group",
      "name": "worker_group_mgmt_one",
      "provider": "provider[\"registry.terraform.io/hashicorp/aws\"]",
      "instances": [
        {
          "schema_version": 1,
          "attributes": {
            "arn": "arn:aws:ec2:ap-southeast-2:264100014405:security-group/sg-000e7c491343b71c9",
            "description": "Managed by Terraform",
            "egress": [],
            "id": "sg-000e7c491343b71c9",
            "ingress": [
              {
                "cidr_blocks": [
                  "10.0.0.0/8"
                ],
                "description": "",
                "from_port": 22,
                "ipv6_cidr_blocks": [],
                "prefix_list_ids": [],
                "protocol": "tcp",
                "security_groups": [],
                "self": false,
                "to_port": 22
              }
            ],
            "name": "worker_group_mgmt_one20210602055818509700000007",
            "name_prefix": "worker_group_mgmt_one",
            "owner_id": "264100014405",
            "revoke_rules_on_delete": false,
            "tags": {},
            "tags_all": {},
            "timeouts": null,
            "vpc_id": "vpc-0583ecc1d625e7492"
          },
          "sensitive_attributes": [],
          "private": "eyJlMmJmYjczMC1lY2FhLTExZTYtOGY4OC0zNDM2M2JjN2M0YzAiOnsiY3JlYXRlIjo2MDAwMDAwMDAwMDAsImRlbGV0ZSI6OTAwMDAwMDAwMDAwfSwic2NoZW1hX3ZlcnNpb24iOiIxIn0=",
          "dependencies": [
            "module.vpc.aws_vpc.this"
          ]
        }
      ]
    },
    {
      "mode": "managed",
      "type": "aws_security_group",
      "name": "worker_group_mgmt_two",
      "provider": "provider[\"registry.terraform.io/hashicorp/aws\"]",
      "instances": [
        {
          "schema_version": 1,
          "attributes": {
            "arn": "arn:aws:ec2:ap-southeast-2:264100014405:security-group/sg-0465446d5cde54d42",
            "description": "Managed by Terraform",
            "egress": [],
            "id": "sg-0465446d5cde54d42",
            "ingress": [
              {
                "cidr_blocks": [
                  "192.168.0.0/16"
                ],
                "description": "",
                "from_port": 22,
                "ipv6_cidr_blocks": [],
                "prefix_list_ids": [],
                "protocol": "tcp",
                "security_groups": [],
                "self": false,
                "to_port": 22
              }
            ],
            "name": "worker_group_mgmt_two20210602055818323300000006",
            "name_prefix": "worker_group_mgmt_two",
            "owner_id": "264100014405",
            "revoke_rules_on_delete": false,
            "tags": {},
            "tags_all": {},
            "timeouts": null,
            "vpc_id": "vpc-0583ecc1d625e7492"
          },
          "sensitive_attributes": [],
          "private": "eyJlMmJmYjczMC1lY2FhLTExZTYtOGY4OC0zNDM2M2JjN2M0YzAiOnsiY3JlYXRlIjo2MDAwMDAwMDAwMDAsImRlbGV0ZSI6OTAwMDAwMDAwMDAwfSwic2NoZW1hX3ZlcnNpb24iOiIxIn0=",
          "dependencies": [
            "module.vpc.aws_vpc.this"
          ]
        }
      ]
    },
    {
      "mode": "managed",
      "type": "random_string",
      "name": "suffix",
      "provider": "provider[\"registry.terraform.io/hashicorp/random\"]",
      "instances": [
        {
          "schema_version": 1,
          "attributes": {
            "id": "x71884AF",
            "keepers": null,
            "length": 8,
            "lower": true,
            "min_lower": 0,
            "min_numeric": 0,
            "min_special": 0,
            "min_upper": 0,
            "number": true,
            "override_special": null,
            "result": "x71884AF",
            "special": false,
            "upper": true
          },
          "sensitive_attributes": [],
          "private": "eyJzY2hlbWFfdmVyc2lvbiI6IjEifQ=="
        }
      ]
    },
    {
      "module": "module.vpc",
      "mode": "managed",
      "type": "aws_eip",
      "name": "nat",
      "provider": "provider[\"registry.terraform.io/hashicorp/aws\"]",
      "instances": [
        {
          "index_key": 0,
          "schema_version": 0,
          "attributes": {
            "address": null,
            "allocation_id": null,
            "associate_with_private_ip": null,
            "association_id": "eipassoc-01627e1a1afdb47b0",
            "carrier_ip": "",
            "customer_owned_ip": "",
            "customer_owned_ipv4_pool": "",
            "domain": "vpc",
            "id": "eipalloc-0b23f3c8b18d0c367",
            "instance": "",
            "network_border_group": "ap-southeast-2",
            "network_interface": "eni-075ecd3b17cf97e94",
            "private_dns": "ip-10-0-4-211.ap-southeast-2.compute.internal",
            "private_ip": "10.0.4.211",
            "public_dns": "ec2-13-238-144-207.ap-southeast-2.compute.amazonaws.com",
            "public_ip": "13.238.144.207",
            "public_ipv4_pool": "amazon",
            "tags": {
              "COMPONENT_NAME": "elk",
              "Name": "elk-vpc-ap-southeast-2a",
              "kubernetes.io/cluster/elk": "shared"
            },
            "tags_all": {
              "COMPONENT_NAME": "elk",
              "Name": "elk-vpc-ap-southeast-2a",
              "kubernetes.io/cluster/elk": "shared"
            },
            "timeouts": null,
            "vpc": true
          },
          "sensitive_attributes": [],
          "private": "eyJlMmJmYjczMC1lY2FhLTExZTYtOGY4OC0zNDM2M2JjN2M0YzAiOnsiZGVsZXRlIjoxODAwMDAwMDAwMDAsInJlYWQiOjkwMDAwMDAwMDAwMCwidXBkYXRlIjozMDAwMDAwMDAwMDB9fQ==",
          "dependencies": [
            "data.aws_availability_zones.available"
          ]
        }
      ]
    },
    {
      "module": "module.vpc",
      "mode": "managed",
      "type": "aws_internet_gateway",
      "name": "this",
      "provider": "provider[\"registry.terraform.io/hashicorp/aws\"]",
      "instances": [
        {
          "index_key": 0,
          "schema_version": 0,
          "attributes": {
            "arn": "arn:aws:ec2:ap-southeast-2:264100014405:internet-gateway/igw-00f4dcb5a5247d13c",
            "id": "igw-00f4dcb5a5247d13c",
            "owner_id": "264100014405",
            "tags": {
              "COMPONENT_NAME": "elk",
              "Name": "elk-vpc",
              "kubernetes.io/cluster/elk": "shared"
            },
            "tags_all": {
              "COMPONENT_NAME": "elk",
              "Name": "elk-vpc",
              "kubernetes.io/cluster/elk": "shared"
            },
            "vpc_id": "vpc-0583ecc1d625e7492"
          },
          "sensitive_attributes": [],
          "private": "bnVsbA==",
          "dependencies": [
            "module.vpc.aws_vpc_ipv4_cidr_block_association.this",
            "module.vpc.aws_vpc.this"
          ]
        }
      ]
    },
    {
      "module": "module.vpc",
      "mode": "managed",
      "type": "aws_nat_gateway",
      "name": "this",
      "provider": "provider[\"registry.terraform.io/hashicorp/aws\"]",
      "instances": [
        {
          "index_key": 0,
          "schema_version": 0,
          "attributes": {
            "allocation_id": "eipalloc-0b23f3c8b18d0c367",
            "id": "nat-037ccea015052009e",
            "network_interface_id": "eni-075ecd3b17cf97e94",
            "private_ip": "10.0.4.211",
            "public_ip": "13.238.144.207",
            "subnet_id": "subnet-0a5d52b77279c213b",
            "tags": {
              "COMPONENT_NAME": "elk",
              "Name": "elk-vpc-ap-southeast-2a",
              "kubernetes.io/cluster/elk": "shared"
            },
            "tags_all": {
              "COMPONENT_NAME": "elk",
              "Name": "elk-vpc-ap-southeast-2a",
              "kubernetes.io/cluster/elk": "shared"
            }
          },
          "sensitive_attributes": [],
          "private": "bnVsbA==",
          "dependencies": [
            "module.vpc.aws_subnet.public",
            "module.vpc.aws_vpc.this",
            "module.vpc.aws_vpc_ipv4_cidr_block_association.this",
            "data.aws_availability_zones.available",
            "module.vpc.aws_eip.nat",
            "module.vpc.aws_internet_gateway.this"
          ]
        }
      ]
    },
    {
      "module": "module.vpc",
      "mode": "managed",
      "type": "aws_route",
      "name": "private_nat_gateway",
      "provider": "provider[\"registry.terraform.io/hashicorp/aws\"]",
      "instances": [
        {
          "index_key": 0,
          "schema_version": 0,
          "attributes": {
            "carrier_gateway_id": "",
            "destination_cidr_block": "0.0.0.0/0",
            "destination_ipv6_cidr_block": "",
            "destination_prefix_list_id": "",
            "egress_only_gateway_id": "",
            "gateway_id": "",
            "id": "r-rtb-0a59e042fee3f56201080289494",
            "instance_id": "",
            "instance_owner_id": "",
            "local_gateway_id": "",
            "nat_gateway_id": "nat-037ccea015052009e",
            "network_interface_id": "",
            "origin": "CreateRoute",
            "route_table_id": "rtb-0a59e042fee3f5620",
            "state": "active",
            "timeouts": {
              "create": "5m",
              "delete": null
            },
            "transit_gateway_id": "",
            "vpc_endpoint_id": "",
            "vpc_peering_connection_id": ""
          },
          "sensitive_attributes": [],
          "private": "eyJlMmJmYjczMC1lY2FhLTExZTYtOGY4OC0zNDM2M2JjN2M0YzAiOnsiY3JlYXRlIjozMDAwMDAwMDAwMDAsImRlbGV0ZSI6MzAwMDAwMDAwMDAwfX0=",
          "dependencies": [
            "module.vpc.aws_route_table.private",
            "module.vpc.aws_subnet.public",
            "module.vpc.aws_vpc.this",
            "module.vpc.aws_vpc_ipv4_cidr_block_association.this",
            "data.aws_availability_zones.available",
            "module.vpc.aws_eip.nat",
            "module.vpc.aws_internet_gateway.this",
            "module.vpc.aws_nat_gateway.this"
          ]
        }
      ]
    },
    {
      "module": "module.vpc",
      "mode": "managed",
      "type": "aws_route",
      "name": "public_internet_gateway",
      "provider": "provider[\"registry.terraform.io/hashicorp/aws\"]",
      "instances": [
        {
          "index_key": 0,
          "schema_version": 0,
          "attributes": {
            "carrier_gateway_id": "",
            "destination_cidr_block": "0.0.0.0/0",
            "destination_ipv6_cidr_block": "",
            "destination_prefix_list_id": "",
            "egress_only_gateway_id": "",
            "gateway_id": "igw-00f4dcb5a5247d13c",
            "id": "r-rtb-053f0835f793be9381080289494",
            "instance_id": "",
            "instance_owner_id": "",
            "local_gateway_id": "",
            "nat_gateway_id": "",
            "network_interface_id": "",
            "origin": "CreateRoute",
            "route_table_id": "rtb-053f0835f793be938",
            "state": "active",
            "timeouts": {
              "create": "5m",
              "delete": null
            },
            "transit_gateway_id": "",
            "vpc_endpoint_id": "",
            "vpc_peering_connection_id": ""
          },
          "sensitive_attributes": [],
          "private": "eyJlMmJmYjczMC1lY2FhLTExZTYtOGY4OC0zNDM2M2JjN2M0YzAiOnsiY3JlYXRlIjozMDAwMDAwMDAwMDAsImRlbGV0ZSI6MzAwMDAwMDAwMDAwfX0=",
          "dependencies": [
            "module.vpc.aws_internet_gateway.this",
            "module.vpc.aws_route_table.public",
            "module.vpc.aws_vpc.this",
            "module.vpc.aws_vpc_ipv4_cidr_block_association.this"
          ]
        }
      ]
    },
    {
      "module": "module.vpc",
      "mode": "managed",
      "type": "aws_route_table",
      "name": "private",
      "provider": "provider[\"registry.terraform.io/hashicorp/aws\"]",
      "instances": [
        {
          "index_key": 0,
          "schema_version": 0,
          "attributes": {
            "arn": "arn:aws:ec2:ap-southeast-2:264100014405:route-table/rtb-0a59e042fee3f5620",
            "id": "rtb-0a59e042fee3f5620",
            "owner_id": "264100014405",
            "propagating_vgws": [],
            "route": [
              {
                "carrier_gateway_id": "",
                "cidr_block": "0.0.0.0/0",
                "destination_prefix_list_id": "",
                "egress_only_gateway_id": "",
                "gateway_id": "",
                "instance_id": "",
                "ipv6_cidr_block": "",
                "local_gateway_id": "",
                "nat_gateway_id": "nat-037ccea015052009e",
                "network_interface_id": "",
                "transit_gateway_id": "",
                "vpc_endpoint_id": "",
                "vpc_peering_connection_id": ""
              }
            ],
            "tags": {
              "COMPONENT_NAME": "elk",
              "Name": "elk-vpc-private",
              "kubernetes.io/cluster/elk": "shared"
            },
            "tags_all": {
              "COMPONENT_NAME": "elk",
              "Name": "elk-vpc-private",
              "kubernetes.io/cluster/elk": "shared"
            },
            "vpc_id": "vpc-0583ecc1d625e7492"
          },
          "sensitive_attributes": [],
          "private": "bnVsbA==",
          "dependencies": [
            "data.aws_availability_zones.available",
            "module.vpc.aws_vpc.this",
            "module.vpc.aws_vpc_ipv4_cidr_block_association.this"
          ]
        }
      ]
    },
    {
      "module": "module.vpc",
      "mode": "managed",
      "type": "aws_route_table",
      "name": "public",
      "provider": "provider[\"registry.terraform.io/hashicorp/aws\"]",
      "instances": [
        {
          "index_key": 0,
          "schema_version": 0,
          "attributes": {
            "arn": "arn:aws:ec2:ap-southeast-2:264100014405:route-table/rtb-053f0835f793be938",
            "id": "rtb-053f0835f793be938",
            "owner_id": "264100014405",
            "propagating_vgws": [],
            "route": [
              {
                "carrier_gateway_id": "",
                "cidr_block": "0.0.0.0/0",
                "destination_prefix_list_id": "",
                "egress_only_gateway_id": "",
                "gateway_id": "igw-00f4dcb5a5247d13c",
                "instance_id": "",
                "ipv6_cidr_block": "",
                "local_gateway_id": "",
                "nat_gateway_id": "",
                "network_interface_id": "",
                "transit_gateway_id": "",
                "vpc_endpoint_id": "",
                "vpc_peering_connection_id": ""
              }
            ],
            "tags": {
              "COMPONENT_NAME": "elk",
              "Name": "elk-vpc-public",
              "kubernetes.io/cluster/elk": "shared"
            },
            "tags_all": {
              "COMPONENT_NAME": "elk",
              "Name": "elk-vpc-public",
              "kubernetes.io/cluster/elk": "shared"
            },
            "vpc_id": "vpc-0583ecc1d625e7492"
          },
          "sensitive_attributes": [],
          "private": "bnVsbA==",
          "dependencies": [
            "module.vpc.aws_vpc.this",
            "module.vpc.aws_vpc_ipv4_cidr_block_association.this"
          ]
        }
      ]
    },
    {
      "module": "module.vpc",
      "mode": "managed",
      "type": "aws_route_table_association",
      "name": "private",
      "provider": "provider[\"registry.terraform.io/hashicorp/aws\"]",
      "instances": [
        {
          "index_key": 0,
          "schema_version": 0,
          "attributes": {
            "gateway_id": null,
            "id": "rtbassoc-08d8eff3e1be6ee85",
            "route_table_id": "rtb-0a59e042fee3f5620",
            "subnet_id": "subnet-0216f78320c8825b0"
          },
          "sensitive_attributes": [],
          "private": "bnVsbA==",
          "dependencies": [
            "module.vpc.aws_route_table.private",
            "module.vpc.aws_subnet.private",
            "module.vpc.aws_vpc.this",
            "module.vpc.aws_vpc_ipv4_cidr_block_association.this",
            "data.aws_availability_zones.available"
          ]
        },
        {
          "index_key": 1,
          "schema_version": 0,
          "attributes": {
            "gateway_id": null,
            "id": "rtbassoc-0961fdd6830f40268",
            "route_table_id": "rtb-0a59e042fee3f5620",
            "subnet_id": "subnet-07e1a3013e032b93f"
          },
          "sensitive_attributes": [],
          "private": "bnVsbA==",
          "dependencies": [
            "data.aws_availability_zones.available",
            "module.vpc.aws_route_table.private",
            "module.vpc.aws_subnet.private",
            "module.vpc.aws_vpc.this",
            "module.vpc.aws_vpc_ipv4_cidr_block_association.this"
          ]
        },
        {
          "index_key": 2,
          "schema_version": 0,
          "attributes": {
            "gateway_id": null,
            "id": "rtbassoc-081b9d4cc3375105d",
            "route_table_id": "rtb-0a59e042fee3f5620",
            "subnet_id": "subnet-07e7524dc761d26a8"
          },
          "sensitive_attributes": [],
          "private": "bnVsbA==",
          "dependencies": [
            "module.vpc.aws_subnet.private",
            "module.vpc.aws_vpc.this",
            "module.vpc.aws_vpc_ipv4_cidr_block_association.this",
            "data.aws_availability_zones.available",
            "module.vpc.aws_route_table.private"
          ]
        }
      ]
    },
    {
      "module": "module.vpc",
      "mode": "managed",
      "type": "aws_route_table_association",
      "name": "public",
      "provider": "provider[\"registry.terraform.io/hashicorp/aws\"]",
      "instances": [
        {
          "index_key": 0,
          "schema_version": 0,
          "attributes": {
            "gateway_id": null,
            "id": "rtbassoc-08ad4e3cf45c2533d",
            "route_table_id": "rtb-053f0835f793be938",
            "subnet_id": "subnet-0a5d52b77279c213b"
          },
          "sensitive_attributes": [],
          "private": "bnVsbA==",
          "dependencies": [
            "module.vpc.aws_route_table.public",
            "module.vpc.aws_subnet.public",
            "module.vpc.aws_vpc.this",
            "module.vpc.aws_vpc_ipv4_cidr_block_association.this",
            "data.aws_availability_zones.available"
          ]
        },
        {
          "index_key": 1,
          "schema_version": 0,
          "attributes": {
            "gateway_id": null,
            "id": "rtbassoc-09931b3869030ea28",
            "route_table_id": "rtb-053f0835f793be938",
            "subnet_id": "subnet-0a449f943588a476f"
          },
          "sensitive_attributes": [],
          "private": "bnVsbA==",
          "dependencies": [
            "data.aws_availability_zones.available",
            "module.vpc.aws_route_table.public",
            "module.vpc.aws_subnet.public",
            "module.vpc.aws_vpc.this",
            "module.vpc.aws_vpc_ipv4_cidr_block_association.this"
          ]
        },
        {
          "index_key": 2,
          "schema_version": 0,
          "attributes": {
            "gateway_id": null,
            "id": "rtbassoc-08215eba748763bee",
            "route_table_id": "rtb-053f0835f793be938",
            "subnet_id": "subnet-0040f498bbc14a874"
          },
          "sensitive_attributes": [],
          "private": "bnVsbA==",
          "dependencies": [
            "module.vpc.aws_route_table.public",
            "module.vpc.aws_subnet.public",
            "module.vpc.aws_vpc.this",
            "module.vpc.aws_vpc_ipv4_cidr_block_association.this",
            "data.aws_availability_zones.available"
          ]
        }
      ]
    },
    {
      "module": "module.vpc",
      "mode": "managed",
      "type": "aws_subnet",
      "name": "private",
      "provider": "provider[\"registry.terraform.io/hashicorp/aws\"]",
      "instances": [
        {
          "index_key": 0,
          "schema_version": 1,
          "attributes": {
            "arn": "arn:aws:ec2:ap-southeast-2:264100014405:subnet/subnet-0216f78320c8825b0",
            "assign_ipv6_address_on_creation": false,
            "availability_zone": "ap-southeast-2a",
            "availability_zone_id": "apse2-az1",
            "cidr_block": "10.0.1.0/24",
            "customer_owned_ipv4_pool": "",
            "id": "subnet-0216f78320c8825b0",
            "ipv6_cidr_block": "",
            "ipv6_cidr_block_association_id": "",
            "map_customer_owned_ip_on_launch": false,
            "map_public_ip_on_launch": false,
            "outpost_arn": "",
            "owner_id": "264100014405",
            "tags": {
              "COMPONENT_NAME": "elk",
              "Name": "elk-vpc-private-ap-southeast-2a",
              "kubernetes.io/cluster/elk": "shared",
              "kubernetes.io/role/internal-elb": "1"
            },
            "tags_all": {
              "COMPONENT_NAME": "elk",
              "Name": "elk-vpc-private-ap-southeast-2a",
              "kubernetes.io/cluster/elk": "shared",
              "kubernetes.io/role/internal-elb": "1"
            },
            "timeouts": null,
            "vpc_id": "vpc-0583ecc1d625e7492"
          },
          "sensitive_attributes": [],
          "private": "eyJlMmJmYjczMC1lY2FhLTExZTYtOGY4OC0zNDM2M2JjN2M0YzAiOnsiY3JlYXRlIjo2MDAwMDAwMDAwMDAsImRlbGV0ZSI6MTIwMDAwMDAwMDAwMH0sInNjaGVtYV92ZXJzaW9uIjoiMSJ9",
          "dependencies": [
            "data.aws_availability_zones.available",
            "module.vpc.aws_vpc.this",
            "module.vpc.aws_vpc_ipv4_cidr_block_association.this"
          ]
        },
        {
          "index_key": 1,
          "schema_version": 1,
          "attributes": {
            "arn": "arn:aws:ec2:ap-southeast-2:264100014405:subnet/subnet-07e1a3013e032b93f",
            "assign_ipv6_address_on_creation": false,
            "availability_zone": "ap-southeast-2b",
            "availability_zone_id": "apse2-az3",
            "cidr_block": "10.0.2.0/24",
            "customer_owned_ipv4_pool": "",
            "id": "subnet-07e1a3013e032b93f",
            "ipv6_cidr_block": "",
            "ipv6_cidr_block_association_id": "",
            "map_customer_owned_ip_on_launch": false,
            "map_public_ip_on_launch": false,
            "outpost_arn": "",
            "owner_id": "264100014405",
            "tags": {
              "COMPONENT_NAME": "elk",
              "Name": "elk-vpc-private-ap-southeast-2b",
              "kubernetes.io/cluster/elk": "shared",
              "kubernetes.io/role/internal-elb": "1"
            },
            "tags_all": {
              "COMPONENT_NAME": "elk",
              "Name": "elk-vpc-private-ap-southeast-2b",
              "kubernetes.io/cluster/elk": "shared",
              "kubernetes.io/role/internal-elb": "1"
            },
            "timeouts": null,
            "vpc_id": "vpc-0583ecc1d625e7492"
          },
          "sensitive_attributes": [],
          "private": "eyJlMmJmYjczMC1lY2FhLTExZTYtOGY4OC0zNDM2M2JjN2M0YzAiOnsiY3JlYXRlIjo2MDAwMDAwMDAwMDAsImRlbGV0ZSI6MTIwMDAwMDAwMDAwMH0sInNjaGVtYV92ZXJzaW9uIjoiMSJ9",
          "dependencies": [
            "data.aws_availability_zones.available",
            "module.vpc.aws_vpc.this",
            "module.vpc.aws_vpc_ipv4_cidr_block_association.this"
          ]
        },
        {
          "index_key": 2,
          "schema_version": 1,
          "attributes": {
            "arn": "arn:aws:ec2:ap-southeast-2:264100014405:subnet/subnet-07e7524dc761d26a8",
            "assign_ipv6_address_on_creation": false,
            "availability_zone": "ap-southeast-2c",
            "availability_zone_id": "apse2-az2",
            "cidr_block": "10.0.3.0/24",
            "customer_owned_ipv4_pool": "",
            "id": "subnet-07e7524dc761d26a8",
            "ipv6_cidr_block": "",
            "ipv6_cidr_block_association_id": "",
            "map_customer_owned_ip_on_launch": false,
            "map_public_ip_on_launch": false,
            "outpost_arn": "",
            "owner_id": "264100014405",
            "tags": {
              "COMPONENT_NAME": "elk",
              "Name": "elk-vpc-private-ap-southeast-2c",
              "kubernetes.io/cluster/elk": "shared",
              "kubernetes.io/role/internal-elb": "1"
            },
            "tags_all": {
              "COMPONENT_NAME": "elk",
              "Name": "elk-vpc-private-ap-southeast-2c",
              "kubernetes.io/cluster/elk": "shared",
              "kubernetes.io/role/internal-elb": "1"
            },
            "timeouts": null,
            "vpc_id": "vpc-0583ecc1d625e7492"
          },
          "sensitive_attributes": [],
          "private": "eyJlMmJmYjczMC1lY2FhLTExZTYtOGY4OC0zNDM2M2JjN2M0YzAiOnsiY3JlYXRlIjo2MDAwMDAwMDAwMDAsImRlbGV0ZSI6MTIwMDAwMDAwMDAwMH0sInNjaGVtYV92ZXJzaW9uIjoiMSJ9",
          "dependencies": [
            "module.vpc.aws_vpc_ipv4_cidr_block_association.this",
            "data.aws_availability_zones.available",
            "module.vpc.aws_vpc.this"
          ]
        }
      ]
    },
    {
      "module": "module.vpc",
      "mode": "managed",
      "type": "aws_subnet",
      "name": "public",
      "provider": "provider[\"registry.terraform.io/hashicorp/aws\"]",
      "instances": [
        {
          "index_key": 0,
          "schema_version": 1,
          "attributes": {
            "arn": "arn:aws:ec2:ap-southeast-2:264100014405:subnet/subnet-0a5d52b77279c213b",
            "assign_ipv6_address_on_creation": false,
            "availability_zone": "ap-southeast-2a",
            "availability_zone_id": "apse2-az1",
            "cidr_block": "10.0.4.0/24",
            "customer_owned_ipv4_pool": "",
            "id": "subnet-0a5d52b77279c213b",
            "ipv6_cidr_block": "",
            "ipv6_cidr_block_association_id": "",
            "map_customer_owned_ip_on_launch": false,
            "map_public_ip_on_launch": true,
            "outpost_arn": "",
            "owner_id": "264100014405",
            "tags": {
              "COMPONENT_NAME": "elk",
              "Name": "elk-vpc-public-ap-southeast-2a",
              "kubernetes.io/cluster/elk": "shared",
              "kubernetes.io/role/elb": "1"
            },
            "tags_all": {
              "COMPONENT_NAME": "elk",
              "Name": "elk-vpc-public-ap-southeast-2a",
              "kubernetes.io/cluster/elk": "shared",
              "kubernetes.io/role/elb": "1"
            },
            "timeouts": null,
            "vpc_id": "vpc-0583ecc1d625e7492"
          },
          "sensitive_attributes": [],
          "private": "eyJlMmJmYjczMC1lY2FhLTExZTYtOGY4OC0zNDM2M2JjN2M0YzAiOnsiY3JlYXRlIjo2MDAwMDAwMDAwMDAsImRlbGV0ZSI6MTIwMDAwMDAwMDAwMH0sInNjaGVtYV92ZXJzaW9uIjoiMSJ9",
          "dependencies": [
            "module.vpc.aws_vpc_ipv4_cidr_block_association.this",
            "data.aws_availability_zones.available",
            "module.vpc.aws_vpc.this"
          ]
        },
        {
          "index_key": 1,
          "schema_version": 1,
          "attributes": {
            "arn": "arn:aws:ec2:ap-southeast-2:264100014405:subnet/subnet-0a449f943588a476f",
            "assign_ipv6_address_on_creation": false,
            "availability_zone": "ap-southeast-2b",
            "availability_zone_id": "apse2-az3",
            "cidr_block": "10.0.5.0/24",
            "customer_owned_ipv4_pool": "",
            "id": "subnet-0a449f943588a476f",
            "ipv6_cidr_block": "",
            "ipv6_cidr_block_association_id": "",
            "map_customer_owned_ip_on_launch": false,
            "map_public_ip_on_launch": true,
            "outpost_arn": "",
            "owner_id": "264100014405",
            "tags": {
              "COMPONENT_NAME": "elk",
              "Name": "elk-vpc-public-ap-southeast-2b",
              "kubernetes.io/cluster/elk": "shared",
              "kubernetes.io/role/elb": "1"
            },
            "tags_all": {
              "COMPONENT_NAME": "elk",
              "Name": "elk-vpc-public-ap-southeast-2b",
              "kubernetes.io/cluster/elk": "shared",
              "kubernetes.io/role/elb": "1"
            },
            "timeouts": null,
            "vpc_id": "vpc-0583ecc1d625e7492"
          },
          "sensitive_attributes": [],
          "private": "eyJlMmJmYjczMC1lY2FhLTExZTYtOGY4OC0zNDM2M2JjN2M0YzAiOnsiY3JlYXRlIjo2MDAwMDAwMDAwMDAsImRlbGV0ZSI6MTIwMDAwMDAwMDAwMH0sInNjaGVtYV92ZXJzaW9uIjoiMSJ9",
          "dependencies": [
            "data.aws_availability_zones.available",
            "module.vpc.aws_vpc.this",
            "module.vpc.aws_vpc_ipv4_cidr_block_association.this"
          ]
        },
        {
          "index_key": 2,
          "schema_version": 1,
          "attributes": {
            "arn": "arn:aws:ec2:ap-southeast-2:264100014405:subnet/subnet-0040f498bbc14a874",
            "assign_ipv6_address_on_creation": false,
            "availability_zone": "ap-southeast-2c",
            "availability_zone_id": "apse2-az2",
            "cidr_block": "10.0.6.0/24",
            "customer_owned_ipv4_pool": "",
            "id": "subnet-0040f498bbc14a874",
            "ipv6_cidr_block": "",
            "ipv6_cidr_block_association_id": "",
            "map_customer_owned_ip_on_launch": false,
            "map_public_ip_on_launch": true,
            "outpost_arn": "",
            "owner_id": "264100014405",
            "tags": {
              "COMPONENT_NAME": "elk",
              "Name": "elk-vpc-public-ap-southeast-2c",
              "kubernetes.io/cluster/elk": "shared",
              "kubernetes.io/role/elb": "1"
            },
            "tags_all": {
              "COMPONENT_NAME": "elk",
              "Name": "elk-vpc-public-ap-southeast-2c",
              "kubernetes.io/cluster/elk": "shared",
              "kubernetes.io/role/elb": "1"
            },
            "timeouts": null,
            "vpc_id": "vpc-0583ecc1d625e7492"
          },
          "sensitive_attributes": [],
          "private": "eyJlMmJmYjczMC1lY2FhLTExZTYtOGY4OC0zNDM2M2JjN2M0YzAiOnsiY3JlYXRlIjo2MDAwMDAwMDAwMDAsImRlbGV0ZSI6MTIwMDAwMDAwMDAwMH0sInNjaGVtYV92ZXJzaW9uIjoiMSJ9",
          "dependencies": [
            "data.aws_availability_zones.available",
            "module.vpc.aws_vpc.this",
            "module.vpc.aws_vpc_ipv4_cidr_block_association.this"
          ]
        }
      ]
    },
    {
      "module": "module.vpc",
      "mode": "managed",
      "type": "aws_vpc",
      "name": "this",
      "provider": "provider[\"registry.terraform.io/hashicorp/aws\"]",
      "instances": [
        {
          "index_key": 0,
          "schema_version": 1,
          "attributes": {
            "arn": "arn:aws:ec2:ap-southeast-2:264100014405:vpc/vpc-0583ecc1d625e7492",
            "assign_generated_ipv6_cidr_block": false,
            "cidr_block": "10.0.0.0/16",
            "default_network_acl_id": "acl-00d971ace1a530393",
            "default_route_table_id": "rtb-05cde2296cf908f4c",
            "default_security_group_id": "sg-06a9e78445164f808",
            "dhcp_options_id": "dopt-9b3e11fc",
            "enable_classiclink": false,
            "enable_classiclink_dns_support": false,
            "enable_dns_hostnames": true,
            "enable_dns_support": true,
            "id": "vpc-0583ecc1d625e7492",
            "instance_tenancy": "default",
            "ipv6_association_id": "",
            "ipv6_cidr_block": "",
            "main_route_table_id": "rtb-05cde2296cf908f4c",
            "owner_id": "264100014405",
            "tags": {
              "COMPONENT_NAME": "elk",
              "Name": "elk-vpc",
              "kubernetes.io/cluster/elk": "shared"
            },
            "tags_all": {
              "COMPONENT_NAME": "elk",
              "Name": "elk-vpc",
              "kubernetes.io/cluster/elk": "shared"
            }
          },
          "sensitive_attributes": [],
          "private": "eyJzY2hlbWFfdmVyc2lvbiI6IjEifQ=="
        }
      ]
    }
  ]
}
