{
  "version": 4,
  "terraform_version": "0.15.3",
  "serial": 382,
  "lineage": "7df9f09b-a75c-4aa6-4def-b945c6c2d6ab",
  "outputs": {},
  "resources": [
    {
      "mode": "managed",
      "type": "aws_iam_policy",
      "name": "efs_csi_driverpolicy",
      "provider": "provider[\"registry.terraform.io/hashicorp/aws\"]",
      "instances": [
        {
          "schema_version": 0,
          "attributes": {
            "arn": "arn:aws:iam::264100014405:policy/elk_efs_csi_driverpolicy",
            "description": "AmazonEKS_EFS_CSI_Driver_Policy",
            "id": "arn:aws:iam::264100014405:policy/elk_efs_csi_driverpolicy",
            "name": "elk_efs_csi_driverpolicy",
            "name_prefix": null,
            "path": "/",
            "policy": "{\"Statement\":[{\"Action\":[\"elasticfilesystem:*\"],\"Effect\":\"Allow\",\"Resource\":\"*\"}],\"Version\":\"2012-10-17\"}",
            "policy_id": "ANPAT27MWNFCZMUOA7TT4",
            "tags": {
              "COMPONENT_NAME": "elk"
            },
            "tags_all": {
              "COMPONENT_NAME": "elk"
            }
          },
          "sensitive_attributes": [],
          "private": "bnVsbA=="
        }
      ]
    }
  ]
}
